{
  "pins" : [
    {
      "identity" : "amplitude-ios",
      "kind" : "remoteSourceControl",
      "location" : "https://github.com/amplitude/Amplitude-iOS",
      "state" : {
        "revision" : "06afbb8b9b8da89fa1e7fc58c6342400b77a9ca1",
        "version" : "8.10.2"
      }
    },
    {
      "identity" : "analytics-connector-ios",
      "kind" : "remoteSourceControl",
      "location" : "https://github.com/amplitude/analytics-connector-ios.git",
      "state" : {
        "revision" : "b44981119e2efc0edd1d2e26831c3c4c0e0264e6",
        "version" : "1.0.0"
      }
    }
  ],
  "version" : 2
}
