<?xml version="1.0" encoding="UTF-8"?>
<Scheme
   LastUpgradeVersion = "1240"
   wasCreatedForAppExtension = "YES"
   version = "2.0">
   <BuildAction
      parallelizeBuildables = "NO"
      buildImplicitDependencies = "NO">
      <BuildActionEntries>
         <BuildActionEntry
            buildForTesting = "YES"
            buildForRunning = "YES"
            buildForProfiling = "YES"
            buildForArchiving = "YES"
            buildForAnalyzing = "YES">
            <BuildableReference
               BuildableIdentifier = "primary"
               BlueprintIdentifier = "19FF46011B8B4CF400B43179"
               BuildableName = "CocoaLumberjack.framework"
               BlueprintName = "CocoaLumberjack"
               ReferencedContainer = "container:../CocoaLumberjack/Lumberjack.xcodeproj">
            </BuildableReference>
         </BuildActionEntry>
         <BuildActionEntry
            buildForTesting = "YES"
            buildForRunning = "YES"
            buildForProfiling = "YES"
            buildForArchiving = "YES"
            buildForAnalyzing = "YES">
            <BuildableReference
               BuildableIdentifier = "primary"
               BlueprintIdentifier = "19FF460E1B8B4D1400B43179"
               BuildableName = "CocoaLumberjackSwift.framework"
               BlueprintName = "CocoaLumberjackSwift"
               ReferencedContainer = "container:../CocoaLumberjack/Lumberjack.xcodeproj">
            </BuildableReference>
         </BuildActionEntry>
         <BuildActionEntry
            buildForTesting = "YES"
            buildForRunning = "YES"
            buildForProfiling = "YES"
            buildForArchiving = "YES"
            buildForAnalyzing = "YES">
            <BuildableReference
               BuildableIdentifier = "primary"
               BlueprintIdentifier = "B7911EB321F7358500D7F66F"
               BuildableName = "pEpIOSToolbox.framework"
               BlueprintName = "pEpIOSToolbox"
               ReferencedContainer = "container:SubProjects/pEpIOSToolbox/pEpIOSToolbox.xcodeproj">
            </BuildableReference>
         </BuildActionEntry>
         <BuildActionEntry
            buildForTesting = "YES"
            buildForRunning = "YES"
            buildForProfiling = "YES"
            buildForArchiving = "YES"
            buildForAnalyzing = "YES">
            <BuildableReference
               BuildableIdentifier = "primary"
               BlueprintIdentifier = "434C199625D3D82500F622DB"
               BuildableName = "PEPIOSToolboxForAppExtensions.framework"
               BlueprintName = "PEPIOSToolboxForAppExtensions"
               ReferencedContainer = "container:SubProjects/pEpIOSToolbox/pEpIOSToolbox.xcodeproj">
            </BuildableReference>
         </BuildActionEntry>
         <BuildActionEntry
            buildForTesting = "YES"
            buildForRunning = "YES"
            buildForProfiling = "YES"
            buildForArchiving = "YES"
            buildForAnalyzing = "YES">
            <BuildableReference
               BuildableIdentifier = "primary"
               BlueprintIdentifier = "4329CA572238FCBF007D377E"
               BuildableName = "PantomimeFramework.framework"
               BlueprintName = "PantomimeFramework"
               ReferencedContainer = "container:../Pantomime/PantomimeFramework/PantomimeFramework.xcodeproj">
            </BuildableReference>
         </BuildActionEntry>
         <BuildActionEntry
            buildForTesting = "YES"
            buildForRunning = "YES"
            buildForProfiling = "YES"
            buildForArchiving = "YES"
            buildForAnalyzing = "YES">
            <BuildableReference
               BuildableIdentifier = "primary"
               BlueprintIdentifier = "3AE6870024FFA5ED00B416ED"
               BuildableName = "pEp4iosIntern.framework"
               BlueprintName = "pEp4iosIntern"
               ReferencedContainer = "container:../pep_for_ios_intern/pEp4iosIntern/pEp4iosIntern.xcodeproj">
            </BuildableReference>
         </BuildActionEntry>
         <BuildActionEntry
            buildForTesting = "YES"
            buildForRunning = "YES"
            buildForProfiling = "YES"
            buildForArchiving = "YES"
            buildForAnalyzing = "YES">
            <BuildableReference
               BuildableIdentifier = "primary"
               BlueprintIdentifier = "64796A3E1B455AA5004B1C24"
               BuildableName = "libpEpEngine.a"
               BlueprintName = "pEpEngine"
               ReferencedContainer = "container:../pEpEngine/build-mac/pEpEngine.xcodeproj">
            </BuildableReference>
         </BuildActionEntry>
         <BuildActionEntry
            buildForTesting = "YES"
            buildForRunning = "YES"
            buildForProfiling = "YES"
            buildForArchiving = "YES"
            buildForAnalyzing = "YES">
            <BuildableReference
               BuildableIdentifier = "primary"
               BlueprintIdentifier = "151606FC257A401000DD42E0"
               BuildableName = "libPEPObjCAdapterTypes_iOS.a"
               BlueprintName = "PEPObjCAdapterTypes_iOS"
               ReferencedContainer = "container:../pEpObjCAdapter/pEpObjCAdapter.xcodeproj">
            </BuildableReference>
         </BuildActionEntry>
         <BuildActionEntry
            buildForTesting = "YES"
            buildForRunning = "YES"
            buildForProfiling = "YES"
            buildForArchiving = "YES"
            buildForAnalyzing = "YES">
            <BuildableReference
               BuildableIdentifier = "primary"
               BlueprintIdentifier = "1543DC65257943CE0041EFB5"
               BuildableName = "libPEPObjCAdapter_iOS.a"
               BlueprintName = "PEPObjCAdapter_iOS"
               ReferencedContainer = "container:../pEpObjCAdapter/pEpObjCAdapter.xcodeproj">
            </BuildableReference>
         </BuildActionEntry>
         <BuildActionEntry
            buildForTesting = "YES"
            buildForRunning = "YES"
            buildForProfiling = "YES"
            buildForArchiving = "YES"
            buildForAnalyzing = "YES">
            <BuildableReference
               BuildableIdentifier = "primary"
               BlueprintIdentifier = "343AAA531E83463400F9D36E"
               BuildableName = "AppAuth.framework"
               BlueprintName = "AppAuth_iOS"
               ReferencedContainer = "container:../AppAuth-iOS/AppAuth.xcodeproj">
            </BuildableReference>
         </BuildActionEntry>
         <BuildActionEntry
            buildForTesting = "YES"
            buildForRunning = "YES"
            buildForProfiling = "YES"
            buildForArchiving = "YES"
            buildForAnalyzing = "YES">
            <BuildableReference
               BuildableIdentifier = "primary"
               BlueprintIdentifier = "434A6CE125D2BF1B00179335"
               BuildableName = "MessageModelForAppExtensions.framework"
               BlueprintName = "MessageModelForAppExtensions"
               ReferencedContainer = "container:SubProjects/MessageModel/MessageModel/MessageModel.xcodeproj">
            </BuildableReference>
         </BuildActionEntry>
         <BuildActionEntry
            buildForTesting = "YES"
            buildForRunning = "YES"
            buildForProfiling = "YES"
            buildForArchiving = "YES"
            buildForAnalyzing = "YES">
            <BuildableReference
               BuildableIdentifier = "primary"
               BlueprintIdentifier = "3F234AC21E44A7A400E22A38"
               BuildableName = "SwipeCellKit.framework"
               BlueprintName = "SwipeCellKit"
               ReferencedContainer = "container:../SwipeCellKit/SwipeCellKit.xcodeproj">
            </BuildableReference>
         </BuildActionEntry>
         <BuildActionEntry
            buildForTesting = "YES"
            buildForRunning = "YES"
            buildForProfiling = "YES"
            buildForArchiving = "YES"
            buildForAnalyzing = "YES">
            <BuildableReference
               BuildableIdentifier = "primary"
               BlueprintIdentifier = "3A503A9B253737B20070AB6A"
               BuildableName = "pEp-share.appex"
               BlueprintName = "pEp-share"
               ReferencedContainer = "container:pEpForiOS.xcodeproj">
            </BuildableReference>
         </BuildActionEntry>
         <BuildActionEntry
            buildForTesting = "YES"
            buildForRunning = "YES"
            buildForProfiling = "YES"
            buildForArchiving = "YES"
            buildForAnalyzing = "YES">
            <BuildableReference
               BuildableIdentifier = "primary"
               BlueprintIdentifier = "43CB60811DA4EB4E0015281E"
               BuildableName = "MessageModel.framework"
               BlueprintName = "MessageModel"
               ReferencedContainer = "container:SubProjects/MessageModel/MessageModel/MessageModel.xcodeproj">
            </BuildableReference>
         </BuildActionEntry>
         <BuildActionEntry
            buildForTesting = "YES"
            buildForRunning = "YES"
            buildForProfiling = "YES"
            buildForArchiving = "YES"
            buildForAnalyzing = "YES">
            <BuildableReference
               BuildableIdentifier = "primary"
               BlueprintIdentifier = "43FBB7621FC6D9630057A3BD"
               BuildableName = "ldns_xcode.framework"
               BlueprintName = "ldns-xcode"
               ReferencedContainer = "container:../ldns/xcode/ldns-xcode/ldns-xcode.xcodeproj">
            </BuildableReference>
         </BuildActionEntry>
         <BuildActionEntry
            buildForTesting = "YES"
            buildForRunning = "YES"
            buildForProfiling = "YES"
            buildForArchiving = "YES"
            buildForAnalyzing = "YES">
            <BuildableReference
               BuildableIdentifier = "primary"
               BlueprintIdentifier = "B7E0502C1EB2491E006EC1EC"
               BuildableName = "libAccountSettingsAdapter.a"
               BlueprintName = "AccountSettingsAdapter"
               ReferencedContainer = "container:../libAccountSettings/xcode/AccountSettingsAdapter/AccountSettingsAdapter.xcodeproj">
            </BuildableReference>
         </BuildActionEntry>
         <BuildActionEntry
            buildForTesting = "YES"
            buildForRunning = "YES"
            buildForProfiling = "YES"
            buildForArchiving = "YES"
            buildForAnalyzing = "YES">
            <BuildableReference
               BuildableIdentifier = "primary"
               BlueprintIdentifier = "43980E221CBD0BC900A7FC3C"
               BuildableName = "pEp.app"
               BlueprintName = "pEp"
               ReferencedContainer = "container:pEpForiOS.xcodeproj">
            </BuildableReference>
         </BuildActionEntry>
      </BuildActionEntries>
   </BuildAction>
   <TestAction
      buildConfiguration = "Debug"
      selectedDebuggerIdentifier = "Xcode.DebuggerFoundation.Debugger.LLDB"
      selectedLauncherIdentifier = "Xcode.DebuggerFoundation.Launcher.LLDB"
      shouldUseLaunchSchemeArgsEnv = "YES">
      <Testables>
      </Testables>
   </TestAction>
   <LaunchAction
      buildConfiguration = "Debug"
      selectedDebuggerIdentifier = ""
      selectedLauncherIdentifier = "Xcode.IDEFoundation.Launcher.PosixSpawn"
      launchStyle = "0"
      askForAppToLaunch = "Yes"
      useCustomWorkingDirectory = "NO"
      ignoresPersistentStateOnLaunch = "NO"
      debugDocumentVersioning = "YES"
      debugServiceExtension = "internal"
      allowLocationSimulation = "YES"
      launchAutomaticallySubstyle = "2">
      <RemoteRunnable
         runnableDebuggingMode = "1"
         BundleIdentifier = "com.apple.mobileslideshow"
         RemotePath = "/Applications/Xcode.app/Contents/Developer/Platforms/iPhoneOS.platform/Library/Developer/CoreSimulator/Profiles/Runtimes/iOS.simruntime/Contents/Resources/RuntimeRoot/Applications/MobileSlideShow.app">
      </RemoteRunnable>
      <MacroExpansion>
         <BuildableReference
            BuildableIdentifier = "primary"
            BlueprintIdentifier = "43980E221CBD0BC900A7FC3C"
            BuildableName = "pEp.app"
            BlueprintName = "pEp"
            ReferencedContainer = "container:pEpForiOS.xcodeproj">
         </BuildableReference>
      </MacroExpansion>
   </LaunchAction>
   <ProfileAction
      buildConfiguration = "Release"
      shouldUseLaunchSchemeArgsEnv = "YES"
      savedToolIdentifier = ""
      useCustomWorkingDirectory = "NO"
      debugDocumentVersioning = "YES"
      launchAutomaticallySubstyle = "2">
      <BuildableProductRunnable
         runnableDebuggingMode = "0">
         <BuildableReference
            BuildableIdentifier = "primary"
            BlueprintIdentifier = "43980E221CBD0BC900A7FC3C"
            BuildableName = "pEp.app"
            BlueprintName = "pEp"
            ReferencedContainer = "container:pEpForiOS.xcodeproj">
         </BuildableReference>
      </BuildableProductRunnable>
   </ProfileAction>
   <AnalyzeAction
      buildConfiguration = "Debug">
   </AnalyzeAction>
   <ArchiveAction
      buildConfiguration = "Release"
      revealArchiveInOrganizer = "YES">
   </ArchiveAction>
</Scheme>
