<?xml version="1.0" encoding="UTF-8"?>
<Scheme
   LastUpgradeVersion = "1110"
   version = "1.3">
   <BuildAction
      parallelizeBuildables = "NO"
      buildImplicitDependencies = "NO">
      <BuildActionEntries>
         <BuildActionEntry
            buildForTesting = "YES"
            buildForRunning = "YES"
            buildForProfiling = "YES"
            buildForArchiving = "YES"
            buildForAnalyzing = "YES">
            <BuildableReference
               BuildableIdentifier = "primary"
               BlueprintIdentifier = "19FF460E1B8B4D1400B43179"
               BuildableName = "CocoaLumberjackSwift.framework"
               BlueprintName = "CocoaLumberjackSwift"
               ReferencedContainer = "container:../CocoaLumberjack/Lumberjack.xcodeproj">
            </BuildableReference>
         </BuildActionEntry>
         <BuildActionEntry
            buildForTesting = "YES"
            buildForRunning = "YES"
            buildForProfiling = "YES"
            buildForArchiving = "YES"
            buildForAnalyzing = "YES">
            <BuildableReference
               BuildableIdentifier = "primary"
               BlueprintIdentifier = "19FF46011B8B4CF400B43179"
               BuildableName = "CocoaLumberjack.framework"
               BlueprintName = "CocoaLumberjack"
               ReferencedContainer = "container:../CocoaLumberjack/Lumberjack.xcodeproj">
            </BuildableReference>
         </BuildActionEntry>
         <BuildActionEntry
            buildForTesting = "YES"
            buildForRunning = "YES"
            buildForProfiling = "YES"
            buildForArchiving = "YES"
            buildForAnalyzing = "YES">
            <BuildableReference
               BuildableIdentifier = "primary"
               BlueprintIdentifier = "343AAA531E83463400F9D36E"
               BuildableName = "AppAuth.framework"
               BlueprintName = "AppAuth_iOS"
               ReferencedContainer = "container:../AppAuth-iOS/AppAuth.xcodeproj">
            </BuildableReference>
         </BuildActionEntry>
         <BuildActionEntry
            buildForTesting = "YES"
            buildForRunning = "YES"
            buildForProfiling = "YES"
            buildForArchiving = "YES"
            buildForAnalyzing = "YES">
            <BuildableReference
               BuildableIdentifier = "primary"
               BlueprintIdentifier = "3F234AC21E44A7A400E22A38"
               BuildableName = "SwipeCellKit.framework"
               BlueprintName = "SwipeCellKit"
               ReferencedContainer = "container:../SwipeCellKit/SwipeCellKit.xcodeproj">
            </BuildableReference>
         </BuildActionEntry>
         <BuildActionEntry
            buildForTesting = "YES"
            buildForRunning = "YES"
            buildForProfiling = "YES"
            buildForArchiving = "YES"
            buildForAnalyzing = "YES">
            <BuildableReference
               BuildableIdentifier = "primary"
               BlueprintIdentifier = "43FBB7621FC6D9630057A3BD"
               BuildableName = "ldns_xcode.framework"
               BlueprintName = "ldns-xcode"
               ReferencedContainer = "container:../ldns/xcode/ldns-xcode/ldns-xcode.xcodeproj">
            </BuildableReference>
         </BuildActionEntry>
         <BuildActionEntry
            buildForTesting = "YES"
            buildForRunning = "YES"
            buildForProfiling = "YES"
            buildForArchiving = "YES"
            buildForAnalyzing = "YES">
            <BuildableReference
               BuildableIdentifier = "primary"
               BlueprintIdentifier = "B7E0502C1EB2491E006EC1EC"
               BuildableName = "libAccountSettingsAdapter.a"
               BlueprintName = "AccountSettingsAdapter"
               ReferencedContainer = "container:../libAccountSettings/xcode/AccountSettingsAdapter/AccountSettingsAdapter.xcodeproj">
            </BuildableReference>
         </BuildActionEntry>
         <BuildActionEntry
            buildForTesting = "YES"
            buildForRunning = "YES"
            buildForProfiling = "YES"
            buildForArchiving = "YES"
            buildForAnalyzing = "YES">
            <BuildableReference
               BuildableIdentifier = "primary"
               BlueprintIdentifier = "43D3EF23260A0D7E00110971"
               BuildableName = "pEpIOSToolboxForExtensions.framework"
               BlueprintName = "pEpIOSToolboxForExtensions"
               ReferencedContainer = "container:../pep-toolbox/pEpIOSToolbox.xcodeproj">
            </BuildableReference>
         </BuildActionEntry>
         <BuildActionEntry
            buildForTesting = "YES"
            buildForRunning = "YES"
            buildForProfiling = "YES"
            buildForArchiving = "YES"
            buildForAnalyzing = "YES">
            <BuildableReference
               BuildableIdentifier = "primary"
               BlueprintIdentifier = "B7911EB321F7358500D7F66F"
               BuildableName = "pEpIOSToolbox.framework"
               BlueprintName = "pEpIOSToolbox"
               ReferencedContainer = "container:../pep-toolbox/pEpIOSToolbox.xcodeproj">
            </BuildableReference>
         </BuildActionEntry>
         <BuildActionEntry
            buildForTesting = "YES"
            buildForRunning = "YES"
            buildForProfiling = "YES"
            buildForArchiving = "YES"
            buildForAnalyzing = "YES">
            <BuildableReference
               BuildableIdentifier = "primary"
               BlueprintIdentifier = "3AE6870024FFA5ED00B416ED"
               BuildableName = "pEp4iosIntern.framework"
               BlueprintName = "pEp4iosIntern"
               ReferencedContainer = "container:../pep_for_ios_intern/pEp4iosIntern/pEp4iosIntern.xcodeproj">
            </BuildableReference>
         </BuildActionEntry>
         <BuildActionEntry
            buildForTesting = "YES"
            buildForRunning = "YES"
            buildForProfiling = "YES"
            buildForArchiving = "YES"
            buildForAnalyzing = "YES">
            <BuildableReference
               BuildableIdentifier = "primary"
               BlueprintIdentifier = "1543DC65257943CE0041EFB5"
               BuildableName = "libPEPObjCAdapter_iOS.a"
               BlueprintName = "PEPObjCAdapter_iOS"
               ReferencedContainer = "container:../pEpObjCAdapter/pEpObjCAdapter.xcodeproj">
            </BuildableReference>
         </BuildActionEntry>
         <BuildActionEntry
            buildForTesting = "YES"
            buildForRunning = "YES"
            buildForProfiling = "YES"
            buildForArchiving = "YES"
            buildForAnalyzing = "YES">
            <BuildableReference
               BuildableIdentifier = "primary"
               BlueprintIdentifier = "4329CA572238FCBF007D377E"
               BuildableName = "PantomimeFramework.framework"
               BlueprintName = "PantomimeFramework"
               ReferencedContainer = "container:../Pantomime/PantomimeFramework/PantomimeFramework.xcodeproj">
            </BuildableReference>
         </BuildActionEntry>
         <BuildActionEntry
            buildForTesting = "YES"
            buildForRunning = "YES"
            buildForProfiling = "YES"
            buildForArchiving = "YES"
            buildForAnalyzing = "YES">
            <BuildableReference
               BuildableIdentifier = "primary"
               BlueprintIdentifier = "43CB60811DA4EB4E0015281E"
               BuildableName = "MessageModel.framework"
               BlueprintName = "MessageModel"
               ReferencedContainer = "container:SubProjects/MessageModel/MessageModel/MessageModel.xcodeproj">
            </BuildableReference>
         </BuildActionEntry>
         <BuildActionEntry
            buildForTesting = "YES"
            buildForRunning = "YES"
            buildForProfiling = "YES"
            buildForArchiving = "YES"
            buildForAnalyzing = "YES">
            <BuildableReference
               BuildableIdentifier = "primary"
               BlueprintIdentifier = "434A6CE125D2BF1B00179335"
               BuildableName = "MessageModelForAppExtensions.framework"
               BlueprintName = "MessageModelForAppExtensions"
               ReferencedContainer = "container:SubProjects/MessageModel/MessageModel/MessageModel.xcodeproj">
            </BuildableReference>
         </BuildActionEntry>
         <BuildActionEntry
            buildForTesting = "YES"
            buildForRunning = "YES"
            buildForProfiling = "YES"
            buildForArchiving = "YES"
            buildForAnalyzing = "YES">
            <BuildableReference
               BuildableIdentifier = "primary"
               BlueprintIdentifier = "43980E221CBD0BC900A7FC3C"
               BuildableName = "pEp.app"
               BlueprintName = "pEp"
               ReferencedContainer = "container:pEpForiOS.xcodeproj">
            </BuildableReference>
         </BuildActionEntry>
      </BuildActionEntries>
   </BuildAction>
   <TestAction
      buildConfiguration = "Debug"
      selectedDebuggerIdentifier = "Xcode.DebuggerFoundation.Debugger.LLDB"
      selectedLauncherIdentifier = "Xcode.DebuggerFoundation.Launcher.LLDB"
      shouldUseLaunchSchemeArgsEnv = "YES"
      enableAddressSanitizer = "YES"
      enableASanStackUseAfterReturn = "YES"
      enableUBSanitizer = "YES">
      <MacroExpansion>
         <BuildableReference
            BuildableIdentifier = "primary"
            BlueprintIdentifier = "43980E221CBD0BC900A7FC3C"
            BuildableName = "pEp.app"
            BlueprintName = "pEp"
            ReferencedContainer = "container:pEpForiOS.xcodeproj">
         </BuildableReference>
      </MacroExpansion>
      <AdditionalOptions>
         <AdditionalOption
            key = "NSZombieEnabled"
            value = "YES"
            isEnabled = "YES">
         </AdditionalOption>
         <AdditionalOption
            key = "MallocScribble"
            value = ""
            isEnabled = "YES">
         </AdditionalOption>
      </AdditionalOptions>
      <Testables>
         <TestableReference
            skipped = "NO">
            <BuildableReference
               BuildableIdentifier = "primary"
               BlueprintIdentifier = "B72A64D71EC0525500F71131"
               BuildableName = "AccountSettingsAdapterTests.xctest"
               BlueprintName = "AccountSettingsAdapterTests"
               ReferencedContainer = "container:../libAccountSettings/xcode/AccountSettingsAdapter/AccountSettingsAdapter.xcodeproj">
            </BuildableReference>
         </TestableReference>
         <TestableReference
            skipped = "NO">
            <BuildableReference
               BuildableIdentifier = "primary"
               BlueprintIdentifier = "43FBB76B1FC6D9630057A3BD"
               BuildableName = "ldns-xcodeTests.xctest"
               BlueprintName = "ldns-xcodeTests"
               ReferencedContainer = "container:../ldns/xcode/ldns-xcode/ldns-xcode.xcodeproj">
            </BuildableReference>
         </TestableReference>
         <TestableReference
            skipped = "NO">
            <BuildableReference
               BuildableIdentifier = "primary"
               BlueprintIdentifier = "43CB608A1DA4EB4E0015281E"
               BuildableName = "MessageModelTests.xctest"
               BlueprintName = "MessageModelTests"
               ReferencedContainer = "container:SubProjects/MessageModel/MessageModel/MessageModel.xcodeproj">
            </BuildableReference>
         </TestableReference>
         <TestableReference
            skipped = "NO">
            <BuildableReference
               BuildableIdentifier = "primary"
               BlueprintIdentifier = "4329CB8622391DBD007D377E"
               BuildableName = "PantomimeFrameworkTests.xctest"
               BlueprintName = "PantomimeFrameworkTests"
               ReferencedContainer = "container:../Pantomime/PantomimeFramework/PantomimeFramework.xcodeproj">
            </BuildableReference>
         </TestableReference>
         <TestableReference
            skipped = "NO">
            <BuildableReference
               BuildableIdentifier = "primary"
               BlueprintIdentifier = "3AE6870924FFA5ED00B416ED"
               BuildableName = "pEp4iosInternTests.xctest"
               BlueprintName = "pEp4iosInternTests"
               ReferencedContainer = "container:../pep_for_ios_intern/pEp4iosIntern/pEp4iosIntern.xcodeproj">
            </BuildableReference>
         </TestableReference>
         <TestableReference
            skipped = "NO">
            <BuildableReference
               BuildableIdentifier = "primary"
               BlueprintIdentifier = "43980E391CBD0BCA00A7FC3C"
               BuildableName = "pEpForiOSTests.xctest"
               BlueprintName = "pEpForiOSTests"
               ReferencedContainer = "container:pEpForiOS.xcodeproj">
            </BuildableReference>
         </TestableReference>
         <TestableReference
            skipped = "NO">
            <BuildableReference
               BuildableIdentifier = "primary"
               BlueprintIdentifier = "B7DB7F56221315BD003968DA"
               BuildableName = "pEpIOSToolboxTests.xctest"
               BlueprintName = "pEpIOSToolboxTests"
               ReferencedContainer = "container:../pep-toolbox/pEpIOSToolbox.xcodeproj">
            </BuildableReference>
         </TestableReference>
         <TestableReference
            skipped = "NO">
            <BuildableReference
               BuildableIdentifier = "primary"
               BlueprintIdentifier = "4E81CD4825C19DD4009F140D"
               BuildableName = "PEPObjCAdapterTypesTests_iOS.xctest"
               BlueprintName = "PEPObjCAdapterTypesTests_iOS"
               ReferencedContainer = "container:../pEpObjCAdapter/pEpObjCAdapter.xcodeproj">
            </BuildableReference>
         </TestableReference>
         <TestableReference
            skipped = "NO">
            <BuildableReference
               BuildableIdentifier = "primary"
               BlueprintIdentifier = "64415E161BE94FCB00F6CBB2"
               BuildableName = "pEpObjCAdapterTests.xctest"
               BlueprintName = "pEpObjCAdapterTests"
               ReferencedContainer = "container:../pEpObjCAdapter/pEpObjCAdapter.xcodeproj">
            </BuildableReference>
         </TestableReference>
      </Testables>
   </TestAction>
   <LaunchAction
      buildConfiguration = "Debug"
      selectedDebuggerIdentifier = "Xcode.DebuggerFoundation.Debugger.LLDB"
      selectedLauncherIdentifier = "Xcode.DebuggerFoundation.Launcher.LLDB"
      launchStyle = "0"
      useCustomWorkingDirectory = "NO"
      ignoresPersistentStateOnLaunch = "NO"
      debugDocumentVersioning = "YES"
      migratedStopOnEveryIssue = "YES"
      debugServiceExtension = "internal"
      allowLocationSimulation = "NO">
      <BuildableProductRunnable
         runnableDebuggingMode = "0">
         <BuildableReference
            BuildableIdentifier = "primary"
            BlueprintIdentifier = "43980E221CBD0BC900A7FC3C"
            BuildableName = "pEp.app"
            BlueprintName = "pEp"
            ReferencedContainer = "container:pEpForiOS.xcodeproj">
         </BuildableReference>
      </BuildableProductRunnable>
      <CommandLineArguments>
         <CommandLineArgument
            argument = "-com.apple.CoreData.ConcurrencyDebug 1"
            isEnabled = "YES">
         </CommandLineArgument>
      </CommandLineArguments>
      <EnvironmentVariables>
         <EnvironmentVariable
            key = "OS_ACTIVITY_MODE"
            value = ""
            isEnabled = "YES">
         </EnvironmentVariable>
         <EnvironmentVariable
            key = "ASAN_OPTIONS"
            value = "detect_odr_violation=0"
            isEnabled = "YES">
         </EnvironmentVariable>
      </EnvironmentVariables>
   </LaunchAction>
   <ProfileAction
      buildConfiguration = "Release"
      shouldUseLaunchSchemeArgsEnv = "YES"
      savedToolIdentifier = ""
      useCustomWorkingDirectory = "NO"
      debugDocumentVersioning = "YES">
      <BuildableProductRunnable
         runnableDebuggingMode = "0">
         <BuildableReference
            BuildableIdentifier = "primary"
            BlueprintIdentifier = "43980E221CBD0BC900A7FC3C"
            BuildableName = "pEp.app"
            BlueprintName = "pEp"
            ReferencedContainer = "container:pEpForiOS.xcodeproj">
         </BuildableReference>
      </BuildableProductRunnable>
   </ProfileAction>
   <AnalyzeAction
      buildConfiguration = "Debug">
   </AnalyzeAction>
   <ArchiveAction
      buildConfiguration = "Release"
      revealArchiveInOrganizer = "YES">
   </ArchiveAction>
</Scheme>
