// !$*UTF8*$!
{
	archiveVersion = 1;
	classes = {
	};
	objectVersion = 46;
	objects = {

/* Begin PBXBuildFile section */
		4303DAE71CE62D2600D9C0AB /* Attachment.swift in Sources */ = {isa = PBXBuildFile; fileRef = 4303DAE51CE62D2600D9C0AB /* Attachment.swift */; };
		4303DAE81CE62D2600D9C0AB /* AttachmentData.swift in Sources */ = {isa = PBXBuildFile; fileRef = 4303DAE61CE62D2600D9C0AB /* AttachmentData.swift */; };
		4303DAED1CE62D3700D9C0AB /* _Attachment.swift in Sources */ = {isa = PBXBuildFile; fileRef = 4303DAEB1CE62D3700D9C0AB /* _Attachment.swift */; };
		4303DAEE1CE62D3700D9C0AB /* _AttachmentData.swift in Sources */ = {isa = PBXBuildFile; fileRef = 4303DAEC1CE62D3700D9C0AB /* _AttachmentData.swift */; };
		430C80D51D0EAB6E00CD4582 /* pEpTrustWords.bundle in Resources */ = {isa = PBXBuildFile; fileRef = 430C80D41D0EAB6E00CD4582 /* pEpTrustWords.bundle */; };
		430C80D61D0EAB6E00CD4582 /* pEpTrustWords.bundle in Resources */ = {isa = PBXBuildFile; fileRef = 430C80D41D0EAB6E00CD4582 /* pEpTrustWords.bundle */; };
		430C80E01D0EADC200CD4582 /* PepAdapterTests.swift in Sources */ = {isa = PBXBuildFile; fileRef = 430C80DF1D0EADC200CD4582 /* PepAdapterTests.swift */; };
		431144AA1CC0CB480007639D /* PrefetchEmailsOperation.swift in Sources */ = {isa = PBXBuildFile; fileRef = 431144A91CC0CB480007639D /* PrefetchEmailsOperation.swift */; };
		431144AC1CC0CCE30007639D /* GrandOperator.swift in Sources */ = {isa = PBXBuildFile; fileRef = 431144AB1CC0CCE20007639D /* GrandOperator.swift */; };
		431144B51CC0FCA40007639D /* StoreFoldersOperation.swift in Sources */ = {isa = PBXBuildFile; fileRef = 431144B41CC0FCA40007639D /* StoreFoldersOperation.swift */; };
		431144B71CC11D6A0007639D /* BaseOperation.swift in Sources */ = {isa = PBXBuildFile; fileRef = 431144B61CC11D6A0007639D /* BaseOperation.swift */; };
		431144B91CC11DF30007639D /* StorePrefetchedMailOperation.swift in Sources */ = {isa = PBXBuildFile; fileRef = 431144B81CC11DF30007639D /* StorePrefetchedMailOperation.swift */; };
		431144BC1CC120220007639D /* Contact.swift in Sources */ = {isa = PBXBuildFile; fileRef = 431144BA1CC120220007639D /* Contact.swift */; };
		431144BD1CC120220007639D /* Message.swift in Sources */ = {isa = PBXBuildFile; fileRef = 431144BB1CC120220007639D /* Message.swift */; };
		431144C01CC1202E0007639D /* _Contact.swift in Sources */ = {isa = PBXBuildFile; fileRef = 431144BE1CC1202E0007639D /* _Contact.swift */; };
		431144C11CC1202E0007639D /* _Message.swift in Sources */ = {isa = PBXBuildFile; fileRef = 431144BF1CC1202E0007639D /* _Message.swift */; };
		431798731CF85181007DD655 /* TCPConnectionTest.swift in Sources */ = {isa = PBXBuildFile; fileRef = 431798721CF85181007DD655 /* TCPConnectionTest.swift */; };
		431798771CF87FE6007DD655 /* ReferenceCounter.swift in Sources */ = {isa = PBXBuildFile; fileRef = 431798761CF87FE6007DD655 /* ReferenceCounter.swift */; };
		431ACE671CD35356009EA48E /* VerifySmtpConnectionOperation.swift in Sources */ = {isa = PBXBuildFile; fileRef = 431ACE661CD35356009EA48E /* VerifySmtpConnectionOperation.swift */; };
		431AE5D51D2EC0C000F609D3 /* ComposeWithAutocompleteViewController.swift in Sources */ = {isa = PBXBuildFile; fileRef = 431AE5D41D2EC0C000F609D3 /* ComposeWithAutocompleteViewController.swift */; };
		431AE5D71D2EC0DD00F609D3 /* RecipientCell.swift in Sources */ = {isa = PBXBuildFile; fileRef = 431AE5D61D2EC0DD00F609D3 /* RecipientCell.swift */; };
		431AE5D91D2EC99B00F609D3 /* MessageBodyCell.swift in Sources */ = {isa = PBXBuildFile; fileRef = 431AE5D81D2EC99B00F609D3 /* MessageBodyCell.swift */; };
		431E8F7E1CFDCF3A00C33647 /* EmailViewController.swift in Sources */ = {isa = PBXBuildFile; fileRef = 431E8F7D1CFDCF3A00C33647 /* EmailViewController.swift */; };
		4325F3141CD8A8D200A10727 /* ConcurrentGrandOperatorOperation.swift in Sources */ = {isa = PBXBuildFile; fileRef = 4325F3131CD8A8D200A10727 /* ConcurrentGrandOperatorOperation.swift */; };
		432722241D33F2FD009EC395 /* TrustWordsViewCell.swift in Sources */ = {isa = PBXBuildFile; fileRef = 432722221D33F2FD009EC395 /* TrustWordsViewCell.swift */; };
		432722251D33F2FD009EC395 /* TrustWordsViewController.swift in Sources */ = {isa = PBXBuildFile; fileRef = 432722231D33F2FD009EC395 /* TrustWordsViewController.swift */; };
		432722461D33F5B6009EC395 /* ContactsSearchResultsController.swift in Sources */ = {isa = PBXBuildFile; fileRef = 432722451D33F5B6009EC395 /* ContactsSearchResultsController.swift */; };
		432F7D611D2102F10094F097 /* PEPSessionTest.swift in Sources */ = {isa = PBXBuildFile; fileRef = 432F7D601D2102F10094F097 /* PEPSessionTest.swift */; };
		4333FBA51CD9FAC00093364F /* SmtpTest.swift in Sources */ = {isa = PBXBuildFile; fileRef = 4333FBA41CD9FAC00093364F /* SmtpTest.swift */; };
		43404B481D17D36D00D8B6FF /* EmailHeaderView.swift in Sources */ = {isa = PBXBuildFile; fileRef = 43404B471D17D36D00D8B6FF /* EmailHeaderView.swift */; };
		4340F5F51D34E630006A5C82 /* ContactTableViewCell.swift in Sources */ = {isa = PBXBuildFile; fileRef = 4340F5F41D34E630006A5C82 /* ContactTableViewCell.swift */; };
		4345967F1CE227D9004E8735 /* _MessageReference.swift in Sources */ = {isa = PBXBuildFile; fileRef = 4345967E1CE227D9004E8735 /* _MessageReference.swift */; };
		434596831CE227E6004E8735 /* MessageReference.swift in Sources */ = {isa = PBXBuildFile; fileRef = 434596821CE227E6004E8735 /* MessageReference.swift */; };
		434662CC1CBF80850053FC48 /* libPantomimeStatic.a in Frameworks */ = {isa = PBXBuildFile; fileRef = 43E6A2831CBF802C00787A56 /* libPantomimeStatic.a */; };
		434F84451CEB018A0055B7A9 /* NSData+Extensions.swift in Sources */ = {isa = PBXBuildFile; fileRef = 434F84441CEB018A0055B7A9 /* NSData+Extensions.swift */; };
		435A77C11CC3CB4200133D16 /* Regex.swift in Sources */ = {isa = PBXBuildFile; fileRef = 435A77C01CC3CB4200133D16 /* Regex.swift */; };
		435B42411D211E5900119048 /* MiscUtil.swift in Sources */ = {isa = PBXBuildFile; fileRef = 435B42401D211E5900119048 /* MiscUtil.swift */; };
		4367E26F1CD7360000B05F83 /* Model.swift in Sources */ = {isa = PBXBuildFile; fileRef = 4367E26E1CD7360000B05F83 /* Model.swift */; };
		43727F101D1ADF7A00F210DB /* GrandOperatorOperation.swift in Sources */ = {isa = PBXBuildFile; fileRef = 43727F0F1D1ADF7A00F210DB /* GrandOperatorOperation.swift */; };
		437431F61CFC2F14000F8D35 /* VerifyServiceOperation.swift in Sources */ = {isa = PBXBuildFile; fileRef = 437431F51CFC2F14000F8D35 /* VerifyServiceOperation.swift */; };
		4374320B1CFC49B1000F8D35 /* TestUtil.swift in Sources */ = {isa = PBXBuildFile; fileRef = 4374320A1CFC49B1000F8D35 /* TestUtil.swift */; };
		43800D931D112A0800821E34 /* TFHpple.m in Sources */ = {isa = PBXBuildFile; fileRef = 43800D8E1D112A0800821E34 /* TFHpple.m */; };
		43800D941D112A0800821E34 /* TFHppleElement.m in Sources */ = {isa = PBXBuildFile; fileRef = 43800D901D112A0800821E34 /* TFHppleElement.m */; };
		43800D951D112A0800821E34 /* XPathQuery.m in Sources */ = {isa = PBXBuildFile; fileRef = 43800D921D112A0800821E34 /* XPathQuery.m */; };
		43800D991D112A2A00821E34 /* libxml2.tbd in Frameworks */ = {isa = PBXBuildFile; fileRef = 43800D981D112A2A00821E34 /* libxml2.tbd */; };
		4380F7C51D1BBD5D00326F62 /* EncryptionData.swift in Sources */ = {isa = PBXBuildFile; fileRef = 4380F7C21D1BBD5D00326F62 /* EncryptionData.swift */; };
		4380F7C61D1BBD5D00326F62 /* EncryptMailOperation.swift in Sources */ = {isa = PBXBuildFile; fileRef = 4380F7C31D1BBD5D00326F62 /* EncryptMailOperation.swift */; };
		4380F7C71D1BBD5D00326F62 /* SendMailOperation.swift in Sources */ = {isa = PBXBuildFile; fileRef = 4380F7C41D1BBD5D00326F62 /* SendMailOperation.swift */; };
		4380F7C91D1BBD9D00326F62 /* PersistEmailToIMAPOperation.swift in Sources */ = {isa = PBXBuildFile; fileRef = 4380F7C81D1BBD9D00326F62 /* PersistEmailToIMAPOperation.swift */; };
		4380F7CB1D1BD8FE00326F62 /* PEPUtilTests.swift in Sources */ = {isa = PBXBuildFile; fileRef = 4380F7CA1D1BD8FE00326F62 /* PEPUtilTests.swift */; };
		4380F7CD1D1BDB1600326F62 /* PersistentSetup.swift in Sources */ = {isa = PBXBuildFile; fileRef = 4380F7CC1D1BDB1600326F62 /* PersistentSetup.swift */; };
		4380F7DB1D1BFB3100326F62 /* KeyboardObserver.m in Sources */ = {isa = PBXBuildFile; fileRef = 4380F7DA1D1BFB3100326F62 /* KeyboardObserver.m */; };
		4380F7EF1D1C1C7300326F62 /* PEPSession+Extensions.swift in Sources */ = {isa = PBXBuildFile; fileRef = 4380F7EE1D1C1C7300326F62 /* PEPSession+Extensions.swift */; };
		4382E6431CC600FF00AA27EA /* PersistentImapFolder.swift in Sources */ = {isa = PBXBuildFile; fileRef = 4382E6421CC600FF00AA27EA /* PersistentImapFolder.swift */; };
		439680981D1855D400DA31D2 /* WebKit.framework in Frameworks */ = {isa = PBXBuildFile; fileRef = 439680971D1855D400DA31D2 /* WebKit.framework */; };
		43980E271CBD0BC900A7FC3C /* AppDelegate.swift in Sources */ = {isa = PBXBuildFile; fileRef = 43980E261CBD0BC900A7FC3C /* AppDelegate.swift */; };
		43980E2C1CBD0BC900A7FC3C /* Main.storyboard in Resources */ = {isa = PBXBuildFile; fileRef = 43980E2A1CBD0BC900A7FC3C /* Main.storyboard */; };
		43980E2F1CBD0BCA00A7FC3C /* pEpForiOS.xcdatamodeld in Sources */ = {isa = PBXBuildFile; fileRef = 43980E2D1CBD0BCA00A7FC3C /* pEpForiOS.xcdatamodeld */; };
		43980E311CBD0BCA00A7FC3C /* Assets.xcassets in Resources */ = {isa = PBXBuildFile; fileRef = 43980E301CBD0BCA00A7FC3C /* Assets.xcassets */; };
		43980E341CBD0BCA00A7FC3C /* LaunchScreen.storyboard in Resources */ = {isa = PBXBuildFile; fileRef = 43980E321CBD0BCA00A7FC3C /* LaunchScreen.storyboard */; };
		43980EE01CBD24B000A7FC3C /* Log.swift in Sources */ = {isa = PBXBuildFile; fileRef = 43980EDF1CBD24B000A7FC3C /* Log.swift */; };
		43980EE61CBD24B800A7FC3C /* ConnectInfo.swift in Sources */ = {isa = PBXBuildFile; fileRef = 43980EE21CBD24B800A7FC3C /* ConnectInfo.swift */; };
		43980EE71CBD24B800A7FC3C /* ImapSync.swift in Sources */ = {isa = PBXBuildFile; fileRef = 43980EE31CBD24B800A7FC3C /* ImapSync.swift */; };
		43980EE81CBD24B800A7FC3C /* SmtpSend.swift in Sources */ = {isa = PBXBuildFile; fileRef = 43980EE41CBD24B800A7FC3C /* SmtpSend.swift */; };
		43980EE91CBD24B800A7FC3C /* TestData.swift in Sources */ = {isa = PBXBuildFile; fileRef = 43980EE51CBD24B800A7FC3C /* TestData.swift */; };
		43980EF61CBD3EED00A7FC3C /* Mailbox.swift in Sources */ = {isa = PBXBuildFile; fileRef = 43980EF51CBD3EED00A7FC3C /* Mailbox.swift */; };
		43980EF81CBD402400A7FC3C /* CoreDataUtil.swift in Sources */ = {isa = PBXBuildFile; fileRef = 43980EF71CBD402400A7FC3C /* CoreDataUtil.swift */; };
		43980EFA1CBD415700A7FC3C /* AppConfig.swift in Sources */ = {isa = PBXBuildFile; fileRef = 43980EF91CBD415700A7FC3C /* AppConfig.swift */; };
		439C4D411CD27B0E0099A27F /* VerifyImapConnectionOperation.swift in Sources */ = {isa = PBXBuildFile; fileRef = 439C4D401CD27B0E0099A27F /* VerifyImapConnectionOperation.swift */; };
		439D406B1CC78862009A4E7C /* libpEpiOSAdapter.a in Frameworks */ = {isa = PBXBuildFile; fileRef = 439D40661CC78825009A4E7C /* libpEpiOSAdapter.a */; };
		439D40701CC78930009A4E7C /* libz.tbd in Frameworks */ = {isa = PBXBuildFile; fileRef = 439D406F1CC78930009A4E7C /* libz.tbd */; };
		439D40721CC78958009A4E7C /* libbz2.tbd in Frameworks */ = {isa = PBXBuildFile; fileRef = 439D40711CC78958009A4E7C /* libbz2.tbd */; };
		439D40741CC7897B009A4E7C /* libiconv.2.tbd in Frameworks */ = {isa = PBXBuildFile; fileRef = 439D40731CC7897B009A4E7C /* libiconv.2.tbd */; };
		439D407A1CC79423009A4E7C /* GCD.swift in Sources */ = {isa = PBXBuildFile; fileRef = 439D40791CC79423009A4E7C /* GCD.swift */; };
		43A0E73C1D16C99900159F41 /* ALView+PureLayout.m in Sources */ = {isa = PBXBuildFile; fileRef = 43A0E7341D16C99900159F41 /* ALView+PureLayout.m */; };
		43A0E73D1D16C99900159F41 /* NSArray+PureLayout.m in Sources */ = {isa = PBXBuildFile; fileRef = 43A0E7361D16C99900159F41 /* NSArray+PureLayout.m */; };
		43A0E73E1D16C99900159F41 /* NSLayoutConstraint+PureLayout.m in Sources */ = {isa = PBXBuildFile; fileRef = 43A0E7381D16C99900159F41 /* NSLayoutConstraint+PureLayout.m */; };
		43B2660D1D252C93009D57E8 /* ConcurrentBaseOperation.swift in Sources */ = {isa = PBXBuildFile; fileRef = 43B2660C1D252C93009D57E8 /* ConcurrentBaseOperation.swift */; };
		43B2C31B1D2280ED00A08557 /* 5A90_3590_0E48_AB85_F3DB__045E_4623_C5D1_EAB6_643E.asc in Resources */ = {isa = PBXBuildFile; fileRef = 43B2C3161D2280ED00A08557 /* 5A90_3590_0E48_AB85_F3DB__045E_4623_C5D1_EAB6_643E.asc */; };
		43B7154D1CECAADA0027861A /* ViewWidthsAligner.swift in Sources */ = {isa = PBXBuildFile; fileRef = 43B7154C1CECAADA0027861A /* ViewWidthsAligner.swift */; };
		43C046B61CF42DCF00BD0D9D /* ModelTests.swift in Sources */ = {isa = PBXBuildFile; fileRef = 43C046B51CF42DCF00BD0D9D /* ModelTests.swift */; };
		43C046BD1CF48D6300BD0D9D /* AddressBook.swift in Sources */ = {isa = PBXBuildFile; fileRef = 43C046BC1CF48D6300BD0D9D /* AddressBook.swift */; };
		43C046BF1CF48EA500BD0D9D /* AddressBook.framework in Frameworks */ = {isa = PBXBuildFile; fileRef = 43C046BE1CF48EA500BD0D9D /* AddressBook.framework */; };
		43C6F35B1CBE7496006A2A18 /* ConnectionManager.swift in Sources */ = {isa = PBXBuildFile; fileRef = 43C6F35A1CBE7496006A2A18 /* ConnectionManager.swift */; };
		43C6F3611CBE8153006A2A18 /* Service.swift in Sources */ = {isa = PBXBuildFile; fileRef = 43C6F3601CBE8153006A2A18 /* Service.swift */; };
		43C7B9D11CEC4DDF007A612F /* MiscTests.swift in Sources */ = {isa = PBXBuildFile; fileRef = 43C7B9D01CEC4DDF007A612F /* MiscTests.swift */; };
		43DA52681CEF1B4F0023D540 /* NewAccountSetupUITest.swift in Sources */ = {isa = PBXBuildFile; fileRef = 43DA52671CEF1B4F0023D540 /* NewAccountSetupUITest.swift */; };
		43DA52711CEF3B0E0023D540 /* UITestData.swift in Sources */ = {isa = PBXBuildFile; fileRef = 43DA52701CEF3B0E0023D540 /* UITestData.swift */; };
		43DBE8D71CF6F66F00306AAE /* GrandOperatorTests.swift in Sources */ = {isa = PBXBuildFile; fileRef = 43DBE8D61CF6F66F00306AAE /* GrandOperatorTests.swift */; };
		43DE44151D1A69D8005E21F3 /* CreateLocalSpecialFoldersOperation.swift in Sources */ = {isa = PBXBuildFile; fileRef = 43DE44141D1A69D8005E21F3 /* CreateLocalSpecialFoldersOperation.swift */; };
		43E1D10B1D1976AC002DB305 /* PEPMyselfOperation.swift in Sources */ = {isa = PBXBuildFile; fileRef = 43E1D10A1D1976AC002DB305 /* PEPMyselfOperation.swift */; };
		43E58EB81CBF8301008AA7A7 /* Account.swift in Sources */ = {isa = PBXBuildFile; fileRef = 43E58EB31CBF8301008AA7A7 /* Account.swift */; };
		43E58EB91CBF8301008AA7A7 /* Folder.swift in Sources */ = {isa = PBXBuildFile; fileRef = 43E58EB41CBF8301008AA7A7 /* Folder.swift */; };
		43E58EBA1CBF8301008AA7A7 /* _Account.swift in Sources */ = {isa = PBXBuildFile; fileRef = 43E58EB61CBF8301008AA7A7 /* _Account.swift */; };
		43E58EBB1CBF8301008AA7A7 /* _Folder.swift in Sources */ = {isa = PBXBuildFile; fileRef = 43E58EB71CBF8301008AA7A7 /* _Folder.swift */; };
		43E58EC61CBF8365008AA7A7 /* BaseManagedObject.swift in Sources */ = {isa = PBXBuildFile; fileRef = 43E58EC51CBF8365008AA7A7 /* BaseManagedObject.swift */; };
		43E58ED11CBFA943008AA7A7 /* KeyChain.swift in Sources */ = {isa = PBXBuildFile; fileRef = 43E58ED01CBFA943008AA7A7 /* KeyChain.swift */; };
		43ED536F1CC77F95006AB156 /* EmailListViewCell.swift in Sources */ = {isa = PBXBuildFile; fileRef = 43ED53631CC77F95006AB156 /* EmailListViewCell.swift */; };
		43ED53701CC77F95006AB156 /* EmailListViewController.swift in Sources */ = {isa = PBXBuildFile; fileRef = 43ED53641CC77F95006AB156 /* EmailListViewController.swift */; };
		43ED53711CC77F95006AB156 /* IMAPSettingsTableView.swift in Sources */ = {isa = PBXBuildFile; fileRef = 43ED53661CC77F95006AB156 /* IMAPSettingsTableView.swift */; };
		43ED53721CC77F95006AB156 /* Mail.swift in Sources */ = {isa = PBXBuildFile; fileRef = 43ED53671CC77F95006AB156 /* Mail.swift */; };
		43ED53731CC77F95006AB156 /* MailCell.swift in Sources */ = {isa = PBXBuildFile; fileRef = 43ED53681CC77F95006AB156 /* MailCell.swift */; };
		43ED53741CC77F95006AB156 /* MailList.swift in Sources */ = {isa = PBXBuildFile; fileRef = 43ED53691CC77F95006AB156 /* MailList.swift */; };
		43ED53751CC77F95006AB156 /* MailSettingParameters.swift in Sources */ = {isa = PBXBuildFile; fileRef = 43ED536A1CC77F95006AB156 /* MailSettingParameters.swift */; };
		43ED53761CC77F95006AB156 /* MailTableView.swift in Sources */ = {isa = PBXBuildFile; fileRef = 43ED536B1CC77F95006AB156 /* MailTableView.swift */; };
		43ED53771CC77F95006AB156 /* OneValueSettingCell.swift in Sources */ = {isa = PBXBuildFile; fileRef = 43ED536C1CC77F95006AB156 /* OneValueSettingCell.swift */; };
		43ED53781CC77F95006AB156 /* SMTPSettingsTableView.swift in Sources */ = {isa = PBXBuildFile; fileRef = 43ED536D1CC77F95006AB156 /* SMTPSettingsTableView.swift */; };
		43ED53791CC77F95006AB156 /* UserInfoTableView.swift in Sources */ = {isa = PBXBuildFile; fileRef = 43ED536E1CC77F95006AB156 /* UserInfoTableView.swift */; };
		43F84CD21CD899760092FCAE /* FetchFoldersOperation.swift in Sources */ = {isa = PBXBuildFile; fileRef = 43F84CD11CD899760092FCAE /* FetchFoldersOperation.swift */; };
		43F84CD61CD89BAB0092FCAE /* SimpleOperationsTest.swift in Sources */ = {isa = PBXBuildFile; fileRef = 43F84CD51CD89BAB0092FCAE /* SimpleOperationsTest.swift */; };
		5D039A9C1D0EE7F900AD59EC /* PEPUtil.swift in Sources */ = {isa = PBXBuildFile; fileRef = 5D039A9B1D0EE7F900AD59EC /* PEPUtil.swift */; };
		5D039AA21D0EEA3700AD59EC /* DecryptMailOperation.swift in Sources */ = {isa = PBXBuildFile; fileRef = 5D039AA11D0EEA3700AD59EC /* DecryptMailOperation.swift */; };
		5D039AA31D0EEA3700AD59EC /* DecryptMailOperation.swift in Sources */ = {isa = PBXBuildFile; fileRef = 5D039AA11D0EEA3700AD59EC /* DecryptMailOperation.swift */; };
		5D039AA41D0EEA3700AD59EC /* DecryptMailOperation.swift in Sources */ = {isa = PBXBuildFile; fileRef = 5D039AA11D0EEA3700AD59EC /* DecryptMailOperation.swift */; };
		A1014DA71D1173CD00C472A8 /* UIHelper.swift in Sources */ = {isa = PBXBuildFile; fileRef = 436C5A8D1CFEDF59006A195F /* UIHelper.swift */; };
		A15724E71D1430FF00122D27 /* PruebaViewController.swift in Sources */ = {isa = PBXBuildFile; fileRef = A15724E61D1430FF00122D27 /* PruebaViewController.swift */; };
		A1B50A841CD26FF100B1A997 /* Constants.swift in Sources */ = {isa = PBXBuildFile; fileRef = A1B50A811CD26FF100B1A997 /* Constants.swift */; };
		A1B50A861CD26FF100B1A997 /* InMemoryCoreDataUtil.swift in Sources */ = {isa = PBXBuildFile; fileRef = A1B50A831CD26FF100B1A997 /* InMemoryCoreDataUtil.swift */; };
		A1B50A8A1CD271EC00B1A997 /* GrandOperatorVerifyTests.swift in Sources */ = {isa = PBXBuildFile; fileRef = A1B50A871CD271EC00B1A997 /* GrandOperatorVerifyTests.swift */; };
		A1B50A8B1CD271EC00B1A997 /* ImapSyncTest.swift in Sources */ = {isa = PBXBuildFile; fileRef = A1B50A881CD271EC00B1A997 /* ImapSyncTest.swift */; };
		A1BF165A1D351518005B98F0 /* LabelMailSecurityTableViewCell.swift in Sources */ = {isa = PBXBuildFile; fileRef = A1BF16591D351518005B98F0 /* LabelMailSecurityTableViewCell.swift */; };
		A1F459E71D2FEA2600B82B9B /* Trustwords.storyboard in Resources */ = {isa = PBXBuildFile; fileRef = A1F459E61D2FEA2600B82B9B /* Trustwords.storyboard */; };
		A1FF4EA81CFD9DFF0005C6BD /* ComposeViewController.swift in Sources */ = {isa = PBXBuildFile; fileRef = A1FF4EA71CFD9DFF0005C6BD /* ComposeViewController.swift */; };
/* End PBXBuildFile section */

/* Begin PBXContainerItemProxy section */
		434662CD1CBF808D0053FC48 /* PBXContainerItemProxy */ = {
			isa = PBXContainerItemProxy;
			containerPortal = 43980ECF1CBD1CCD00A7FC3C /* Pantomime.xcodeproj */;
			proxyType = 1;
			remoteGlobalIDString = 43980E5A1CBD1B3E00A7FC3C;
			remoteInfo = PantomimeStatic;
		};
		43980E3B1CBD0BCA00A7FC3C /* PBXContainerItemProxy */ = {
			isa = PBXContainerItemProxy;
			containerPortal = 43980E1B1CBD0BC900A7FC3C /* Project object */;
			proxyType = 1;
			remoteGlobalIDString = 43980E221CBD0BC900A7FC3C;
			remoteInfo = pEpForiOS;
		};
		43980E461CBD0BCA00A7FC3C /* PBXContainerItemProxy */ = {
			isa = PBXContainerItemProxy;
			containerPortal = 43980E1B1CBD0BC900A7FC3C /* Project object */;
			proxyType = 1;
			remoteGlobalIDString = 43980E221CBD0BC900A7FC3C;
			remoteInfo = pEpForiOS;
		};
		439D40651CC78825009A4E7C /* PBXContainerItemProxy */ = {
			isa = PBXContainerItemProxy;
			containerPortal = 439D405C1CC78825009A4E7C /* pEpiOSAdapter.xcodeproj */;
			proxyType = 2;
			remoteGlobalIDString = 352988AA1AEF964100FA7E2E;
			remoteInfo = pEpiOSAdapter;
		};
		439D40671CC78825009A4E7C /* PBXContainerItemProxy */ = {
			isa = PBXContainerItemProxy;
			containerPortal = 439D405C1CC78825009A4E7C /* pEpiOSAdapter.xcodeproj */;
			proxyType = 2;
			remoteGlobalIDString = 64415E171BE94FCB00F6CBB2;
			remoteInfo = iOSTests;
		};
		439D40691CC7883D009A4E7C /* PBXContainerItemProxy */ = {
			isa = PBXContainerItemProxy;
			containerPortal = 439D405C1CC78825009A4E7C /* pEpiOSAdapter.xcodeproj */;
			proxyType = 1;
			remoteGlobalIDString = 352988A91AEF964100FA7E2E;
			remoteInfo = pEpiOSAdapter;
		};
		43E6A2801CBF802C00787A56 /* PBXContainerItemProxy */ = {
			isa = PBXContainerItemProxy;
			containerPortal = 43980ECF1CBD1CCD00A7FC3C /* Pantomime.xcodeproj */;
			proxyType = 2;
			remoteGlobalIDString = 43E854CF1CB7EA9B006867C0;
			remoteInfo = PantomimeTests;
		};
		43E6A2821CBF802C00787A56 /* PBXContainerItemProxy */ = {
			isa = PBXContainerItemProxy;
			containerPortal = 43980ECF1CBD1CCD00A7FC3C /* Pantomime.xcodeproj */;
			proxyType = 2;
			remoteGlobalIDString = 43980E5B1CBD1B3E00A7FC3C;
			remoteInfo = PantomimeStatic;
		};
/* End PBXContainerItemProxy section */

/* Begin PBXFileReference section */
		4303DAE51CE62D2600D9C0AB /* Attachment.swift */ = {isa = PBXFileReference; fileEncoding = 4; lastKnownFileType = sourcecode.swift; path = Attachment.swift; sourceTree = "<group>"; };
		4303DAE61CE62D2600D9C0AB /* AttachmentData.swift */ = {isa = PBXFileReference; fileEncoding = 4; lastKnownFileType = sourcecode.swift; path = AttachmentData.swift; sourceTree = "<group>"; };
		4303DAEB1CE62D3700D9C0AB /* _Attachment.swift */ = {isa = PBXFileReference; fileEncoding = 4; lastKnownFileType = sourcecode.swift; path = _Attachment.swift; sourceTree = "<group>"; };
		4303DAEC1CE62D3700D9C0AB /* _AttachmentData.swift */ = {isa = PBXFileReference; fileEncoding = 4; lastKnownFileType = sourcecode.swift; path = _AttachmentData.swift; sourceTree = "<group>"; };
		430C80D41D0EAB6E00CD4582 /* pEpTrustWords.bundle */ = {isa = PBXFileReference; lastKnownFileType = "wrapper.plug-in"; path = pEpTrustWords.bundle; sourceTree = "<group>"; };
		430C80DF1D0EADC200CD4582 /* PepAdapterTests.swift */ = {isa = PBXFileReference; fileEncoding = 4; lastKnownFileType = sourcecode.swift; path = PepAdapterTests.swift; sourceTree = "<group>"; };
		431144A91CC0CB480007639D /* PrefetchEmailsOperation.swift */ = {isa = PBXFileReference; fileEncoding = 4; lastKnownFileType = sourcecode.swift; path = PrefetchEmailsOperation.swift; sourceTree = "<group>"; };
		431144AB1CC0CCE20007639D /* GrandOperator.swift */ = {isa = PBXFileReference; fileEncoding = 4; lastKnownFileType = sourcecode.swift; path = GrandOperator.swift; sourceTree = "<group>"; };
		431144B41CC0FCA40007639D /* StoreFoldersOperation.swift */ = {isa = PBXFileReference; fileEncoding = 4; lastKnownFileType = sourcecode.swift; path = StoreFoldersOperation.swift; sourceTree = "<group>"; };
		431144B61CC11D6A0007639D /* BaseOperation.swift */ = {isa = PBXFileReference; fileEncoding = 4; lastKnownFileType = sourcecode.swift; path = BaseOperation.swift; sourceTree = "<group>"; };
		431144B81CC11DF30007639D /* StorePrefetchedMailOperation.swift */ = {isa = PBXFileReference; fileEncoding = 4; lastKnownFileType = sourcecode.swift; path = StorePrefetchedMailOperation.swift; sourceTree = "<group>"; };
		431144BA1CC120220007639D /* Contact.swift */ = {isa = PBXFileReference; fileEncoding = 4; lastKnownFileType = sourcecode.swift; path = Contact.swift; sourceTree = "<group>"; };
		431144BB1CC120220007639D /* Message.swift */ = {isa = PBXFileReference; fileEncoding = 4; lastKnownFileType = sourcecode.swift; path = Message.swift; sourceTree = "<group>"; };
		431144BE1CC1202E0007639D /* _Contact.swift */ = {isa = PBXFileReference; fileEncoding = 4; lastKnownFileType = sourcecode.swift; path = _Contact.swift; sourceTree = "<group>"; };
		431144BF1CC1202E0007639D /* _Message.swift */ = {isa = PBXFileReference; fileEncoding = 4; lastKnownFileType = sourcecode.swift; path = _Message.swift; sourceTree = "<group>"; };
		431798721CF85181007DD655 /* TCPConnectionTest.swift */ = {isa = PBXFileReference; fileEncoding = 4; lastKnownFileType = sourcecode.swift; path = TCPConnectionTest.swift; sourceTree = "<group>"; };
		431798761CF87FE6007DD655 /* ReferenceCounter.swift */ = {isa = PBXFileReference; fileEncoding = 4; lastKnownFileType = sourcecode.swift; path = ReferenceCounter.swift; sourceTree = "<group>"; };
		431799391CF8A39F007DD655 /* pEpForiOSTests-Bridging-Header.h */ = {isa = PBXFileReference; lastKnownFileType = sourcecode.c.h; path = "pEpForiOSTests-Bridging-Header.h"; sourceTree = "<group>"; };
		431ACE661CD35356009EA48E /* VerifySmtpConnectionOperation.swift */ = {isa = PBXFileReference; fileEncoding = 4; lastKnownFileType = sourcecode.swift; path = VerifySmtpConnectionOperation.swift; sourceTree = "<group>"; };
		431AE5D41D2EC0C000F609D3 /* ComposeWithAutocompleteViewController.swift */ = {isa = PBXFileReference; fileEncoding = 4; lastKnownFileType = sourcecode.swift; path = ComposeWithAutocompleteViewController.swift; sourceTree = "<group>"; };
		431AE5D61D2EC0DD00F609D3 /* RecipientCell.swift */ = {isa = PBXFileReference; fileEncoding = 4; lastKnownFileType = sourcecode.swift; path = RecipientCell.swift; sourceTree = "<group>"; };
		431AE5D81D2EC99B00F609D3 /* MessageBodyCell.swift */ = {isa = PBXFileReference; fileEncoding = 4; lastKnownFileType = sourcecode.swift; path = MessageBodyCell.swift; sourceTree = "<group>"; };
		431E8F7D1CFDCF3A00C33647 /* EmailViewController.swift */ = {isa = PBXFileReference; fileEncoding = 4; lastKnownFileType = sourcecode.swift; path = EmailViewController.swift; sourceTree = "<group>"; };
		4325F3131CD8A8D200A10727 /* ConcurrentGrandOperatorOperation.swift */ = {isa = PBXFileReference; fileEncoding = 4; lastKnownFileType = sourcecode.swift; path = ConcurrentGrandOperatorOperation.swift; sourceTree = "<group>"; };
		432722221D33F2FD009EC395 /* TrustWordsViewCell.swift */ = {isa = PBXFileReference; fileEncoding = 4; lastKnownFileType = sourcecode.swift; path = TrustWordsViewCell.swift; sourceTree = "<group>"; };
		432722231D33F2FD009EC395 /* TrustWordsViewController.swift */ = {isa = PBXFileReference; fileEncoding = 4; lastKnownFileType = sourcecode.swift; path = TrustWordsViewController.swift; sourceTree = "<group>"; };
		432722451D33F5B6009EC395 /* ContactsSearchResultsController.swift */ = {isa = PBXFileReference; fileEncoding = 4; lastKnownFileType = sourcecode.swift; path = ContactsSearchResultsController.swift; sourceTree = "<group>"; };
		432F7D601D2102F10094F097 /* PEPSessionTest.swift */ = {isa = PBXFileReference; fileEncoding = 4; lastKnownFileType = sourcecode.swift; path = PEPSessionTest.swift; sourceTree = "<group>"; };
		4333FBA41CD9FAC00093364F /* SmtpTest.swift */ = {isa = PBXFileReference; fileEncoding = 4; lastKnownFileType = sourcecode.swift; path = SmtpTest.swift; sourceTree = "<group>"; };
		43404B471D17D36D00D8B6FF /* EmailHeaderView.swift */ = {isa = PBXFileReference; fileEncoding = 4; lastKnownFileType = sourcecode.swift; path = EmailHeaderView.swift; sourceTree = "<group>"; };
		4340F5F41D34E630006A5C82 /* ContactTableViewCell.swift */ = {isa = PBXFileReference; fileEncoding = 4; lastKnownFileType = sourcecode.swift; path = ContactTableViewCell.swift; sourceTree = "<group>"; };
		4345967E1CE227D9004E8735 /* _MessageReference.swift */ = {isa = PBXFileReference; fileEncoding = 4; lastKnownFileType = sourcecode.swift; path = _MessageReference.swift; sourceTree = "<group>"; };
		434596821CE227E6004E8735 /* MessageReference.swift */ = {isa = PBXFileReference; fileEncoding = 4; lastKnownFileType = sourcecode.swift; path = MessageReference.swift; sourceTree = "<group>"; };
		434F84441CEB018A0055B7A9 /* NSData+Extensions.swift */ = {isa = PBXFileReference; fileEncoding = 4; lastKnownFileType = sourcecode.swift; path = "NSData+Extensions.swift"; sourceTree = "<group>"; };
		435A77C01CC3CB4200133D16 /* Regex.swift */ = {isa = PBXFileReference; fileEncoding = 4; lastKnownFileType = sourcecode.swift; path = Regex.swift; sourceTree = "<group>"; };
		435B42401D211E5900119048 /* MiscUtil.swift */ = {isa = PBXFileReference; fileEncoding = 4; lastKnownFileType = sourcecode.swift; path = MiscUtil.swift; sourceTree = "<group>"; };
		4367E26E1CD7360000B05F83 /* Model.swift */ = {isa = PBXFileReference; fileEncoding = 4; lastKnownFileType = sourcecode.swift; path = Model.swift; sourceTree = "<group>"; };
		436C5A8D1CFEDF59006A195F /* UIHelper.swift */ = {isa = PBXFileReference; fileEncoding = 4; lastKnownFileType = sourcecode.swift; path = UIHelper.swift; sourceTree = "<group>"; };
		43727F0F1D1ADF7A00F210DB /* GrandOperatorOperation.swift */ = {isa = PBXFileReference; fileEncoding = 4; lastKnownFileType = sourcecode.swift; path = GrandOperatorOperation.swift; sourceTree = "<group>"; };
		437431F51CFC2F14000F8D35 /* VerifyServiceOperation.swift */ = {isa = PBXFileReference; fileEncoding = 4; lastKnownFileType = sourcecode.swift; path = VerifyServiceOperation.swift; sourceTree = "<group>"; };
		4374320A1CFC49B1000F8D35 /* TestUtil.swift */ = {isa = PBXFileReference; fileEncoding = 4; lastKnownFileType = sourcecode.swift; path = TestUtil.swift; sourceTree = "<group>"; };
		43800D8D1D112A0800821E34 /* TFHpple.h */ = {isa = PBXFileReference; fileEncoding = 4; lastKnownFileType = sourcecode.c.h; path = TFHpple.h; sourceTree = "<group>"; };
		43800D8E1D112A0800821E34 /* TFHpple.m */ = {isa = PBXFileReference; fileEncoding = 4; lastKnownFileType = sourcecode.c.objc; path = TFHpple.m; sourceTree = "<group>"; };
		43800D8F1D112A0800821E34 /* TFHppleElement.h */ = {isa = PBXFileReference; fileEncoding = 4; lastKnownFileType = sourcecode.c.h; path = TFHppleElement.h; sourceTree = "<group>"; };
		43800D901D112A0800821E34 /* TFHppleElement.m */ = {isa = PBXFileReference; fileEncoding = 4; lastKnownFileType = sourcecode.c.objc; path = TFHppleElement.m; sourceTree = "<group>"; };
		43800D911D112A0800821E34 /* XPathQuery.h */ = {isa = PBXFileReference; fileEncoding = 4; lastKnownFileType = sourcecode.c.h; path = XPathQuery.h; sourceTree = "<group>"; };
		43800D921D112A0800821E34 /* XPathQuery.m */ = {isa = PBXFileReference; fileEncoding = 4; lastKnownFileType = sourcecode.c.objc; path = XPathQuery.m; sourceTree = "<group>"; };
		43800D981D112A2A00821E34 /* libxml2.tbd */ = {isa = PBXFileReference; lastKnownFileType = "sourcecode.text-based-dylib-definition"; name = libxml2.tbd; path = usr/lib/libxml2.tbd; sourceTree = SDKROOT; };
		4380F7C21D1BBD5D00326F62 /* EncryptionData.swift */ = {isa = PBXFileReference; fileEncoding = 4; lastKnownFileType = sourcecode.swift; path = EncryptionData.swift; sourceTree = "<group>"; };
		4380F7C31D1BBD5D00326F62 /* EncryptMailOperation.swift */ = {isa = PBXFileReference; fileEncoding = 4; lastKnownFileType = sourcecode.swift; path = EncryptMailOperation.swift; sourceTree = "<group>"; };
		4380F7C41D1BBD5D00326F62 /* SendMailOperation.swift */ = {isa = PBXFileReference; fileEncoding = 4; lastKnownFileType = sourcecode.swift; path = SendMailOperation.swift; sourceTree = "<group>"; };
		4380F7C81D1BBD9D00326F62 /* PersistEmailToIMAPOperation.swift */ = {isa = PBXFileReference; fileEncoding = 4; lastKnownFileType = sourcecode.swift; path = PersistEmailToIMAPOperation.swift; sourceTree = "<group>"; };
		4380F7CA1D1BD8FE00326F62 /* PEPUtilTests.swift */ = {isa = PBXFileReference; fileEncoding = 4; lastKnownFileType = sourcecode.swift; path = PEPUtilTests.swift; sourceTree = "<group>"; };
		4380F7CC1D1BDB1600326F62 /* PersistentSetup.swift */ = {isa = PBXFileReference; fileEncoding = 4; lastKnownFileType = sourcecode.swift; path = PersistentSetup.swift; sourceTree = "<group>"; };
		4380F7D91D1BFB3100326F62 /* KeyboardObserver.h */ = {isa = PBXFileReference; fileEncoding = 4; lastKnownFileType = sourcecode.c.h; path = KeyboardObserver.h; sourceTree = "<group>"; };
		4380F7DA1D1BFB3100326F62 /* KeyboardObserver.m */ = {isa = PBXFileReference; fileEncoding = 4; lastKnownFileType = sourcecode.c.objc; path = KeyboardObserver.m; sourceTree = "<group>"; };
		4380F7EE1D1C1C7300326F62 /* PEPSession+Extensions.swift */ = {isa = PBXFileReference; fileEncoding = 4; lastKnownFileType = sourcecode.swift; path = "PEPSession+Extensions.swift"; sourceTree = "<group>"; };
		4382E6421CC600FF00AA27EA /* PersistentImapFolder.swift */ = {isa = PBXFileReference; fileEncoding = 4; lastKnownFileType = sourcecode.swift; path = PersistentImapFolder.swift; sourceTree = "<group>"; };
		439680971D1855D400DA31D2 /* WebKit.framework */ = {isa = PBXFileReference; lastKnownFileType = wrapper.framework; name = WebKit.framework; path = System/Library/Frameworks/WebKit.framework; sourceTree = SDKROOT; };
		43980E231CBD0BC900A7FC3C /* p≡p.app */ = {isa = PBXFileReference; explicitFileType = wrapper.application; includeInIndex = 0; path = "p≡p.app"; sourceTree = BUILT_PRODUCTS_DIR; };
		43980E261CBD0BC900A7FC3C /* AppDelegate.swift */ = {isa = PBXFileReference; lastKnownFileType = sourcecode.swift; path = AppDelegate.swift; sourceTree = "<group>"; };
		43980E2B1CBD0BC900A7FC3C /* Base */ = {isa = PBXFileReference; lastKnownFileType = file.storyboard; name = Base; path = Base.lproj/Main.storyboard; sourceTree = "<group>"; };
		43980E2E1CBD0BCA00A7FC3C /* pEpForiOS.xcdatamodel */ = {isa = PBXFileReference; lastKnownFileType = wrapper.xcdatamodel; path = pEpForiOS.xcdatamodel; sourceTree = "<group>"; };
		43980E301CBD0BCA00A7FC3C /* Assets.xcassets */ = {isa = PBXFileReference; lastKnownFileType = folder.assetcatalog; path = Assets.xcassets; sourceTree = "<group>"; };
		43980E331CBD0BCA00A7FC3C /* Base */ = {isa = PBXFileReference; lastKnownFileType = file.storyboard; name = Base; path = Base.lproj/LaunchScreen.storyboard; sourceTree = "<group>"; };
		43980E351CBD0BCA00A7FC3C /* Info.plist */ = {isa = PBXFileReference; lastKnownFileType = text.plist.xml; path = Info.plist; sourceTree = "<group>"; };
		43980E3A1CBD0BCA00A7FC3C /* pEpForiOSTests.xctest */ = {isa = PBXFileReference; explicitFileType = wrapper.cfbundle; includeInIndex = 0; path = pEpForiOSTests.xctest; sourceTree = BUILT_PRODUCTS_DIR; };
		43980E401CBD0BCA00A7FC3C /* Info.plist */ = {isa = PBXFileReference; lastKnownFileType = text.plist.xml; path = Info.plist; sourceTree = "<group>"; };
		43980E451CBD0BCA00A7FC3C /* pEpForiOSUITests.xctest */ = {isa = PBXFileReference; explicitFileType = wrapper.cfbundle; includeInIndex = 0; path = pEpForiOSUITests.xctest; sourceTree = BUILT_PRODUCTS_DIR; };
		43980E4B1CBD0BCA00A7FC3C /* Info.plist */ = {isa = PBXFileReference; lastKnownFileType = text.plist.xml; path = Info.plist; sourceTree = "<group>"; };
		43980ECF1CBD1CCD00A7FC3C /* Pantomime.xcodeproj */ = {isa = PBXFileReference; lastKnownFileType = "wrapper.pb-project"; name = Pantomime.xcodeproj; path = "../pantomime-iOS/Pantomime.xcodeproj"; sourceTree = "<group>"; };
		43980EDF1CBD24B000A7FC3C /* Log.swift */ = {isa = PBXFileReference; fileEncoding = 4; lastKnownFileType = sourcecode.swift; path = Log.swift; sourceTree = "<group>"; };
		43980EE21CBD24B800A7FC3C /* ConnectInfo.swift */ = {isa = PBXFileReference; fileEncoding = 4; lastKnownFileType = sourcecode.swift; path = ConnectInfo.swift; sourceTree = "<group>"; };
		43980EE31CBD24B800A7FC3C /* ImapSync.swift */ = {isa = PBXFileReference; fileEncoding = 4; lastKnownFileType = sourcecode.swift; path = ImapSync.swift; sourceTree = "<group>"; };
		43980EE41CBD24B800A7FC3C /* SmtpSend.swift */ = {isa = PBXFileReference; fileEncoding = 4; lastKnownFileType = sourcecode.swift; path = SmtpSend.swift; sourceTree = "<group>"; };
		43980EE51CBD24B800A7FC3C /* TestData.swift */ = {isa = PBXFileReference; fileEncoding = 4; lastKnownFileType = sourcecode.swift; path = TestData.swift; sourceTree = "<group>"; };
		43980EEA1CBD24F100A7FC3C /* pEpForiOS-Bridging-Header.h */ = {isa = PBXFileReference; lastKnownFileType = sourcecode.c.h; path = "pEpForiOS-Bridging-Header.h"; sourceTree = "<group>"; };
		43980EF51CBD3EED00A7FC3C /* Mailbox.swift */ = {isa = PBXFileReference; fileEncoding = 4; lastKnownFileType = sourcecode.swift; path = Mailbox.swift; sourceTree = "<group>"; };
		43980EF71CBD402400A7FC3C /* CoreDataUtil.swift */ = {isa = PBXFileReference; fileEncoding = 4; lastKnownFileType = sourcecode.swift; path = CoreDataUtil.swift; sourceTree = "<group>"; };
		43980EF91CBD415700A7FC3C /* AppConfig.swift */ = {isa = PBXFileReference; fileEncoding = 4; lastKnownFileType = sourcecode.swift; path = AppConfig.swift; sourceTree = "<group>"; };
		439C4D401CD27B0E0099A27F /* VerifyImapConnectionOperation.swift */ = {isa = PBXFileReference; fileEncoding = 4; lastKnownFileType = sourcecode.swift; path = VerifyImapConnectionOperation.swift; sourceTree = "<group>"; };
		439D405C1CC78825009A4E7C /* pEpiOSAdapter.xcodeproj */ = {isa = PBXFileReference; lastKnownFileType = "wrapper.pb-project"; name = pEpiOSAdapter.xcodeproj; path = ../pEpiOSAdapter/pEpiOSAdapter.xcodeproj; sourceTree = "<group>"; };
		439D406F1CC78930009A4E7C /* libz.tbd */ = {isa = PBXFileReference; lastKnownFileType = "sourcecode.text-based-dylib-definition"; name = libz.tbd; path = usr/lib/libz.tbd; sourceTree = SDKROOT; };
		439D40711CC78958009A4E7C /* libbz2.tbd */ = {isa = PBXFileReference; lastKnownFileType = "sourcecode.text-based-dylib-definition"; name = libbz2.tbd; path = usr/lib/libbz2.tbd; sourceTree = SDKROOT; };
		439D40731CC7897B009A4E7C /* libiconv.2.tbd */ = {isa = PBXFileReference; lastKnownFileType = "sourcecode.text-based-dylib-definition"; name = libiconv.2.tbd; path = usr/lib/libiconv.2.tbd; sourceTree = SDKROOT; };
		439D40791CC79423009A4E7C /* GCD.swift */ = {isa = PBXFileReference; fileEncoding = 4; lastKnownFileType = sourcecode.swift; path = GCD.swift; sourceTree = "<group>"; };
		43A0E7331D16C99900159F41 /* ALView+PureLayout.h */ = {isa = PBXFileReference; fileEncoding = 4; lastKnownFileType = sourcecode.c.h; path = "ALView+PureLayout.h"; sourceTree = "<group>"; };
		43A0E7341D16C99900159F41 /* ALView+PureLayout.m */ = {isa = PBXFileReference; fileEncoding = 4; lastKnownFileType = sourcecode.c.objc; path = "ALView+PureLayout.m"; sourceTree = "<group>"; };
		43A0E7351D16C99900159F41 /* NSArray+PureLayout.h */ = {isa = PBXFileReference; fileEncoding = 4; lastKnownFileType = sourcecode.c.h; path = "NSArray+PureLayout.h"; sourceTree = "<group>"; };
		43A0E7361D16C99900159F41 /* NSArray+PureLayout.m */ = {isa = PBXFileReference; fileEncoding = 4; lastKnownFileType = sourcecode.c.objc; path = "NSArray+PureLayout.m"; sourceTree = "<group>"; };
		43A0E7371D16C99900159F41 /* NSLayoutConstraint+PureLayout.h */ = {isa = PBXFileReference; fileEncoding = 4; lastKnownFileType = sourcecode.c.h; path = "NSLayoutConstraint+PureLayout.h"; sourceTree = "<group>"; };
		43A0E7381D16C99900159F41 /* NSLayoutConstraint+PureLayout.m */ = {isa = PBXFileReference; fileEncoding = 4; lastKnownFileType = sourcecode.c.objc; path = "NSLayoutConstraint+PureLayout.m"; sourceTree = "<group>"; };
		43A0E7391D16C99900159F41 /* PureLayout+Internal.h */ = {isa = PBXFileReference; fileEncoding = 4; lastKnownFileType = sourcecode.c.h; path = "PureLayout+Internal.h"; sourceTree = "<group>"; };
		43A0E73A1D16C99900159F41 /* PureLayout.h */ = {isa = PBXFileReference; fileEncoding = 4; lastKnownFileType = sourcecode.c.h; path = PureLayout.h; sourceTree = "<group>"; };
		43A0E73B1D16C99900159F41 /* PureLayoutDefines.h */ = {isa = PBXFileReference; fileEncoding = 4; lastKnownFileType = sourcecode.c.h; path = PureLayoutDefines.h; sourceTree = "<group>"; };
		43B2660C1D252C93009D57E8 /* ConcurrentBaseOperation.swift */ = {isa = PBXFileReference; fileEncoding = 4; lastKnownFileType = sourcecode.swift; path = ConcurrentBaseOperation.swift; sourceTree = "<group>"; };
		43B2C3161D2280ED00A08557 /* 5A90_3590_0E48_AB85_F3DB__045E_4623_C5D1_EAB6_643E.asc */ = {isa = PBXFileReference; fileEncoding = 4; lastKnownFileType = text; path = 5A90_3590_0E48_AB85_F3DB__045E_4623_C5D1_EAB6_643E.asc; sourceTree = "<group>"; };
		43B7154C1CECAADA0027861A /* ViewWidthsAligner.swift */ = {isa = PBXFileReference; fileEncoding = 4; lastKnownFileType = sourcecode.swift; path = ViewWidthsAligner.swift; sourceTree = "<group>"; };
		43C046B51CF42DCF00BD0D9D /* ModelTests.swift */ = {isa = PBXFileReference; fileEncoding = 4; lastKnownFileType = sourcecode.swift; path = ModelTests.swift; sourceTree = "<group>"; };
		43C046BC1CF48D6300BD0D9D /* AddressBook.swift */ = {isa = PBXFileReference; fileEncoding = 4; lastKnownFileType = sourcecode.swift; path = AddressBook.swift; sourceTree = "<group>"; };
		43C046BE1CF48EA500BD0D9D /* AddressBook.framework */ = {isa = PBXFileReference; lastKnownFileType = wrapper.framework; name = AddressBook.framework; path = System/Library/Frameworks/AddressBook.framework; sourceTree = SDKROOT; };
		43C6F35A1CBE7496006A2A18 /* ConnectionManager.swift */ = {isa = PBXFileReference; fileEncoding = 4; lastKnownFileType = sourcecode.swift; path = ConnectionManager.swift; sourceTree = "<group>"; };
		43C6F3601CBE8153006A2A18 /* Service.swift */ = {isa = PBXFileReference; fileEncoding = 4; lastKnownFileType = sourcecode.swift; path = Service.swift; sourceTree = "<group>"; };
		43C7B9D01CEC4DDF007A612F /* MiscTests.swift */ = {isa = PBXFileReference; fileEncoding = 4; lastKnownFileType = sourcecode.swift; path = MiscTests.swift; sourceTree = "<group>"; };
		43DA52671CEF1B4F0023D540 /* NewAccountSetupUITest.swift */ = {isa = PBXFileReference; fileEncoding = 4; lastKnownFileType = sourcecode.swift; path = NewAccountSetupUITest.swift; sourceTree = "<group>"; };
		43DA52701CEF3B0E0023D540 /* UITestData.swift */ = {isa = PBXFileReference; fileEncoding = 4; lastKnownFileType = sourcecode.swift; path = UITestData.swift; sourceTree = "<group>"; };
		43DBE8D61CF6F66F00306AAE /* GrandOperatorTests.swift */ = {isa = PBXFileReference; fileEncoding = 4; lastKnownFileType = sourcecode.swift; path = GrandOperatorTests.swift; sourceTree = "<group>"; };
		43DE44141D1A69D8005E21F3 /* CreateLocalSpecialFoldersOperation.swift */ = {isa = PBXFileReference; fileEncoding = 4; lastKnownFileType = sourcecode.swift; path = CreateLocalSpecialFoldersOperation.swift; sourceTree = "<group>"; };
		43E1D10A1D1976AC002DB305 /* PEPMyselfOperation.swift */ = {isa = PBXFileReference; fileEncoding = 4; lastKnownFileType = sourcecode.swift; path = PEPMyselfOperation.swift; sourceTree = "<group>"; };
		43E58EB31CBF8301008AA7A7 /* Account.swift */ = {isa = PBXFileReference; fileEncoding = 4; lastKnownFileType = sourcecode.swift; path = Account.swift; sourceTree = "<group>"; };
		43E58EB41CBF8301008AA7A7 /* Folder.swift */ = {isa = PBXFileReference; fileEncoding = 4; lastKnownFileType = sourcecode.swift; path = Folder.swift; sourceTree = "<group>"; };
		43E58EB61CBF8301008AA7A7 /* _Account.swift */ = {isa = PBXFileReference; fileEncoding = 4; lastKnownFileType = sourcecode.swift; path = _Account.swift; sourceTree = "<group>"; };
		43E58EB71CBF8301008AA7A7 /* _Folder.swift */ = {isa = PBXFileReference; fileEncoding = 4; lastKnownFileType = sourcecode.swift; path = _Folder.swift; sourceTree = "<group>"; };
		43E58EC51CBF8365008AA7A7 /* BaseManagedObject.swift */ = {isa = PBXFileReference; fileEncoding = 4; lastKnownFileType = sourcecode.swift; path = BaseManagedObject.swift; sourceTree = "<group>"; };
		43E58ED01CBFA943008AA7A7 /* KeyChain.swift */ = {isa = PBXFileReference; fileEncoding = 4; lastKnownFileType = sourcecode.swift; path = KeyChain.swift; sourceTree = "<group>"; };
		43ED53631CC77F95006AB156 /* EmailListViewCell.swift */ = {isa = PBXFileReference; fileEncoding = 4; lastKnownFileType = sourcecode.swift; path = EmailListViewCell.swift; sourceTree = "<group>"; };
		43ED53641CC77F95006AB156 /* EmailListViewController.swift */ = {isa = PBXFileReference; fileEncoding = 4; lastKnownFileType = sourcecode.swift; path = EmailListViewController.swift; sourceTree = "<group>"; };
		43ED53661CC77F95006AB156 /* IMAPSettingsTableView.swift */ = {isa = PBXFileReference; fileEncoding = 4; lastKnownFileType = sourcecode.swift; path = IMAPSettingsTableView.swift; sourceTree = "<group>"; };
		43ED53671CC77F95006AB156 /* Mail.swift */ = {isa = PBXFileReference; fileEncoding = 4; lastKnownFileType = sourcecode.swift; path = Mail.swift; sourceTree = "<group>"; };
		43ED53681CC77F95006AB156 /* MailCell.swift */ = {isa = PBXFileReference; fileEncoding = 4; lastKnownFileType = sourcecode.swift; path = MailCell.swift; sourceTree = "<group>"; };
		43ED53691CC77F95006AB156 /* MailList.swift */ = {isa = PBXFileReference; fileEncoding = 4; lastKnownFileType = sourcecode.swift; path = MailList.swift; sourceTree = "<group>"; };
		43ED536A1CC77F95006AB156 /* MailSettingParameters.swift */ = {isa = PBXFileReference; fileEncoding = 4; lastKnownFileType = sourcecode.swift; path = MailSettingParameters.swift; sourceTree = "<group>"; };
		43ED536B1CC77F95006AB156 /* MailTableView.swift */ = {isa = PBXFileReference; fileEncoding = 4; lastKnownFileType = sourcecode.swift; path = MailTableView.swift; sourceTree = "<group>"; };
		43ED536C1CC77F95006AB156 /* OneValueSettingCell.swift */ = {isa = PBXFileReference; fileEncoding = 4; lastKnownFileType = sourcecode.swift; path = OneValueSettingCell.swift; sourceTree = "<group>"; };
		43ED536D1CC77F95006AB156 /* SMTPSettingsTableView.swift */ = {isa = PBXFileReference; fileEncoding = 4; lastKnownFileType = sourcecode.swift; path = SMTPSettingsTableView.swift; sourceTree = "<group>"; };
		43ED536E1CC77F95006AB156 /* UserInfoTableView.swift */ = {isa = PBXFileReference; fileEncoding = 4; lastKnownFileType = sourcecode.swift; path = UserInfoTableView.swift; sourceTree = "<group>"; };
		43F84CD11CD899760092FCAE /* FetchFoldersOperation.swift */ = {isa = PBXFileReference; fileEncoding = 4; lastKnownFileType = sourcecode.swift; path = FetchFoldersOperation.swift; sourceTree = "<group>"; };
		43F84CD51CD89BAB0092FCAE /* SimpleOperationsTest.swift */ = {isa = PBXFileReference; fileEncoding = 4; lastKnownFileType = sourcecode.swift; path = SimpleOperationsTest.swift; sourceTree = "<group>"; };
		5D039A9B1D0EE7F900AD59EC /* PEPUtil.swift */ = {isa = PBXFileReference; fileEncoding = 4; lastKnownFileType = sourcecode.swift; path = PEPUtil.swift; sourceTree = "<group>"; };
		5D039AA11D0EEA3700AD59EC /* DecryptMailOperation.swift */ = {isa = PBXFileReference; fileEncoding = 4; lastKnownFileType = sourcecode.swift; path = DecryptMailOperation.swift; sourceTree = "<group>"; };
		A15724E61D1430FF00122D27 /* PruebaViewController.swift */ = {isa = PBXFileReference; fileEncoding = 4; lastKnownFileType = sourcecode.swift; path = PruebaViewController.swift; sourceTree = "<group>"; };
		A1B50A811CD26FF100B1A997 /* Constants.swift */ = {isa = PBXFileReference; fileEncoding = 4; lastKnownFileType = sourcecode.swift; path = Constants.swift; sourceTree = "<group>"; };
		A1B50A831CD26FF100B1A997 /* InMemoryCoreDataUtil.swift */ = {isa = PBXFileReference; fileEncoding = 4; lastKnownFileType = sourcecode.swift; path = InMemoryCoreDataUtil.swift; sourceTree = "<group>"; };
		A1B50A871CD271EC00B1A997 /* GrandOperatorVerifyTests.swift */ = {isa = PBXFileReference; fileEncoding = 4; lastKnownFileType = sourcecode.swift; path = GrandOperatorVerifyTests.swift; sourceTree = "<group>"; };
		A1B50A881CD271EC00B1A997 /* ImapSyncTest.swift */ = {isa = PBXFileReference; fileEncoding = 4; lastKnownFileType = sourcecode.swift; path = ImapSyncTest.swift; sourceTree = "<group>"; };
		A1BF16591D351518005B98F0 /* LabelMailSecurityTableViewCell.swift */ = {isa = PBXFileReference; fileEncoding = 4; lastKnownFileType = sourcecode.swift; path = LabelMailSecurityTableViewCell.swift; sourceTree = "<group>"; };
		A1D189F51CF87CF400746C15 /* AutocompleteController.swift */ = {isa = PBXFileReference; fileEncoding = 4; lastKnownFileType = sourcecode.swift; path = AutocompleteController.swift; sourceTree = "<group>"; };
		A1F459E61D2FEA2600B82B9B /* Trustwords.storyboard */ = {isa = PBXFileReference; fileEncoding = 4; lastKnownFileType = file.storyboard; name = Trustwords.storyboard; path = Util/Trustwords.storyboard; sourceTree = "<group>"; };
		A1FF4EA71CFD9DFF0005C6BD /* ComposeViewController.swift */ = {isa = PBXFileReference; fileEncoding = 4; lastKnownFileType = sourcecode.swift; path = ComposeViewController.swift; sourceTree = "<group>"; };
/* End PBXFileReference section */

/* Begin PBXFrameworksBuildPhase section */
		43980E201CBD0BC900A7FC3C /* Frameworks */ = {
			isa = PBXFrameworksBuildPhase;
			buildActionMask = 2147483647;
			files = (
				439680981D1855D400DA31D2 /* WebKit.framework in Frameworks */,
				43800D991D112A2A00821E34 /* libxml2.tbd in Frameworks */,
				43C046BF1CF48EA500BD0D9D /* AddressBook.framework in Frameworks */,
				439D40741CC7897B009A4E7C /* libiconv.2.tbd in Frameworks */,
				439D40721CC78958009A4E7C /* libbz2.tbd in Frameworks */,
				439D40701CC78930009A4E7C /* libz.tbd in Frameworks */,
				439D406B1CC78862009A4E7C /* libpEpiOSAdapter.a in Frameworks */,
				434662CC1CBF80850053FC48 /* libPantomimeStatic.a in Frameworks */,
			);
			runOnlyForDeploymentPostprocessing = 0;
		};
		43980E371CBD0BCA00A7FC3C /* Frameworks */ = {
			isa = PBXFrameworksBuildPhase;
			buildActionMask = 2147483647;
			files = (
			);
			runOnlyForDeploymentPostprocessing = 0;
		};
		43980E421CBD0BCA00A7FC3C /* Frameworks */ = {
			isa = PBXFrameworksBuildPhase;
			buildActionMask = 2147483647;
			files = (
			);
			runOnlyForDeploymentPostprocessing = 0;
		};
/* End PBXFrameworksBuildPhase section */

/* Begin PBXGroup section */
		431144A61CC0CB0A0007639D /* Background */ = {
			isa = PBXGroup;
			children = (
				4380F7C11D1BBD5D00326F62 /* EncryptAndSend */,
				4382E6421CC600FF00AA27EA /* PersistentImapFolder.swift */,
				431144AB1CC0CCE20007639D /* GrandOperator.swift */,
				431144B61CC11D6A0007639D /* BaseOperation.swift */,
				43B2660C1D252C93009D57E8 /* ConcurrentBaseOperation.swift */,
				43727F0F1D1ADF7A00F210DB /* GrandOperatorOperation.swift */,
				4325F3131CD8A8D200A10727 /* ConcurrentGrandOperatorOperation.swift */,
				431144A91CC0CB480007639D /* PrefetchEmailsOperation.swift */,
				431144B41CC0FCA40007639D /* StoreFoldersOperation.swift */,
				431144B81CC11DF30007639D /* StorePrefetchedMailOperation.swift */,
				437431F51CFC2F14000F8D35 /* VerifyServiceOperation.swift */,
				439C4D401CD27B0E0099A27F /* VerifyImapConnectionOperation.swift */,
				431ACE661CD35356009EA48E /* VerifySmtpConnectionOperation.swift */,
				43F84CD11CD899760092FCAE /* FetchFoldersOperation.swift */,
				5D039AA11D0EEA3700AD59EC /* DecryptMailOperation.swift */,
				43E1D10A1D1976AC002DB305 /* PEPMyselfOperation.swift */,
				43DE44141D1A69D8005E21F3 /* CreateLocalSpecialFoldersOperation.swift */,
			);
			path = Background;
			sourceTree = "<group>";
		};
		431AE5D11D2EC0A700F609D3 /* Compose */ = {
			isa = PBXGroup;
			children = (
				431AE5D41D2EC0C000F609D3 /* ComposeWithAutocompleteViewController.swift */,
				431AE5D61D2EC0DD00F609D3 /* RecipientCell.swift */,
				431AE5D81D2EC99B00F609D3 /* MessageBodyCell.swift */,
			);
			path = Compose;
			sourceTree = "<group>";
		};
		4327221F1D33F2CB009EC395 /* Trustwords */ = {
			isa = PBXGroup;
			children = (
				432722221D33F2FD009EC395 /* TrustWordsViewCell.swift */,
				432722231D33F2FD009EC395 /* TrustWordsViewController.swift */,
				A1BF16591D351518005B98F0 /* LabelMailSecurityTableViewCell.swift */,
			);
			path = Trustwords;
			sourceTree = "<group>";
		};
		432722441D33F5B6009EC395 /* ContactSearch */ = {
			isa = PBXGroup;
			children = (
				432722451D33F5B6009EC395 /* ContactsSearchResultsController.swift */,
				4340F5F41D34E630006A5C82 /* ContactTableViewCell.swift */,
			);
			path = ContactSearch;
			sourceTree = "<group>";
		};
		437432061CFC49A4000F8D35 /* Util */ = {
			isa = PBXGroup;
			children = (
				4374320A1CFC49B1000F8D35 /* TestUtil.swift */,
				4380F7CC1D1BDB1600326F62 /* PersistentSetup.swift */,
			);
			path = Util;
			sourceTree = "<group>";
		};
		43800D8C1D112A0800821E34 /* HTMLParser */ = {
			isa = PBXGroup;
			children = (
				43800D8D1D112A0800821E34 /* TFHpple.h */,
				43800D8E1D112A0800821E34 /* TFHpple.m */,
				43800D8F1D112A0800821E34 /* TFHppleElement.h */,
				43800D901D112A0800821E34 /* TFHppleElement.m */,
				43800D911D112A0800821E34 /* XPathQuery.h */,
				43800D921D112A0800821E34 /* XPathQuery.m */,
			);
			path = HTMLParser;
			sourceTree = "<group>";
		};
		4380F7C11D1BBD5D00326F62 /* EncryptAndSend */ = {
			isa = PBXGroup;
			children = (
				4380F7C21D1BBD5D00326F62 /* EncryptionData.swift */,
				4380F7C31D1BBD5D00326F62 /* EncryptMailOperation.swift */,
				4380F7C41D1BBD5D00326F62 /* SendMailOperation.swift */,
				4380F7C81D1BBD9D00326F62 /* PersistEmailToIMAPOperation.swift */,
			);
			path = EncryptAndSend;
			sourceTree = "<group>";
		};
		43980E1A1CBD0BC900A7FC3C = {
			isa = PBXGroup;
			children = (
				430C80D41D0EAB6E00CD4582 /* pEpTrustWords.bundle */,
				43980ECE1CBD1CAD00A7FC3C /* Libraries */,
				43980E251CBD0BC900A7FC3C /* pEpForiOS */,
				43980E3D1CBD0BCA00A7FC3C /* pEpForiOSTests */,
				43980E481CBD0BCA00A7FC3C /* pEpForiOSUITests */,
				43980E241CBD0BC900A7FC3C /* Products */,
			);
			sourceTree = "<group>";
		};
		43980E241CBD0BC900A7FC3C /* Products */ = {
			isa = PBXGroup;
			children = (
				43980E231CBD0BC900A7FC3C /* p≡p.app */,
				43980E3A1CBD0BCA00A7FC3C /* pEpForiOSTests.xctest */,
				43980E451CBD0BCA00A7FC3C /* pEpForiOSUITests.xctest */,
			);
			name = Products;
			sourceTree = "<group>";
		};
		43980E251CBD0BC900A7FC3C /* pEpForiOS */ = {
			isa = PBXGroup;
			children = (
				43800D8C1D112A0800821E34 /* HTMLParser */,
				43A0E7321D16C99900159F41 /* PureLayout */,
				431144A61CC0CB0A0007639D /* Background */,
				43E58EB21CBF8301008AA7A7 /* Models */,
				43980EE11CBD24B800A7FC3C /* Sync */,
				43ED53611CC77F95006AB156 /* UI */,
				43980EDE1CBD24B000A7FC3C /* Util */,
				43980E261CBD0BC900A7FC3C /* AppDelegate.swift */,
				A1F459E61D2FEA2600B82B9B /* Trustwords.storyboard */,
				43980E2A1CBD0BC900A7FC3C /* Main.storyboard */,
				43980E301CBD0BCA00A7FC3C /* Assets.xcassets */,
				43980E321CBD0BCA00A7FC3C /* LaunchScreen.storyboard */,
				43980E351CBD0BCA00A7FC3C /* Info.plist */,
				43980E2D1CBD0BCA00A7FC3C /* pEpForiOS.xcdatamodeld */,
				43980EEA1CBD24F100A7FC3C /* pEpForiOS-Bridging-Header.h */,
			);
			path = pEpForiOS;
			sourceTree = "<group>";
		};
		43980E3D1CBD0BCA00A7FC3C /* pEpForiOSTests */ = {
			isa = PBXGroup;
			children = (
				43B2C3151D2280ED00A08557 /* Resources */,
				437432061CFC49A4000F8D35 /* Util */,
				430C80DF1D0EADC200CD4582 /* PepAdapterTests.swift */,
				43DBE8D61CF6F66F00306AAE /* GrandOperatorTests.swift */,
				A1B50A871CD271EC00B1A997 /* GrandOperatorVerifyTests.swift */,
				A1B50A881CD271EC00B1A997 /* ImapSyncTest.swift */,
				43F84CD51CD89BAB0092FCAE /* SimpleOperationsTest.swift */,
				4333FBA41CD9FAC00093364F /* SmtpTest.swift */,
				43C7B9D01CEC4DDF007A612F /* MiscTests.swift */,
				43C046B51CF42DCF00BD0D9D /* ModelTests.swift */,
				431798721CF85181007DD655 /* TCPConnectionTest.swift */,
				431799391CF8A39F007DD655 /* pEpForiOSTests-Bridging-Header.h */,
				4380F7CA1D1BD8FE00326F62 /* PEPUtilTests.swift */,
				432F7D601D2102F10094F097 /* PEPSessionTest.swift */,
				43980E401CBD0BCA00A7FC3C /* Info.plist */,
			);
			path = pEpForiOSTests;
			sourceTree = "<group>";
		};
		43980E481CBD0BCA00A7FC3C /* pEpForiOSUITests */ = {
			isa = PBXGroup;
			children = (
				43980E4B1CBD0BCA00A7FC3C /* Info.plist */,
				43DA52671CEF1B4F0023D540 /* NewAccountSetupUITest.swift */,
				43DA52701CEF3B0E0023D540 /* UITestData.swift */,
			);
			path = pEpForiOSUITests;
			sourceTree = "<group>";
		};
		43980ECE1CBD1CAD00A7FC3C /* Libraries */ = {
			isa = PBXGroup;
			children = (
				439680971D1855D400DA31D2 /* WebKit.framework */,
				43C046BE1CF48EA500BD0D9D /* AddressBook.framework */,
				439D40781CC78A2D009A4E7C /* Raw */,
				43980ECF1CBD1CCD00A7FC3C /* Pantomime.xcodeproj */,
				439D405C1CC78825009A4E7C /* pEpiOSAdapter.xcodeproj */,
			);
			name = Libraries;
			sourceTree = "<group>";
		};
		43980EDE1CBD24B000A7FC3C /* Util */ = {
			isa = PBXGroup;
			children = (
				A1B50A811CD26FF100B1A997 /* Constants.swift */,
				A1B50A831CD26FF100B1A997 /* InMemoryCoreDataUtil.swift */,
				43980EDF1CBD24B000A7FC3C /* Log.swift */,
				43980EF71CBD402400A7FC3C /* CoreDataUtil.swift */,
				43980EF91CBD415700A7FC3C /* AppConfig.swift */,
				43C6F35A1CBE7496006A2A18 /* ConnectionManager.swift */,
				43E58ED01CBFA943008AA7A7 /* KeyChain.swift */,
				435A77C01CC3CB4200133D16 /* Regex.swift */,
				439D40791CC79423009A4E7C /* GCD.swift */,
				434F84441CEB018A0055B7A9 /* NSData+Extensions.swift */,
				43B7154C1CECAADA0027861A /* ViewWidthsAligner.swift */,
				43C046BC1CF48D6300BD0D9D /* AddressBook.swift */,
				431798761CF87FE6007DD655 /* ReferenceCounter.swift */,
				436C5A8D1CFEDF59006A195F /* UIHelper.swift */,
				5D039A9B1D0EE7F900AD59EC /* PEPUtil.swift */,
				4380F7D91D1BFB3100326F62 /* KeyboardObserver.h */,
				4380F7DA1D1BFB3100326F62 /* KeyboardObserver.m */,
				4380F7EE1D1C1C7300326F62 /* PEPSession+Extensions.swift */,
				435B42401D211E5900119048 /* MiscUtil.swift */,
			);
			path = Util;
			sourceTree = "<group>";
		};
		43980EE11CBD24B800A7FC3C /* Sync */ = {
			isa = PBXGroup;
			children = (
				43980EE21CBD24B800A7FC3C /* ConnectInfo.swift */,
				43980EE31CBD24B800A7FC3C /* ImapSync.swift */,
				43980EE41CBD24B800A7FC3C /* SmtpSend.swift */,
				43980EE51CBD24B800A7FC3C /* TestData.swift */,
				43980EF51CBD3EED00A7FC3C /* Mailbox.swift */,
				43C6F3601CBE8153006A2A18 /* Service.swift */,
			);
			path = Sync;
			sourceTree = "<group>";
		};
		439D405D1CC78825009A4E7C /* Products */ = {
			isa = PBXGroup;
			children = (
				439D40661CC78825009A4E7C /* libpEpiOSAdapter.a */,
				439D40681CC78825009A4E7C /* iOSTests.xctest */,
			);
			name = Products;
			sourceTree = "<group>";
		};
		439D40781CC78A2D009A4E7C /* Raw */ = {
			isa = PBXGroup;
			children = (
				43800D981D112A2A00821E34 /* libxml2.tbd */,
				439D40731CC7897B009A4E7C /* libiconv.2.tbd */,
				439D40711CC78958009A4E7C /* libbz2.tbd */,
				439D406F1CC78930009A4E7C /* libz.tbd */,
			);
			name = Raw;
			sourceTree = "<group>";
		};
		43A0E7321D16C99900159F41 /* PureLayout */ = {
			isa = PBXGroup;
			children = (
				43A0E7331D16C99900159F41 /* ALView+PureLayout.h */,
				43A0E7341D16C99900159F41 /* ALView+PureLayout.m */,
				43A0E7351D16C99900159F41 /* NSArray+PureLayout.h */,
				43A0E7361D16C99900159F41 /* NSArray+PureLayout.m */,
				43A0E7371D16C99900159F41 /* NSLayoutConstraint+PureLayout.h */,
				43A0E7381D16C99900159F41 /* NSLayoutConstraint+PureLayout.m */,
				43A0E7391D16C99900159F41 /* PureLayout+Internal.h */,
				43A0E73A1D16C99900159F41 /* PureLayout.h */,
				43A0E73B1D16C99900159F41 /* PureLayoutDefines.h */,
			);
			path = PureLayout;
			sourceTree = "<group>";
		};
		43B2C3151D2280ED00A08557 /* Resources */ = {
			isa = PBXGroup;
			children = (
				43B2C3161D2280ED00A08557 /* 5A90_3590_0E48_AB85_F3DB__045E_4623_C5D1_EAB6_643E.asc */,
			);
			path = Resources;
			sourceTree = "<group>";
		};
		43E58EB21CBF8301008AA7A7 /* Models */ = {
			isa = PBXGroup;
			children = (
				4367E26E1CD7360000B05F83 /* Model.swift */,
				43E58EC51CBF8365008AA7A7 /* BaseManagedObject.swift */,
				4303DAE51CE62D2600D9C0AB /* Attachment.swift */,
				4303DAE61CE62D2600D9C0AB /* AttachmentData.swift */,
				431144BA1CC120220007639D /* Contact.swift */,
				431144BB1CC120220007639D /* Message.swift */,
				43E58EB31CBF8301008AA7A7 /* Account.swift */,
				43E58EB41CBF8301008AA7A7 /* Folder.swift */,
				434596821CE227E6004E8735 /* MessageReference.swift */,
				43E58EB51CBF8301008AA7A7 /* machine */,
			);
			path = Models;
			sourceTree = "<group>";
		};
		43E58EB51CBF8301008AA7A7 /* machine */ = {
			isa = PBXGroup;
			children = (
				4303DAEB1CE62D3700D9C0AB /* _Attachment.swift */,
				4303DAEC1CE62D3700D9C0AB /* _AttachmentData.swift */,
				431144BE1CC1202E0007639D /* _Contact.swift */,
				431144BF1CC1202E0007639D /* _Message.swift */,
				43E58EB61CBF8301008AA7A7 /* _Account.swift */,
				43E58EB71CBF8301008AA7A7 /* _Folder.swift */,
				4345967E1CE227D9004E8735 /* _MessageReference.swift */,
			);
			path = machine;
			sourceTree = "<group>";
		};
		43E6A2791CBF802C00787A56 /* Products */ = {
			isa = PBXGroup;
			children = (
				43E6A2811CBF802C00787A56 /* PantomimeTests.xctest */,
				43E6A2831CBF802C00787A56 /* libPantomimeStatic.a */,
			);
			name = Products;
			sourceTree = "<group>";
		};
		43ED53611CC77F95006AB156 /* UI */ = {
			isa = PBXGroup;
			children = (
				432722441D33F5B6009EC395 /* ContactSearch */,
				4327221F1D33F2CB009EC395 /* Trustwords */,
				431AE5D11D2EC0A700F609D3 /* Compose */,
				43ED53621CC77F95006AB156 /* EmailDisplay */,
				43ED53651CC77F95006AB156 /* ImapSetup */,
			);
			path = UI;
			sourceTree = "<group>";
		};
		43ED53621CC77F95006AB156 /* EmailDisplay */ = {
			isa = PBXGroup;
			children = (
				43ED53631CC77F95006AB156 /* EmailListViewCell.swift */,
				43ED53641CC77F95006AB156 /* EmailListViewController.swift */,
				431E8F7D1CFDCF3A00C33647 /* EmailViewController.swift */,
				43404B471D17D36D00D8B6FF /* EmailHeaderView.swift */,
			);
			path = EmailDisplay;
			sourceTree = "<group>";
		};
		43ED53651CC77F95006AB156 /* ImapSetup */ = {
			isa = PBXGroup;
			children = (
				43ED536E1CC77F95006AB156 /* UserInfoTableView.swift */,
				43ED53661CC77F95006AB156 /* IMAPSettingsTableView.swift */,
				43ED536D1CC77F95006AB156 /* SMTPSettingsTableView.swift */,
				43ED53671CC77F95006AB156 /* Mail.swift */,
				43ED53681CC77F95006AB156 /* MailCell.swift */,
				43ED53691CC77F95006AB156 /* MailList.swift */,
				43ED536A1CC77F95006AB156 /* MailSettingParameters.swift */,
				43ED536B1CC77F95006AB156 /* MailTableView.swift */,
				43ED536C1CC77F95006AB156 /* OneValueSettingCell.swift */,
				A1D189F51CF87CF400746C15 /* AutocompleteController.swift */,
				A1FF4EA71CFD9DFF0005C6BD /* ComposeViewController.swift */,
				A15724E61D1430FF00122D27 /* PruebaViewController.swift */,
			);
			path = ImapSetup;
			sourceTree = "<group>";
		};
/* End PBXGroup section */

/* Begin PBXNativeTarget section */
		43980E221CBD0BC900A7FC3C /* p≡p */ = {
			isa = PBXNativeTarget;
			buildConfigurationList = 43980E4E1CBD0BCA00A7FC3C /* Build configuration list for PBXNativeTarget "p≡p" */;
			buildPhases = (
				43980E1F1CBD0BC900A7FC3C /* Sources */,
				43980E201CBD0BC900A7FC3C /* Frameworks */,
				43980E211CBD0BC900A7FC3C /* Resources */,
			);
			buildRules = (
			);
			dependencies = (
				439D406A1CC7883D009A4E7C /* PBXTargetDependency */,
				434662CE1CBF808D0053FC48 /* PBXTargetDependency */,
			);
			name = "p≡p";
			productName = pEpForiOS;
			productReference = 43980E231CBD0BC900A7FC3C /* p≡p.app */;
			productType = "com.apple.product-type.application";
		};
		43980E391CBD0BCA00A7FC3C /* pEpForiOSTests */ = {
			isa = PBXNativeTarget;
			buildConfigurationList = 43980E511CBD0BCA00A7FC3C /* Build configuration list for PBXNativeTarget "pEpForiOSTests" */;
			buildPhases = (
				43980E361CBD0BCA00A7FC3C /* Sources */,
				43980E371CBD0BCA00A7FC3C /* Frameworks */,
				43980E381CBD0BCA00A7FC3C /* Resources */,
			);
			buildRules = (
			);
			dependencies = (
				43980E3C1CBD0BCA00A7FC3C /* PBXTargetDependency */,
			);
			name = pEpForiOSTests;
			productName = pEpForiOSTests;
			productReference = 43980E3A1CBD0BCA00A7FC3C /* pEpForiOSTests.xctest */;
			productType = "com.apple.product-type.bundle.unit-test";
		};
		43980E441CBD0BCA00A7FC3C /* pEpForiOSUITests */ = {
			isa = PBXNativeTarget;
			buildConfigurationList = 43980E541CBD0BCA00A7FC3C /* Build configuration list for PBXNativeTarget "pEpForiOSUITests" */;
			buildPhases = (
				43980E411CBD0BCA00A7FC3C /* Sources */,
				43980E421CBD0BCA00A7FC3C /* Frameworks */,
				43980E431CBD0BCA00A7FC3C /* Resources */,
			);
			buildRules = (
			);
			dependencies = (
				43980E471CBD0BCA00A7FC3C /* PBXTargetDependency */,
			);
			name = pEpForiOSUITests;
			productName = pEpForiOSUITests;
			productReference = 43980E451CBD0BCA00A7FC3C /* pEpForiOSUITests.xctest */;
			productType = "com.apple.product-type.bundle.ui-testing";
		};
/* End PBXNativeTarget section */

/* Begin PBXProject section */
		43980E1B1CBD0BC900A7FC3C /* Project object */ = {
			isa = PBXProject;
			attributes = {
				LastSwiftUpdateCheck = 0730;
				LastUpgradeCheck = 0730;
				ORGANIZATIONNAME = "p≡p Security S.A.";
				TargetAttributes = {
					43980E221CBD0BC900A7FC3C = {
						CreatedOnToolsVersion = 7.3;
						DevelopmentTeam = SBPJ2E4G5X;
					};
					43980E391CBD0BCA00A7FC3C = {
						CreatedOnToolsVersion = 7.3;
						TestTargetID = 43980E221CBD0BC900A7FC3C;
					};
					43980E441CBD0BCA00A7FC3C = {
						CreatedOnToolsVersion = 7.3;
						TestTargetID = 43980E221CBD0BC900A7FC3C;
					};
				};
			};
			buildConfigurationList = 43980E1E1CBD0BC900A7FC3C /* Build configuration list for PBXProject "pEpForiOS" */;
			compatibilityVersion = "Xcode 3.2";
			developmentRegion = English;
			hasScannedForEncodings = 0;
			knownRegions = (
				en,
				Base,
			);
			mainGroup = 43980E1A1CBD0BC900A7FC3C;
			productRefGroup = 43980E241CBD0BC900A7FC3C /* Products */;
			projectDirPath = "";
			projectReferences = (
				{
					ProductGroup = 43E6A2791CBF802C00787A56 /* Products */;
					ProjectRef = 43980ECF1CBD1CCD00A7FC3C /* Pantomime.xcodeproj */;
				},
				{
					ProductGroup = 439D405D1CC78825009A4E7C /* Products */;
					ProjectRef = 439D405C1CC78825009A4E7C /* pEpiOSAdapter.xcodeproj */;
				},
			);
			projectRoot = "";
			targets = (
				43980E221CBD0BC900A7FC3C /* p≡p */,
				43980E391CBD0BCA00A7FC3C /* pEpForiOSTests */,
				43980E441CBD0BCA00A7FC3C /* pEpForiOSUITests */,
			);
		};
/* End PBXProject section */

/* Begin PBXReferenceProxy section */
		439D40661CC78825009A4E7C /* libpEpiOSAdapter.a */ = {
			isa = PBXReferenceProxy;
			fileType = archive.ar;
			path = libpEpiOSAdapter.a;
			remoteRef = 439D40651CC78825009A4E7C /* PBXContainerItemProxy */;
			sourceTree = BUILT_PRODUCTS_DIR;
		};
		439D40681CC78825009A4E7C /* iOSTests.xctest */ = {
			isa = PBXReferenceProxy;
			fileType = wrapper.cfbundle;
			path = iOSTests.xctest;
			remoteRef = 439D40671CC78825009A4E7C /* PBXContainerItemProxy */;
			sourceTree = BUILT_PRODUCTS_DIR;
		};
		43E6A2811CBF802C00787A56 /* PantomimeTests.xctest */ = {
			isa = PBXReferenceProxy;
			fileType = wrapper.cfbundle;
			path = PantomimeTests.xctest;
			remoteRef = 43E6A2801CBF802C00787A56 /* PBXContainerItemProxy */;
			sourceTree = BUILT_PRODUCTS_DIR;
		};
		43E6A2831CBF802C00787A56 /* libPantomimeStatic.a */ = {
			isa = PBXReferenceProxy;
			fileType = archive.ar;
			path = libPantomimeStatic.a;
			remoteRef = 43E6A2821CBF802C00787A56 /* PBXContainerItemProxy */;
			sourceTree = BUILT_PRODUCTS_DIR;
		};
/* End PBXReferenceProxy section */

/* Begin PBXResourcesBuildPhase section */
		43980E211CBD0BC900A7FC3C /* Resources */ = {
			isa = PBXResourcesBuildPhase;
			buildActionMask = 2147483647;
			files = (
				43980E341CBD0BCA00A7FC3C /* LaunchScreen.storyboard in Resources */,
				43980E311CBD0BCA00A7FC3C /* Assets.xcassets in Resources */,
				430C80D51D0EAB6E00CD4582 /* pEpTrustWords.bundle in Resources */,
				43980E2C1CBD0BC900A7FC3C /* Main.storyboard in Resources */,
				A1F459E71D2FEA2600B82B9B /* Trustwords.storyboard in Resources */,
			);
			runOnlyForDeploymentPostprocessing = 0;
		};
		43980E381CBD0BCA00A7FC3C /* Resources */ = {
			isa = PBXResourcesBuildPhase;
			buildActionMask = 2147483647;
			files = (
				430C80D61D0EAB6E00CD4582 /* pEpTrustWords.bundle in Resources */,
				43B2C31B1D2280ED00A08557 /* 5A90_3590_0E48_AB85_F3DB__045E_4623_C5D1_EAB6_643E.asc in Resources */,
			);
			runOnlyForDeploymentPostprocessing = 0;
		};
		43980E431CBD0BCA00A7FC3C /* Resources */ = {
			isa = PBXResourcesBuildPhase;
			buildActionMask = 2147483647;
			files = (
			);
			runOnlyForDeploymentPostprocessing = 0;
		};
/* End PBXResourcesBuildPhase section */

/* Begin PBXSourcesBuildPhase section */
		43980E1F1CBD0BC900A7FC3C /* Sources */ = {
			isa = PBXSourcesBuildPhase;
			buildActionMask = 2147483647;
			files = (
				431144BC1CC120220007639D /* Contact.swift in Sources */,
				43ED53771CC77F95006AB156 /* OneValueSettingCell.swift in Sources */,
				43ED53741CC77F95006AB156 /* MailList.swift in Sources */,
				43E58EC61CBF8365008AA7A7 /* BaseManagedObject.swift in Sources */,
				5D039AA21D0EEA3700AD59EC /* DecryptMailOperation.swift in Sources */,
				431AE5D91D2EC99B00F609D3 /* MessageBodyCell.swift in Sources */,
				4340F5F51D34E630006A5C82 /* ContactTableViewCell.swift in Sources */,
				431798771CF87FE6007DD655 /* ReferenceCounter.swift in Sources */,
				431144AA1CC0CB480007639D /* PrefetchEmailsOperation.swift in Sources */,
				5D039A9C1D0EE7F900AD59EC /* PEPUtil.swift in Sources */,
				43980EE81CBD24B800A7FC3C /* SmtpSend.swift in Sources */,
				437431F61CFC2F14000F8D35 /* VerifyServiceOperation.swift in Sources */,
				4380F7C71D1BBD5D00326F62 /* SendMailOperation.swift in Sources */,
				4380F7DB1D1BFB3100326F62 /* KeyboardObserver.m in Sources */,
				4380F7C91D1BBD9D00326F62 /* PersistEmailToIMAPOperation.swift in Sources */,
				431144B51CC0FCA40007639D /* StoreFoldersOperation.swift in Sources */,
				43C6F3611CBE8153006A2A18 /* Service.swift in Sources */,
				439D407A1CC79423009A4E7C /* GCD.swift in Sources */,
				43E58EB91CBF8301008AA7A7 /* Folder.swift in Sources */,
				4303DAE71CE62D2600D9C0AB /* Attachment.swift in Sources */,
				43ED53791CC77F95006AB156 /* UserInfoTableView.swift in Sources */,
				A1B50A861CD26FF100B1A997 /* InMemoryCoreDataUtil.swift in Sources */,
				43DE44151D1A69D8005E21F3 /* CreateLocalSpecialFoldersOperation.swift in Sources */,
				43C6F35B1CBE7496006A2A18 /* ConnectionManager.swift in Sources */,
				43404B481D17D36D00D8B6FF /* EmailHeaderView.swift in Sources */,
				4325F3141CD8A8D200A10727 /* ConcurrentGrandOperatorOperation.swift in Sources */,
				A1FF4EA81CFD9DFF0005C6BD /* ComposeViewController.swift in Sources */,
				43980E2F1CBD0BCA00A7FC3C /* pEpForiOS.xcdatamodeld in Sources */,
				43E58EB81CBF8301008AA7A7 /* Account.swift in Sources */,
				432722241D33F2FD009EC395 /* TrustWordsViewCell.swift in Sources */,
				43ED53711CC77F95006AB156 /* IMAPSettingsTableView.swift in Sources */,
				43980EE71CBD24B800A7FC3C /* ImapSync.swift in Sources */,
				431144B91CC11DF30007639D /* StorePrefetchedMailOperation.swift in Sources */,
				43800D931D112A0800821E34 /* TFHpple.m in Sources */,
				43980EE91CBD24B800A7FC3C /* TestData.swift in Sources */,
				43C046BD1CF48D6300BD0D9D /* AddressBook.swift in Sources */,
				431E8F7E1CFDCF3A00C33647 /* EmailViewController.swift in Sources */,
				4380F7C51D1BBD5D00326F62 /* EncryptionData.swift in Sources */,
				4303DAE81CE62D2600D9C0AB /* AttachmentData.swift in Sources */,
				43980EE61CBD24B800A7FC3C /* ConnectInfo.swift in Sources */,
				435B42411D211E5900119048 /* MiscUtil.swift in Sources */,
				43ED53751CC77F95006AB156 /* MailSettingParameters.swift in Sources */,
				43B2660D1D252C93009D57E8 /* ConcurrentBaseOperation.swift in Sources */,
				4380F7EF1D1C1C7300326F62 /* PEPSession+Extensions.swift in Sources */,
				A15724E71D1430FF00122D27 /* PruebaViewController.swift in Sources */,
				4382E6431CC600FF00AA27EA /* PersistentImapFolder.swift in Sources */,
				43B7154D1CECAADA0027861A /* ViewWidthsAligner.swift in Sources */,
				43A0E73E1D16C99900159F41 /* NSLayoutConstraint+PureLayout.m in Sources */,
				43ED536F1CC77F95006AB156 /* EmailListViewCell.swift in Sources */,
				43F84CD21CD899760092FCAE /* FetchFoldersOperation.swift in Sources */,
				432722251D33F2FD009EC395 /* TrustWordsViewController.swift in Sources */,
				431AE5D71D2EC0DD00F609D3 /* RecipientCell.swift in Sources */,
				43727F101D1ADF7A00F210DB /* GrandOperatorOperation.swift in Sources */,
				4345967F1CE227D9004E8735 /* _MessageReference.swift in Sources */,
				431144AC1CC0CCE30007639D /* GrandOperator.swift in Sources */,
				431144C01CC1202E0007639D /* _Contact.swift in Sources */,
				434F84451CEB018A0055B7A9 /* NSData+Extensions.swift in Sources */,
				43980EF61CBD3EED00A7FC3C /* Mailbox.swift in Sources */,
				43980EF81CBD402400A7FC3C /* CoreDataUtil.swift in Sources */,
				A1B50A841CD26FF100B1A997 /* Constants.swift in Sources */,
				431ACE671CD35356009EA48E /* VerifySmtpConnectionOperation.swift in Sources */,
				43E58EBB1CBF8301008AA7A7 /* _Folder.swift in Sources */,
				431AE5D51D2EC0C000F609D3 /* ComposeWithAutocompleteViewController.swift in Sources */,
				431144C11CC1202E0007639D /* _Message.swift in Sources */,
				43E1D10B1D1976AC002DB305 /* PEPMyselfOperation.swift in Sources */,
				43ED53721CC77F95006AB156 /* Mail.swift in Sources */,
				4367E26F1CD7360000B05F83 /* Model.swift in Sources */,
				431144B71CC11D6A0007639D /* BaseOperation.swift in Sources */,
				439C4D411CD27B0E0099A27F /* VerifyImapConnectionOperation.swift in Sources */,
				43A0E73D1D16C99900159F41 /* NSArray+PureLayout.m in Sources */,
				432722461D33F5B6009EC395 /* ContactsSearchResultsController.swift in Sources */,
				4303DAEE1CE62D3700D9C0AB /* _AttachmentData.swift in Sources */,
				431144BD1CC120220007639D /* Message.swift in Sources */,
				4303DAED1CE62D3700D9C0AB /* _Attachment.swift in Sources */,
				43800D941D112A0800821E34 /* TFHppleElement.m in Sources */,
				435A77C11CC3CB4200133D16 /* Regex.swift in Sources */,
				43800D951D112A0800821E34 /* XPathQuery.m in Sources */,
				43ED53701CC77F95006AB156 /* EmailListViewController.swift in Sources */,
				43E58EBA1CBF8301008AA7A7 /* _Account.swift in Sources */,
				43ED53761CC77F95006AB156 /* MailTableView.swift in Sources */,
				4380F7C61D1BBD5D00326F62 /* EncryptMailOperation.swift in Sources */,
				A1BF165A1D351518005B98F0 /* LabelMailSecurityTableViewCell.swift in Sources */,
				43A0E73C1D16C99900159F41 /* ALView+PureLayout.m in Sources */,
				434596831CE227E6004E8735 /* MessageReference.swift in Sources */,
				43980EFA1CBD415700A7FC3C /* AppConfig.swift in Sources */,
				43ED53731CC77F95006AB156 /* MailCell.swift in Sources */,
				A1014DA71D1173CD00C472A8 /* UIHelper.swift in Sources */,
				43E58ED11CBFA943008AA7A7 /* KeyChain.swift in Sources */,
				43980EE01CBD24B000A7FC3C /* Log.swift in Sources */,
				43980E271CBD0BC900A7FC3C /* AppDelegate.swift in Sources */,
				43ED53781CC77F95006AB156 /* SMTPSettingsTableView.swift in Sources */,
			);
			runOnlyForDeploymentPostprocessing = 0;
		};
		43980E361CBD0BCA00A7FC3C /* Sources */ = {
			isa = PBXSourcesBuildPhase;
			buildActionMask = 2147483647;
			files = (
				43F84CD61CD89BAB0092FCAE /* SimpleOperationsTest.swift in Sources */,
				431798731CF85181007DD655 /* TCPConnectionTest.swift in Sources */,
				4374320B1CFC49B1000F8D35 /* TestUtil.swift in Sources */,
				4380F7CB1D1BD8FE00326F62 /* PEPUtilTests.swift in Sources */,
				5D039AA31D0EEA3700AD59EC /* DecryptMailOperation.swift in Sources */,
				43C7B9D11CEC4DDF007A612F /* MiscTests.swift in Sources */,
				4380F7CD1D1BDB1600326F62 /* PersistentSetup.swift in Sources */,
				A1B50A8A1CD271EC00B1A997 /* GrandOperatorVerifyTests.swift in Sources */,
				432F7D611D2102F10094F097 /* PEPSessionTest.swift in Sources */,
				43DBE8D71CF6F66F00306AAE /* GrandOperatorTests.swift in Sources */,
				4333FBA51CD9FAC00093364F /* SmtpTest.swift in Sources */,
				430C80E01D0EADC200CD4582 /* PepAdapterTests.swift in Sources */,
				A1B50A8B1CD271EC00B1A997 /* ImapSyncTest.swift in Sources */,
				43C046B61CF42DCF00BD0D9D /* ModelTests.swift in Sources */,
			);
			runOnlyForDeploymentPostprocessing = 0;
		};
		43980E411CBD0BCA00A7FC3C /* Sources */ = {
			isa = PBXSourcesBuildPhase;
			buildActionMask = 2147483647;
			files = (
				5D039AA41D0EEA3700AD59EC /* DecryptMailOperation.swift in Sources */,
				43DA52681CEF1B4F0023D540 /* NewAccountSetupUITest.swift in Sources */,
				43DA52711CEF3B0E0023D540 /* UITestData.swift in Sources */,
			);
			runOnlyForDeploymentPostprocessing = 0;
		};
/* End PBXSourcesBuildPhase section */

/* Begin PBXTargetDependency section */
		434662CE1CBF808D0053FC48 /* PBXTargetDependency */ = {
			isa = PBXTargetDependency;
			name = PantomimeStatic;
			targetProxy = 434662CD1CBF808D0053FC48 /* PBXContainerItemProxy */;
		};
		43980E3C1CBD0BCA00A7FC3C /* PBXTargetDependency */ = {
			isa = PBXTargetDependency;
			target = 43980E221CBD0BC900A7FC3C /* p≡p */;
			targetProxy = 43980E3B1CBD0BCA00A7FC3C /* PBXContainerItemProxy */;
		};
		43980E471CBD0BCA00A7FC3C /* PBXTargetDependency */ = {
			isa = PBXTargetDependency;
			target = 43980E221CBD0BC900A7FC3C /* p≡p */;
			targetProxy = 43980E461CBD0BCA00A7FC3C /* PBXContainerItemProxy */;
		};
		439D406A1CC7883D009A4E7C /* PBXTargetDependency */ = {
			isa = PBXTargetDependency;
			name = pEpiOSAdapter;
			targetProxy = 439D40691CC7883D009A4E7C /* PBXContainerItemProxy */;
		};
/* End PBXTargetDependency section */

/* Begin PBXVariantGroup section */
		43980E2A1CBD0BC900A7FC3C /* Main.storyboard */ = {
			isa = PBXVariantGroup;
			children = (
				43980E2B1CBD0BC900A7FC3C /* Base */,
			);
			name = Main.storyboard;
			sourceTree = "<group>";
		};
		43980E321CBD0BCA00A7FC3C /* LaunchScreen.storyboard */ = {
			isa = PBXVariantGroup;
			children = (
				43980E331CBD0BCA00A7FC3C /* Base */,
			);
			name = LaunchScreen.storyboard;
			sourceTree = "<group>";
		};
/* End PBXVariantGroup section */

/* Begin XCBuildConfiguration section */
		43980E4C1CBD0BCA00A7FC3C /* Debug */ = {
			isa = XCBuildConfiguration;
			buildSettings = {
				ALWAYS_SEARCH_USER_PATHS = NO;
				CLANG_ANALYZER_NONNULL = YES;
				CLANG_CXX_LANGUAGE_STANDARD = "gnu++0x";
				CLANG_CXX_LIBRARY = "libc++";
				CLANG_ENABLE_MODULES = YES;
				CLANG_ENABLE_OBJC_ARC = YES;
				CLANG_WARN_BOOL_CONVERSION = YES;
				CLANG_WARN_CONSTANT_CONVERSION = YES;
				CLANG_WARN_DIRECT_OBJC_ISA_USAGE = YES_ERROR;
				CLANG_WARN_EMPTY_BODY = YES;
				CLANG_WARN_ENUM_CONVERSION = YES;
				CLANG_WARN_INT_CONVERSION = YES;
				CLANG_WARN_OBJC_ROOT_CLASS = YES_ERROR;
				CLANG_WARN_UNREACHABLE_CODE = YES;
				CLANG_WARN__DUPLICATE_METHOD_MATCH = YES;
				"CODE_SIGN_IDENTITY[sdk=iphoneos*]" = "iPhone Developer";
				COPY_PHASE_STRIP = NO;
				DEBUG_INFORMATION_FORMAT = dwarf;
				ENABLE_STRICT_OBJC_MSGSEND = YES;
				ENABLE_TESTABILITY = YES;
				GCC_C_LANGUAGE_STANDARD = gnu99;
				GCC_DYNAMIC_NO_PIC = NO;
				GCC_NO_COMMON_BLOCKS = YES;
				GCC_OPTIMIZATION_LEVEL = 0;
				GCC_PREPROCESSOR_DEFINITIONS = (
					"DEBUG=1",
					"$(inherited)",
				);
				GCC_WARN_64_TO_32_BIT_CONVERSION = YES;
				GCC_WARN_ABOUT_DEPRECATED_FUNCTIONS = NO;
				GCC_WARN_ABOUT_RETURN_TYPE = YES_ERROR;
				GCC_WARN_UNDECLARED_SELECTOR = YES;
				GCC_WARN_UNINITIALIZED_AUTOS = YES_AGGRESSIVE;
				GCC_WARN_UNUSED_FUNCTION = YES;
				GCC_WARN_UNUSED_VARIABLE = YES;
				HEADER_SEARCH_PATHS = (
					"$(SRCROOT)/../pantomime-iOS/pantomime-lib/Framework/",
					"$(SDKROOT)/usr/include/libxml2",
				);
				IPHONEOS_DEPLOYMENT_TARGET = 9.0;
				MTL_ENABLE_DEBUG_INFO = YES;
				ONLY_ACTIVE_ARCH = YES;
				OTHER_LDFLAGS = "-ObjC";
				SDKROOT = iphoneos;
				SWIFT_OPTIMIZATION_LEVEL = "-Onone";
				TARGETED_DEVICE_FAMILY = "1,2";
			};
			name = Debug;
		};
		43980E4D1CBD0BCA00A7FC3C /* Release */ = {
			isa = XCBuildConfiguration;
			buildSettings = {
				ALWAYS_SEARCH_USER_PATHS = NO;
				CLANG_ANALYZER_NONNULL = YES;
				CLANG_CXX_LANGUAGE_STANDARD = "gnu++0x";
				CLANG_CXX_LIBRARY = "libc++";
				CLANG_ENABLE_MODULES = YES;
				CLANG_ENABLE_OBJC_ARC = YES;
				CLANG_WARN_BOOL_CONVERSION = YES;
				CLANG_WARN_CONSTANT_CONVERSION = YES;
				CLANG_WARN_DIRECT_OBJC_ISA_USAGE = YES_ERROR;
				CLANG_WARN_EMPTY_BODY = YES;
				CLANG_WARN_ENUM_CONVERSION = YES;
				CLANG_WARN_INT_CONVERSION = YES;
				CLANG_WARN_OBJC_ROOT_CLASS = YES_ERROR;
				CLANG_WARN_UNREACHABLE_CODE = YES;
				CLANG_WARN__DUPLICATE_METHOD_MATCH = YES;
				"CODE_SIGN_IDENTITY[sdk=iphoneos*]" = "iPhone Developer";
				COPY_PHASE_STRIP = NO;
				DEBUG_INFORMATION_FORMAT = "dwarf-with-dsym";
				ENABLE_NS_ASSERTIONS = NO;
				ENABLE_STRICT_OBJC_MSGSEND = YES;
				GCC_C_LANGUAGE_STANDARD = gnu99;
				GCC_NO_COMMON_BLOCKS = YES;
				GCC_WARN_64_TO_32_BIT_CONVERSION = YES;
				GCC_WARN_ABOUT_DEPRECATED_FUNCTIONS = NO;
				GCC_WARN_ABOUT_RETURN_TYPE = YES_ERROR;
				GCC_WARN_UNDECLARED_SELECTOR = YES;
				GCC_WARN_UNINITIALIZED_AUTOS = YES_AGGRESSIVE;
				GCC_WARN_UNUSED_FUNCTION = YES;
				GCC_WARN_UNUSED_VARIABLE = YES;
				HEADER_SEARCH_PATHS = (
					"$(SRCROOT)/../pantomime-iOS/pantomime-lib/Framework/",
					"$(SDKROOT)/usr/include/libxml2",
				);
				IPHONEOS_DEPLOYMENT_TARGET = 9.0;
				MTL_ENABLE_DEBUG_INFO = NO;
				OTHER_LDFLAGS = "-ObjC";
				SDKROOT = iphoneos;
				TARGETED_DEVICE_FAMILY = "1,2";
				VALIDATE_PRODUCT = YES;
			};
			name = Release;
		};
		43980E4F1CBD0BCA00A7FC3C /* Debug */ = {
			isa = XCBuildConfiguration;
			buildSettings = {
				ASSETCATALOG_COMPILER_APPICON_NAME = AppIcon;
				CODE_SIGN_IDENTITY = "iPhone Developer";
				"CODE_SIGN_IDENTITY[sdk=iphoneos*]" = "iPhone Developer";
				INFOPLIST_FILE = pEpForiOS/Info.plist;
				IPHONEOS_DEPLOYMENT_TARGET = 8.0;
				LD_RUNPATH_SEARCH_PATHS = "$(inherited) @executable_path/Frameworks";
				PRODUCT_BUNDLE_IDENTIFIER = "net.pep-security.apps.pEpAlpha";
				PRODUCT_MODULE_NAME = pEpForiOS;
				PRODUCT_NAME = "$(TARGET_NAME)";
				PROVISIONING_PROFILE = "";
				SWIFT_OBJC_BRIDGING_HEADER = "$(SRCROOT)//pEpForiOS/pEpForiOS-Bridging-Header.h";
			};
			name = Debug;
		};
		43980E501CBD0BCA00A7FC3C /* Release */ = {
			isa = XCBuildConfiguration;
			buildSettings = {
				ASSETCATALOG_COMPILER_APPICON_NAME = AppIcon;
				CODE_SIGN_IDENTITY = "iPhone Developer";
				"CODE_SIGN_IDENTITY[sdk=iphoneos*]" = "iPhone Developer";
				INFOPLIST_FILE = pEpForiOS/Info.plist;
				IPHONEOS_DEPLOYMENT_TARGET = 8.0;
				LD_RUNPATH_SEARCH_PATHS = "$(inherited) @executable_path/Frameworks";
				PRODUCT_BUNDLE_IDENTIFIER = "net.pep-security.apps.pEpAlpha";
				PRODUCT_MODULE_NAME = pEpForiOS;
				PRODUCT_NAME = "$(TARGET_NAME)";
				PROVISIONING_PROFILE = "";
				SWIFT_OBJC_BRIDGING_HEADER = "$(SRCROOT)//pEpForiOS/pEpForiOS-Bridging-Header.h";
			};
			name = Release;
		};
		43980E521CBD0BCA00A7FC3C /* Debug */ = {
			isa = XCBuildConfiguration;
			buildSettings = {
				BUNDLE_LOADER = "$(TEST_HOST)";
				CLANG_ENABLE_MODULES = YES;
				INFOPLIST_FILE = pEpForiOSTests/Info.plist;
				LD_RUNPATH_SEARCH_PATHS = "$(inherited) @executable_path/Frameworks @loader_path/Frameworks";
				PRODUCT_BUNDLE_IDENTIFIER = "net.pep-security.apps.pEpForiOSTests";
				PRODUCT_NAME = "$(TARGET_NAME)";
				SWIFT_OBJC_BRIDGING_HEADER = "pEpForiOSTests/pEpForiOSTests-Bridging-Header.h";
				SWIFT_OPTIMIZATION_LEVEL = "-Onone";
				TEST_HOST = "$(BUILT_PRODUCTS_DIR)/p≡p.app/p≡p";
			};
			name = Debug;
		};
		43980E531CBD0BCA00A7FC3C /* Release */ = {
			isa = XCBuildConfiguration;
			buildSettings = {
				BUNDLE_LOADER = "$(TEST_HOST)";
				CLANG_ENABLE_MODULES = YES;
				INFOPLIST_FILE = pEpForiOSTests/Info.plist;
				LD_RUNPATH_SEARCH_PATHS = "$(inherited) @executable_path/Frameworks @loader_path/Frameworks";
				PRODUCT_BUNDLE_IDENTIFIER = "net.pep-security.apps.pEpForiOSTests";
				PRODUCT_NAME = "$(TARGET_NAME)";
				SWIFT_OBJC_BRIDGING_HEADER = "pEpForiOSTests/pEpForiOSTests-Bridging-Header.h";
				TEST_HOST = "$(BUILT_PRODUCTS_DIR)/p≡p.app/p≡p";
			};
			name = Release;
		};
		43980E551CBD0BCA00A7FC3C /* Debug */ = {
			isa = XCBuildConfiguration;
			buildSettings = {
				INFOPLIST_FILE = pEpForiOSUITests/Info.plist;
				LD_RUNPATH_SEARCH_PATHS = "$(inherited) @executable_path/Frameworks @loader_path/Frameworks";
				PRODUCT_BUNDLE_IDENTIFIER = "net.pep-security.apps.pEpForiOSUITests";
				PRODUCT_NAME = "$(TARGET_NAME)";
				PROVISIONING_PROFILE = "";
				TEST_TARGET_NAME = "p≡p";
			};
			name = Debug;
		};
		43980E561CBD0BCA00A7FC3C /* Release */ = {
			isa = XCBuildConfiguration;
			buildSettings = {
				INFOPLIST_FILE = pEpForiOSUITests/Info.plist;
				LD_RUNPATH_SEARCH_PATHS = "$(inherited) @executable_path/Frameworks @loader_path/Frameworks";
				PRODUCT_BUNDLE_IDENTIFIER = "net.pep-security.apps.pEpForiOSUITests";
				PRODUCT_NAME = "$(TARGET_NAME)";
				PROVISIONING_PROFILE = "";
				TEST_TARGET_NAME = "p≡p";
			};
			name = Release;
		};
/* End XCBuildConfiguration section */

/* Begin XCConfigurationList section */
		43980E1E1CBD0BC900A7FC3C /* Build configuration list for PBXProject "pEpForiOS" */ = {
			isa = XCConfigurationList;
			buildConfigurations = (
				43980E4C1CBD0BCA00A7FC3C /* Debug */,
				43980E4D1CBD0BCA00A7FC3C /* Release */,
			);
			defaultConfigurationIsVisible = 0;
			defaultConfigurationName = Release;
		};
		43980E4E1CBD0BCA00A7FC3C /* Build configuration list for PBXNativeTarget "p≡p" */ = {
			isa = XCConfigurationList;
			buildConfigurations = (
				43980E4F1CBD0BCA00A7FC3C /* Debug */,
				43980E501CBD0BCA00A7FC3C /* Release */,
			);
			defaultConfigurationIsVisible = 0;
			defaultConfigurationName = Release;
		};
		43980E511CBD0BCA00A7FC3C /* Build configuration list for PBXNativeTarget "pEpForiOSTests" */ = {
			isa = XCConfigurationList;
			buildConfigurations = (
				43980E521CBD0BCA00A7FC3C /* Debug */,
				43980E531CBD0BCA00A7FC3C /* Release */,
			);
			defaultConfigurationIsVisible = 0;
			defaultConfigurationName = Release;
		};
		43980E541CBD0BCA00A7FC3C /* Build configuration list for PBXNativeTarget "pEpForiOSUITests" */ = {
			isa = XCConfigurationList;
			buildConfigurations = (
				43980E551CBD0BCA00A7FC3C /* Debug */,
				43980E561CBD0BCA00A7FC3C /* Release */,
			);
			defaultConfigurationIsVisible = 0;
			defaultConfigurationName = Release;
		};
/* End XCConfigurationList section */

/* Begin XCVersionGroup section */
		43980E2D1CBD0BCA00A7FC3C /* pEpForiOS.xcdatamodeld */ = {
			isa = XCVersionGroup;
			children = (
				43980E2E1CBD0BCA00A7FC3C /* pEpForiOS.xcdatamodel */,
			);
			currentVersion = 43980E2E1CBD0BCA00A7FC3C /* pEpForiOS.xcdatamodel */;
			path = pEpForiOS.xcdatamodeld;
			sourceTree = "<group>";
			versionGroupType = wrapper.xcdatamodel;
		};
/* End XCVersionGroup section */
	};
	rootObject = 43980E1B1CBD0BC900A7FC3C /* Project object */;
}
