// !$*UTF8*$!
{
	archiveVersion = 1;
	classes = {
	};
	objectVersion = 50;
	objects = {

/* Begin PBXBuildFile section */
		1506E89F25ADE91600909821 /* TestUtils.swift in Sources */ = {isa = PBXBuildFile; fileRef = 1506E89E25ADE91600909821 /* TestUtils.swift */; };
		1506E8B125ADE97800909821 /* DocumentsDirectoryBrowserTest.swift in Sources */ = {isa = PBXBuildFile; fileRef = 1506E8B025ADE97800909821 /* DocumentsDirectoryBrowserTest.swift */; };
		1506E8BE25ADE98C00909821 /* LoggerTest.swift in Sources */ = {isa = PBXBuildFile; fileRef = 1506E8BD25ADE98C00909821 /* LoggerTest.swift */; };
		1522956223044EAA00204FD3 /* String+FPR.swift in Sources */ = {isa = PBXBuildFile; fileRef = 1522956123044EAA00204FD3 /* String+FPR.swift */; };
		1522956623044FD000204FD3 /* String+FPRTest.swift in Sources */ = {isa = PBXBuildFile; fileRef = 1522956523044FD000204FD3 /* String+FPRTest.swift */; };
		154660EA233A7359008D2137 /* NSAttributedString+AttributeCleanup.swift in Sources */ = {isa = PBXBuildFile; fileRef = 154660E9233A7359008D2137 /* NSAttributedString+AttributeCleanup.swift */; };
		154944CF229A97AA00CC6431 /* SelfReferencingOperation.swift in Sources */ = {isa = PBXBuildFile; fileRef = 154944CE229A97AA00CC6431 /* SelfReferencingOperation.swift */; };
		155528C423A797E4008486DF /* UIView+Autolayout.swift in Sources */ = {isa = PBXBuildFile; fileRef = 155528C323A797DC008486DF /* UIView+Autolayout.swift */; };
		158A564D24004619003C0D7E /* UIApplication+NavigationStack.swift in Sources */ = {isa = PBXBuildFile; fileRef = 158A564C24004619003C0D7E /* UIApplication+NavigationStack.swift */; };
		370DB3CF22804A3600BC929A /* NSSecureCoding+Extension.swift in Sources */ = {isa = PBXBuildFile; fileRef = 370DB3CE22804A3600BC929A /* NSSecureCoding+Extension.swift */; };
		37903EE422FD667700E0AB39 /* String+pEp.swift in Sources */ = {isa = PBXBuildFile; fileRef = 37903EE322FD667700E0AB39 /* String+pEp.swift */; };
		37904562223FA486006DAB3B /* NetworkReachabilityProtocol.swift in Sources */ = {isa = PBXBuildFile; fileRef = 3790455E223FA486006DAB3B /* NetworkReachabilityProtocol.swift */; };
		37904563223FA486006DAB3B /* Reachability.swift in Sources */ = {isa = PBXBuildFile; fileRef = 3790455F223FA486006DAB3B /* Reachability.swift */; };
		37904564223FA486006DAB3B /* NetworkReachability.swift in Sources */ = {isa = PBXBuildFile; fileRef = 37904560223FA486006DAB3B /* NetworkReachability.swift */; };
		37904565223FA486006DAB3B /* ReachabilityProtocol.swift in Sources */ = {isa = PBXBuildFile; fileRef = 37904561223FA486006DAB3B /* ReachabilityProtocol.swift */; };
		37904569223FA52B006DAB3B /* NetworkReachibilityMock.swift in Sources */ = {isa = PBXBuildFile; fileRef = 37904567223FA52B006DAB3B /* NetworkReachibilityMock.swift */; };
		3790456A223FA52B006DAB3B /* ReachabilityTests.swift in Sources */ = {isa = PBXBuildFile; fileRef = 37904568223FA52B006DAB3B /* ReachabilityTests.swift */; };
		37954C6E227C90C10099B8D8 /* Log.swift in Sources */ = {isa = PBXBuildFile; fileRef = 37954C6D227C90C10099B8D8 /* Log.swift */; };
		3A0CBAAB23F582B900AE200C /* UITextView+Font.swift in Sources */ = {isa = PBXBuildFile; fileRef = 3A0CBAAA23F582B900AE200C /* UITextView+Font.swift */; };
		3AE10BAD249A6EC60050BFB0 /* String+EmailHtml.swift in Sources */ = {isa = PBXBuildFile; fileRef = 3AE10BAC249A6EC60050BFB0 /* String+EmailHtml.swift */; };
		3AE10BAF249A6F1A0050BFB0 /* String+HtmlTest.swift in Sources */ = {isa = PBXBuildFile; fileRef = 3AE10BAE249A6F1A0050BFB0 /* String+HtmlTest.swift */; };
		431E68AC246C00F200B3A977 /* DocumentsDirectoryBrowser.swift in Sources */ = {isa = PBXBuildFile; fileRef = 431E68AB246C00F200B3A977 /* DocumentsDirectoryBrowser.swift */; };
		436F1BA125028B2E004426DC /* CocoaLumberjackSwift.framework in Frameworks */ = {isa = PBXBuildFile; fileRef = 436F1BA025028B2E004426DC /* CocoaLumberjackSwift.framework */; };
		43B1E33725B1B93D00D01801 /* StringExtensionsTest.swift in Sources */ = {isa = PBXBuildFile; fileRef = 43B1E33625B1B93D00D01801 /* StringExtensionsTest.swift */; };
		43BE66D2246D2C78007FA645 /* DocumentsDirectoryBrowserProtocol.swift in Sources */ = {isa = PBXBuildFile; fileRef = 43BE66D1246D2C78007FA645 /* DocumentsDirectoryBrowserProtocol.swift */; };
		43E1A866252B6A1300307A7D /* CocoaLumberjack.framework in Frameworks */ = {isa = PBXBuildFile; fileRef = 43E1A865252B6A1300307A7D /* CocoaLumberjack.framework */; };
		5B2EDC642551954300DA18A7 /* NonPasteableUITextField.swift in Sources */ = {isa = PBXBuildFile; fileRef = 5B2EDC632551954300DA18A7 /* NonPasteableUITextField.swift */; };
		5B2F7E5F240D0E8D004DDFA2 /* StringProtocol+NSRanges.swift in Sources */ = {isa = PBXBuildFile; fileRef = 5B2F7E5E240D0E8D004DDFA2 /* StringProtocol+NSRanges.swift */; };
		5B2F7E61240D0EA8004DDFA2 /* RangeExpression+Extension.swift in Sources */ = {isa = PBXBuildFile; fileRef = 5B2F7E60240D0EA8004DDFA2 /* RangeExpression+Extension.swift */; };
		5B4161A92540371800C060B5 /* UIApplication+Alert.swift in Sources */ = {isa = PBXBuildFile; fileRef = 5B4161A82540371800C060B5 /* UIApplication+Alert.swift */; };
		5B87D79423F2C5CE009DACAA /* UIFont+Extension.swift in Sources */ = {isa = PBXBuildFile; fileRef = 5B87D79323F2C5CE009DACAA /* UIFont+Extension.swift */; };
		5BA2F5E924C997ED00F27099 /* UIDevice+Extension.swift in Sources */ = {isa = PBXBuildFile; fileRef = 5BA2F5E824C997ED00F27099 /* UIDevice+Extension.swift */; };
		5BD8F6C025B1DC4F00B82CD8 /* ConfigurableCaretTextField.swift in Sources */ = {isa = PBXBuildFile; fileRef = 5BD8F6BF25B1DC4F00B82CD8 /* ConfigurableCaretTextField.swift */; };
		5BD8F6C425B1DC5B00B82CD8 /* UIView+FindSuperview.swift in Sources */ = {isa = PBXBuildFile; fileRef = 5BD8F6C325B1DC5B00B82CD8 /* UIView+FindSuperview.swift */; };
		5BD8F6C825B1DCBD00B82CD8 /* CaseIterable+Extension.swift in Sources */ = {isa = PBXBuildFile; fileRef = 5BD8F6C725B1DCBD00B82CD8 /* CaseIterable+Extension.swift */; };
		5BD917EE252E17D20092B30F /* String+Extension.swift in Sources */ = {isa = PBXBuildFile; fileRef = 5BD917ED252E17D20092B30F /* String+Extension.swift */; };
		5BEC4D6F24B5F6E800EBF0E9 /* CGAffineTransform+Extension.swift in Sources */ = {isa = PBXBuildFile; fileRef = 5BEC4D6E24B5F6E800EBF0E9 /* CGAffineTransform+Extension.swift */; };
		5BECF11925B1F72B00EFE7D1 /* Array+Extension.swift in Sources */ = {isa = PBXBuildFile; fileRef = 5BECF11825B1F72B00EFE7D1 /* Array+Extension.swift */; };
		5BF2D6F125C408EF0016B90B /* Dictionary+PrettyPrint.swift in Sources */ = {isa = PBXBuildFile; fileRef = 5BF2D6F025C408EF0016B90B /* Dictionary+PrettyPrint.swift */; };
		B70A3A5522005BD400EDCE61 /* Date+Extension.swift in Sources */ = {isa = PBXBuildFile; fileRef = B70A3A5422005BD400EDCE61 /* Date+Extension.swift */; };
		B70A3A5722005BE300EDCE61 /* NSRegularExpression+Extension.swift in Sources */ = {isa = PBXBuildFile; fileRef = B70A3A5622005BE300EDCE61 /* NSRegularExpression+Extension.swift */; };
		B70A3A7322006B9F00EDCE61 /* SystemUtils.swift in Sources */ = {isa = PBXBuildFile; fileRef = B70A3A7222006B9E00EDCE61 /* SystemUtils.swift */; };
		B70A3A77220091D400EDCE61 /* Logger.swift in Sources */ = {isa = PBXBuildFile; fileRef = B70A3A75220091D400EDCE61 /* Logger.swift */; };
		B7371AA1230175B7007B37A3 /* String+ExtensionsTest.swift in Sources */ = {isa = PBXBuildFile; fileRef = B7371AA0230175B7007B37A3 /* String+ExtensionsTest.swift */; };
		B7465DBE22119D3A008A1708 /* Thread+Extension.swift in Sources */ = {isa = PBXBuildFile; fileRef = B7465DBD22119D39008A1708 /* Thread+Extension.swift */; };
		B7465DC622119EB1008A1708 /* Array+SortingAndSearching.swift in Sources */ = {isa = PBXBuildFile; fileRef = B7465DC522119EB1008A1708 /* Array+SortingAndSearching.swift */; };
		B7465DCC2211BEEA008A1708 /* Tuple.swift in Sources */ = {isa = PBXBuildFile; fileRef = B7465DCB2211BEE9008A1708 /* Tuple.swift */; };
		B7465DE12211C6E9008A1708 /* UIImage+GIF.swift in Sources */ = {isa = PBXBuildFile; fileRef = B7465DE02211C6E9008A1708 /* UIImage+GIF.swift */; };
		B7465DE32211C890008A1708 /* CGImageSource+Extension.swift in Sources */ = {isa = PBXBuildFile; fileRef = B7465DE22211C890008A1708 /* CGImageSource+Extension.swift */; };
		B7465DE72211E969008A1708 /* CGRect+Util.swift in Sources */ = {isa = PBXBuildFile; fileRef = B7465DE62211E969008A1708 /* CGRect+Util.swift */; };
		B753907E2212D6B500B1FCF9 /* CGSize+Extension.swift in Sources */ = {isa = PBXBuildFile; fileRef = B753907D2212D6B500B1FCF9 /* CGSize+Extension.swift */; };
		B75390862212E20500B1FCF9 /* Collection+Extensions.swift in Sources */ = {isa = PBXBuildFile; fileRef = B75390852212E20500B1FCF9 /* Collection+Extensions.swift */; };
		B7911EC221F8694100D7F66F /* UIColor+Extension.swift in Sources */ = {isa = PBXBuildFile; fileRef = B7911EC121F8694000D7F66F /* UIColor+Extension.swift */; };
		B7911EC621F88AF800D7F66F /* UIImage+Extension.swift in Sources */ = {isa = PBXBuildFile; fileRef = B7911EC521F88AF800D7F66F /* UIImage+Extension.swift */; };
		B7911ECC21F8B46600D7F66F /* GCD.swift in Sources */ = {isa = PBXBuildFile; fileRef = B7911ECB21F8B46600D7F66F /* GCD.swift */; };
		B7936E3D220DD8F5003B39E6 /* NSAttributedString+Extensions.swift in Sources */ = {isa = PBXBuildFile; fileRef = B7936E3C220DD8F5003B39E6 /* NSAttributedString+Extensions.swift */; };
		B7A46C50220C1F0C0027CCB5 /* MiscUtil.swift in Sources */ = {isa = PBXBuildFile; fileRef = B7A46C4F220C1F0C0027CCB5 /* MiscUtil.swift */; };
		B7A46C52220C732E0027CCB5 /* Data+Extensions.swift in Sources */ = {isa = PBXBuildFile; fileRef = B7A46C51220C732E0027CCB5 /* Data+Extensions.swift */; };
		B7A46C54220C73BE0027CCB5 /* String+Extensions.swift in Sources */ = {isa = PBXBuildFile; fileRef = B7A46C53220C73BE0027CCB5 /* String+Extensions.swift */; };
		B7A46C56220DA5EB0027CCB5 /* Substring+Email.swift in Sources */ = {isa = PBXBuildFile; fileRef = B7A46C55220DA5EA0027CCB5 /* Substring+Email.swift */; };
		B7A46C58220DA6190027CCB5 /* String+Email.swift in Sources */ = {isa = PBXBuildFile; fileRef = B7A46C57220DA6190027CCB5 /* String+Email.swift */; };
		B7A46C5E220DBAF00027CCB5 /* OperationQueue+Extension.swift in Sources */ = {isa = PBXBuildFile; fileRef = B7A46C5D220DBAF00027CCB5 /* OperationQueue+Extension.swift */; };
		B7A46C62220DCEA80027CCB5 /* NSAttributedString+Parsing.swift in Sources */ = {isa = PBXBuildFile; fileRef = B7A46C61220DCEA80027CCB5 /* NSAttributedString+Parsing.swift */; };
		B7CE922924E3BC6C00B5A874 /* RoundedCornersButton.swift in Sources */ = {isa = PBXBuildFile; fileRef = B7CE922824E3BC6C00B5A874 /* RoundedCornersButton.swift */; };
		B7DB7F522213120B003968DA /* SortedSet.swift in Sources */ = {isa = PBXBuildFile; fileRef = B7DB7F512213120B003968DA /* SortedSet.swift */; };
		B7DB7F5C221315BD003968DA /* pEpIOSToolbox.framework in Frameworks */ = {isa = PBXBuildFile; fileRef = B7911EB421F7358500D7F66F /* pEpIOSToolbox.framework */; };
		B7DB7F8422144E4E003968DA /* SortedSetTest.swift in Sources */ = {isa = PBXBuildFile; fileRef = B7DB7F8322144E4E003968DA /* SortedSetTest.swift */; };
		B7E9D25423561D370074F067 /* UISplitViewController+DisplayMode.swift in Sources */ = {isa = PBXBuildFile; fileRef = B7E9D25323561D360074F067 /* UISplitViewController+DisplayMode.swift */; };
/* End PBXBuildFile section */

/* Begin PBXContainerItemProxy section */
		B7DB7F5D221315BD003968DA /* PBXContainerItemProxy */ = {
			isa = PBXContainerItemProxy;
			containerPortal = B7911EAB21F7358500D7F66F /* Project object */;
			proxyType = 1;
			remoteGlobalIDString = B7911EB321F7358500D7F66F;
			remoteInfo = pEpUtilities;
		};
/* End PBXContainerItemProxy section */

/* Begin PBXFileReference section */
		1506E89E25ADE91600909821 /* TestUtils.swift */ = {isa = PBXFileReference; fileEncoding = 4; lastKnownFileType = sourcecode.swift; path = TestUtils.swift; sourceTree = "<group>"; };
		1506E8B025ADE97800909821 /* DocumentsDirectoryBrowserTest.swift */ = {isa = PBXFileReference; fileEncoding = 4; lastKnownFileType = sourcecode.swift; path = DocumentsDirectoryBrowserTest.swift; sourceTree = "<group>"; };
		1506E8BD25ADE98C00909821 /* LoggerTest.swift */ = {isa = PBXFileReference; fileEncoding = 4; lastKnownFileType = sourcecode.swift; path = LoggerTest.swift; sourceTree = "<group>"; };
		1522956123044EAA00204FD3 /* String+FPR.swift */ = {isa = PBXFileReference; lastKnownFileType = sourcecode.swift; path = "String+FPR.swift"; sourceTree = "<group>"; };
		1522956523044FD000204FD3 /* String+FPRTest.swift */ = {isa = PBXFileReference; lastKnownFileType = sourcecode.swift; path = "String+FPRTest.swift"; sourceTree = "<group>"; };
		154660E9233A7359008D2137 /* NSAttributedString+AttributeCleanup.swift */ = {isa = PBXFileReference; lastKnownFileType = sourcecode.swift; path = "NSAttributedString+AttributeCleanup.swift"; sourceTree = "<group>"; };
		154944CE229A97AA00CC6431 /* SelfReferencingOperation.swift */ = {isa = PBXFileReference; fileEncoding = 4; lastKnownFileType = sourcecode.swift; path = SelfReferencingOperation.swift; sourceTree = "<group>"; };
		155528C323A797DC008486DF /* UIView+Autolayout.swift */ = {isa = PBXFileReference; fileEncoding = 4; lastKnownFileType = sourcecode.swift; path = "UIView+Autolayout.swift"; sourceTree = "<group>"; };
		158A564C24004619003C0D7E /* UIApplication+NavigationStack.swift */ = {isa = PBXFileReference; lastKnownFileType = sourcecode.swift; path = "UIApplication+NavigationStack.swift"; sourceTree = "<group>"; };
		370DB3CE22804A3600BC929A /* NSSecureCoding+Extension.swift */ = {isa = PBXFileReference; fileEncoding = 4; lastKnownFileType = sourcecode.swift; path = "NSSecureCoding+Extension.swift"; sourceTree = "<group>"; };
		37903EE322FD667700E0AB39 /* String+pEp.swift */ = {isa = PBXFileReference; lastKnownFileType = sourcecode.swift; path = "String+pEp.swift"; sourceTree = "<group>"; };
		3790455E223FA486006DAB3B /* NetworkReachabilityProtocol.swift */ = {isa = PBXFileReference; fileEncoding = 4; lastKnownFileType = sourcecode.swift; path = NetworkReachabilityProtocol.swift; sourceTree = "<group>"; };
		3790455F223FA486006DAB3B /* Reachability.swift */ = {isa = PBXFileReference; fileEncoding = 4; lastKnownFileType = sourcecode.swift; path = Reachability.swift; sourceTree = "<group>"; };
		37904560223FA486006DAB3B /* NetworkReachability.swift */ = {isa = PBXFileReference; fileEncoding = 4; lastKnownFileType = sourcecode.swift; path = NetworkReachability.swift; sourceTree = "<group>"; };
		37904561223FA486006DAB3B /* ReachabilityProtocol.swift */ = {isa = PBXFileReference; fileEncoding = 4; lastKnownFileType = sourcecode.swift; path = ReachabilityProtocol.swift; sourceTree = "<group>"; };
		37904567223FA52B006DAB3B /* NetworkReachibilityMock.swift */ = {isa = PBXFileReference; fileEncoding = 4; lastKnownFileType = sourcecode.swift; path = NetworkReachibilityMock.swift; sourceTree = "<group>"; };
		37904568223FA52B006DAB3B /* ReachabilityTests.swift */ = {isa = PBXFileReference; fileEncoding = 4; lastKnownFileType = sourcecode.swift; path = ReachabilityTests.swift; sourceTree = "<group>"; };
		37954C6D227C90C10099B8D8 /* Log.swift */ = {isa = PBXFileReference; lastKnownFileType = sourcecode.swift; path = Log.swift; sourceTree = "<group>"; };
		3A0CBAAA23F582B900AE200C /* UITextView+Font.swift */ = {isa = PBXFileReference; lastKnownFileType = sourcecode.swift; path = "UITextView+Font.swift"; sourceTree = "<group>"; };
		3AE10BAC249A6EC60050BFB0 /* String+EmailHtml.swift */ = {isa = PBXFileReference; fileEncoding = 4; lastKnownFileType = sourcecode.swift; path = "String+EmailHtml.swift"; sourceTree = "<group>"; };
		3AE10BAE249A6F1A0050BFB0 /* String+HtmlTest.swift */ = {isa = PBXFileReference; fileEncoding = 4; lastKnownFileType = sourcecode.swift; path = "String+HtmlTest.swift"; sourceTree = "<group>"; };
		431E68AB246C00F200B3A977 /* DocumentsDirectoryBrowser.swift */ = {isa = PBXFileReference; lastKnownFileType = sourcecode.swift; path = DocumentsDirectoryBrowser.swift; sourceTree = "<group>"; };
		436F1BA025028B2E004426DC /* CocoaLumberjackSwift.framework */ = {isa = PBXFileReference; explicitFileType = wrapper.framework; path = CocoaLumberjackSwift.framework; sourceTree = BUILT_PRODUCTS_DIR; };
		43B1E33625B1B93D00D01801 /* StringExtensionsTest.swift */ = {isa = PBXFileReference; fileEncoding = 4; lastKnownFileType = sourcecode.swift; path = StringExtensionsTest.swift; sourceTree = "<group>"; };
		43BE66D1246D2C78007FA645 /* DocumentsDirectoryBrowserProtocol.swift */ = {isa = PBXFileReference; lastKnownFileType = sourcecode.swift; path = DocumentsDirectoryBrowserProtocol.swift; sourceTree = "<group>"; };
		43E1A865252B6A1300307A7D /* CocoaLumberjack.framework */ = {isa = PBXFileReference; explicitFileType = wrapper.framework; path = CocoaLumberjack.framework; sourceTree = BUILT_PRODUCTS_DIR; };
		5B2EDC632551954300DA18A7 /* NonPasteableUITextField.swift */ = {isa = PBXFileReference; fileEncoding = 4; lastKnownFileType = sourcecode.swift; path = NonPasteableUITextField.swift; sourceTree = "<group>"; };
		5B2F7E5E240D0E8D004DDFA2 /* StringProtocol+NSRanges.swift */ = {isa = PBXFileReference; lastKnownFileType = sourcecode.swift; path = "StringProtocol+NSRanges.swift"; sourceTree = "<group>"; };
		5B2F7E60240D0EA8004DDFA2 /* RangeExpression+Extension.swift */ = {isa = PBXFileReference; lastKnownFileType = sourcecode.swift; path = "RangeExpression+Extension.swift"; sourceTree = "<group>"; };
		5B4161A82540371800C060B5 /* UIApplication+Alert.swift */ = {isa = PBXFileReference; fileEncoding = 4; lastKnownFileType = sourcecode.swift; path = "UIApplication+Alert.swift"; sourceTree = "<group>"; };
		5B87D79323F2C5CE009DACAA /* UIFont+Extension.swift */ = {isa = PBXFileReference; fileEncoding = 4; lastKnownFileType = sourcecode.swift; path = "UIFont+Extension.swift"; sourceTree = "<group>"; };
		5BA2F5E824C997ED00F27099 /* UIDevice+Extension.swift */ = {isa = PBXFileReference; lastKnownFileType = sourcecode.swift; path = "UIDevice+Extension.swift"; sourceTree = "<group>"; };
		5BD8F6BF25B1DC4F00B82CD8 /* ConfigurableCaretTextField.swift */ = {isa = PBXFileReference; fileEncoding = 4; lastKnownFileType = sourcecode.swift; path = ConfigurableCaretTextField.swift; sourceTree = "<group>"; };
		5BD8F6C325B1DC5B00B82CD8 /* UIView+FindSuperview.swift */ = {isa = PBXFileReference; fileEncoding = 4; lastKnownFileType = sourcecode.swift; path = "UIView+FindSuperview.swift"; sourceTree = "<group>"; };
		5BD8F6C725B1DCBD00B82CD8 /* CaseIterable+Extension.swift */ = {isa = PBXFileReference; fileEncoding = 4; lastKnownFileType = sourcecode.swift; name = "CaseIterable+Extension.swift"; path = "../../../MessageModel/MessageModel/MessageModel/Submodule/MoveTo_pEPIOSToolbox/CaseIterable+Extension.swift"; sourceTree = "<group>"; };
		5BD917ED252E17D20092B30F /* String+Extension.swift */ = {isa = PBXFileReference; fileEncoding = 4; lastKnownFileType = sourcecode.swift; path = "String+Extension.swift"; sourceTree = "<group>"; };
		5BEC4D6E24B5F6E800EBF0E9 /* CGAffineTransform+Extension.swift */ = {isa = PBXFileReference; fileEncoding = 4; lastKnownFileType = sourcecode.swift; path = "CGAffineTransform+Extension.swift"; sourceTree = "<group>"; };
		5BECF11825B1F72B00EFE7D1 /* Array+Extension.swift */ = {isa = PBXFileReference; fileEncoding = 4; lastKnownFileType = sourcecode.swift; path = "Array+Extension.swift"; sourceTree = "<group>"; };
		5BF2D6F025C408EF0016B90B /* Dictionary+PrettyPrint.swift */ = {isa = PBXFileReference; lastKnownFileType = sourcecode.swift; path = "Dictionary+PrettyPrint.swift"; sourceTree = "<group>"; };
		B70A3A5422005BD400EDCE61 /* Date+Extension.swift */ = {isa = PBXFileReference; fileEncoding = 4; lastKnownFileType = sourcecode.swift; path = "Date+Extension.swift"; sourceTree = "<group>"; };
		B70A3A5622005BE300EDCE61 /* NSRegularExpression+Extension.swift */ = {isa = PBXFileReference; fileEncoding = 4; lastKnownFileType = sourcecode.swift; path = "NSRegularExpression+Extension.swift"; sourceTree = "<group>"; };
		B70A3A7222006B9E00EDCE61 /* SystemUtils.swift */ = {isa = PBXFileReference; fileEncoding = 4; lastKnownFileType = sourcecode.swift; path = SystemUtils.swift; sourceTree = "<group>"; };
		B70A3A75220091D400EDCE61 /* Logger.swift */ = {isa = PBXFileReference; fileEncoding = 4; lastKnownFileType = sourcecode.swift; path = Logger.swift; sourceTree = "<group>"; };
		B7371AA0230175B7007B37A3 /* String+ExtensionsTest.swift */ = {isa = PBXFileReference; lastKnownFileType = sourcecode.swift; path = "String+ExtensionsTest.swift"; sourceTree = "<group>"; };
		B7465DBD22119D39008A1708 /* Thread+Extension.swift */ = {isa = PBXFileReference; fileEncoding = 4; lastKnownFileType = sourcecode.swift; path = "Thread+Extension.swift"; sourceTree = "<group>"; };
		B7465DC522119EB1008A1708 /* Array+SortingAndSearching.swift */ = {isa = PBXFileReference; fileEncoding = 4; lastKnownFileType = sourcecode.swift; path = "Array+SortingAndSearching.swift"; sourceTree = "<group>"; };
		B7465DCB2211BEE9008A1708 /* Tuple.swift */ = {isa = PBXFileReference; fileEncoding = 4; lastKnownFileType = sourcecode.swift; path = Tuple.swift; sourceTree = "<group>"; };
		B7465DE02211C6E9008A1708 /* UIImage+GIF.swift */ = {isa = PBXFileReference; fileEncoding = 4; lastKnownFileType = sourcecode.swift; path = "UIImage+GIF.swift"; sourceTree = "<group>"; };
		B7465DE22211C890008A1708 /* CGImageSource+Extension.swift */ = {isa = PBXFileReference; fileEncoding = 4; lastKnownFileType = sourcecode.swift; path = "CGImageSource+Extension.swift"; sourceTree = "<group>"; };
		B7465DE62211E969008A1708 /* CGRect+Util.swift */ = {isa = PBXFileReference; fileEncoding = 4; lastKnownFileType = sourcecode.swift; path = "CGRect+Util.swift"; sourceTree = "<group>"; };
		B753907D2212D6B500B1FCF9 /* CGSize+Extension.swift */ = {isa = PBXFileReference; fileEncoding = 4; lastKnownFileType = sourcecode.swift; path = "CGSize+Extension.swift"; sourceTree = "<group>"; };
		B75390852212E20500B1FCF9 /* Collection+Extensions.swift */ = {isa = PBXFileReference; fileEncoding = 4; lastKnownFileType = sourcecode.swift; path = "Collection+Extensions.swift"; sourceTree = "<group>"; };
		B7911EB421F7358500D7F66F /* pEpIOSToolbox.framework */ = {isa = PBXFileReference; explicitFileType = wrapper.framework; includeInIndex = 0; path = pEpIOSToolbox.framework; sourceTree = BUILT_PRODUCTS_DIR; };
		B7911EB821F7358500D7F66F /* Info.plist */ = {isa = PBXFileReference; lastKnownFileType = text.plist.xml; path = Info.plist; sourceTree = "<group>"; };
		B7911EC121F8694000D7F66F /* UIColor+Extension.swift */ = {isa = PBXFileReference; fileEncoding = 4; lastKnownFileType = sourcecode.swift; path = "UIColor+Extension.swift"; sourceTree = "<group>"; };
		B7911EC521F88AF800D7F66F /* UIImage+Extension.swift */ = {isa = PBXFileReference; fileEncoding = 4; lastKnownFileType = sourcecode.swift; path = "UIImage+Extension.swift"; sourceTree = "<group>"; };
		B7911ECB21F8B46600D7F66F /* GCD.swift */ = {isa = PBXFileReference; fileEncoding = 4; lastKnownFileType = sourcecode.swift; path = GCD.swift; sourceTree = "<group>"; };
		B7936E3C220DD8F5003B39E6 /* NSAttributedString+Extensions.swift */ = {isa = PBXFileReference; fileEncoding = 4; lastKnownFileType = sourcecode.swift; path = "NSAttributedString+Extensions.swift"; sourceTree = "<group>"; };
		B7A46C4F220C1F0C0027CCB5 /* MiscUtil.swift */ = {isa = PBXFileReference; fileEncoding = 4; lastKnownFileType = sourcecode.swift; path = MiscUtil.swift; sourceTree = "<group>"; };
		B7A46C51220C732E0027CCB5 /* Data+Extensions.swift */ = {isa = PBXFileReference; fileEncoding = 4; lastKnownFileType = sourcecode.swift; path = "Data+Extensions.swift"; sourceTree = "<group>"; };
		B7A46C53220C73BE0027CCB5 /* String+Extensions.swift */ = {isa = PBXFileReference; fileEncoding = 4; lastKnownFileType = sourcecode.swift; path = "String+Extensions.swift"; sourceTree = "<group>"; };
		B7A46C55220DA5EA0027CCB5 /* Substring+Email.swift */ = {isa = PBXFileReference; fileEncoding = 4; lastKnownFileType = sourcecode.swift; path = "Substring+Email.swift"; sourceTree = "<group>"; };
		B7A46C57220DA6190027CCB5 /* String+Email.swift */ = {isa = PBXFileReference; fileEncoding = 4; lastKnownFileType = sourcecode.swift; path = "String+Email.swift"; sourceTree = "<group>"; };
		B7A46C5D220DBAF00027CCB5 /* OperationQueue+Extension.swift */ = {isa = PBXFileReference; fileEncoding = 4; lastKnownFileType = sourcecode.swift; path = "OperationQueue+Extension.swift"; sourceTree = "<group>"; };
		B7A46C61220DCEA80027CCB5 /* NSAttributedString+Parsing.swift */ = {isa = PBXFileReference; fileEncoding = 4; lastKnownFileType = sourcecode.swift; path = "NSAttributedString+Parsing.swift"; sourceTree = "<group>"; };
		B7CE922824E3BC6C00B5A874 /* RoundedCornersButton.swift */ = {isa = PBXFileReference; fileEncoding = 4; lastKnownFileType = sourcecode.swift; path = RoundedCornersButton.swift; sourceTree = "<group>"; };
		B7DB7F512213120B003968DA /* SortedSet.swift */ = {isa = PBXFileReference; fileEncoding = 4; lastKnownFileType = sourcecode.swift; path = SortedSet.swift; sourceTree = "<group>"; };
		B7DB7F57221315BD003968DA /* pEpIOSToolboxTests.xctest */ = {isa = PBXFileReference; explicitFileType = wrapper.cfbundle; includeInIndex = 0; path = pEpIOSToolboxTests.xctest; sourceTree = BUILT_PRODUCTS_DIR; };
		B7DB7F5B221315BD003968DA /* Info.plist */ = {isa = PBXFileReference; lastKnownFileType = text.plist.xml; path = Info.plist; sourceTree = "<group>"; };
		B7DB7F8322144E4E003968DA /* SortedSetTest.swift */ = {isa = PBXFileReference; fileEncoding = 4; lastKnownFileType = sourcecode.swift; path = SortedSetTest.swift; sourceTree = "<group>"; };
		B7E9D25323561D360074F067 /* UISplitViewController+DisplayMode.swift */ = {isa = PBXFileReference; lastKnownFileType = sourcecode.swift; path = "UISplitViewController+DisplayMode.swift"; sourceTree = "<group>"; };
/* End PBXFileReference section */

/* Begin PBXFrameworksBuildPhase section */
		436F1B9E25028B20004426DC /* Frameworks */ = {
			isa = PBXFrameworksBuildPhase;
			buildActionMask = 2147483647;
			files = (
				43E1A866252B6A1300307A7D /* CocoaLumberjack.framework in Frameworks */,
				436F1BA125028B2E004426DC /* CocoaLumberjackSwift.framework in Frameworks */,
			);
			runOnlyForDeploymentPostprocessing = 0;
		};
		B7DB7F54221315BD003968DA /* Frameworks */ = {
			isa = PBXFrameworksBuildPhase;
			buildActionMask = 2147483647;
			files = (
				B7DB7F5C221315BD003968DA /* pEpIOSToolbox.framework in Frameworks */,
			);
			runOnlyForDeploymentPostprocessing = 0;
		};
/* End PBXFrameworksBuildPhase section */

/* Begin PBXGroup section */
		1506E89D25ADE91600909821 /* TestUtils */ = {
			isa = PBXGroup;
			children = (
				1506E89E25ADE91600909821 /* TestUtils.swift */,
			);
			path = TestUtils;
			sourceTree = "<group>";
		};
		1506E8BC25ADE98C00909821 /* Logging */ = {
			isa = PBXGroup;
			children = (
				1506E8BD25ADE98C00909821 /* LoggerTest.swift */,
			);
			path = Logging;
			sourceTree = "<group>";
		};
		15175ED8221E9F3800C91DB8 /* Foundation */ = {
			isa = PBXGroup;
			children = (
				43B1E33625B1B93D00D01801 /* StringExtensionsTest.swift */,
				3AE10BAE249A6F1A0050BFB0 /* String+HtmlTest.swift */,
				B7371AA0230175B7007B37A3 /* String+ExtensionsTest.swift */,
				1522956523044FD000204FD3 /* String+FPRTest.swift */,
			);
			path = Foundation;
			sourceTree = "<group>";
		};
		15175EDA221E9F4C00C91DB8 /* Other */ = {
			isa = PBXGroup;
			children = (
				1506E8BC25ADE98C00909821 /* Logging */,
				37904566223FA52B006DAB3B /* ReachabilityUtilsTest */,
				B7DB7F8322144E4E003968DA /* SortedSetTest.swift */,
				1506E8B025ADE97800909821 /* DocumentsDirectoryBrowserTest.swift */,
			);
			path = Other;
			sourceTree = "<group>";
		};
		15793490246D49C700E2D8D2 /* DocumentsDirectoryBrowser */ = {
			isa = PBXGroup;
			children = (
				431E68AB246C00F200B3A977 /* DocumentsDirectoryBrowser.swift */,
				43BE66D1246D2C78007FA645 /* DocumentsDirectoryBrowserProtocol.swift */,
			);
			path = DocumentsDirectoryBrowser;
			sourceTree = "<group>";
		};
		3790455D223FA486006DAB3B /* Reachability */ = {
			isa = PBXGroup;
			children = (
				3790455E223FA486006DAB3B /* NetworkReachabilityProtocol.swift */,
				3790455F223FA486006DAB3B /* Reachability.swift */,
				37904560223FA486006DAB3B /* NetworkReachability.swift */,
				37904561223FA486006DAB3B /* ReachabilityProtocol.swift */,
			);
			path = Reachability;
			sourceTree = "<group>";
		};
		37904566223FA52B006DAB3B /* ReachabilityUtilsTest */ = {
			isa = PBXGroup;
			children = (
				37904567223FA52B006DAB3B /* NetworkReachibilityMock.swift */,
				37904568223FA52B006DAB3B /* ReachabilityTests.swift */,
			);
			path = ReachabilityUtilsTest;
			sourceTree = "<group>";
		};
		37C3C0E72264BF96003E290C /* Modules */ = {
			isa = PBXGroup;
			children = (
				37954C6D227C90C10099B8D8 /* Log.swift */,
			);
			path = Modules;
			sourceTree = "<group>";
		};
		433805B22527443C006DE126 /* Logging */ = {
			isa = PBXGroup;
			children = (
				B70A3A75220091D400EDCE61 /* Logger.swift */,
			);
			path = Logging;
			sourceTree = "<group>";
		};
		436F1B9F25028B2E004426DC /* Frameworks */ = {
			isa = PBXGroup;
			children = (
				43E1A865252B6A1300307A7D /* CocoaLumberjack.framework */,
				436F1BA025028B2E004426DC /* CocoaLumberjackSwift.framework */,
			);
			name = Frameworks;
			sourceTree = "<group>";
		};
		B70A3A5222005A7600EDCE61 /* Foundation */ = {
			isa = PBXGroup;
			children = (
				5BECF11825B1F72B00EFE7D1 /* Array+Extension.swift */,
				5BF2D6F025C408EF0016B90B /* Dictionary+PrettyPrint.swift */,
				3AE10BAC249A6EC60050BFB0 /* String+EmailHtml.swift */,
				370DB3CE22804A3600BC929A /* NSSecureCoding+Extension.swift */,
				B7911ECB21F8B46600D7F66F /* GCD.swift */,
				B7A46C51220C732E0027CCB5 /* Data+Extensions.swift */,
				B7A46C53220C73BE0027CCB5 /* String+Extensions.swift */,
				5B2F7E60240D0EA8004DDFA2 /* RangeExpression+Extension.swift */,
				5B2F7E5E240D0E8D004DDFA2 /* StringProtocol+NSRanges.swift */,
				B7A46C57220DA6190027CCB5 /* String+Email.swift */,
				B7A46C55220DA5EA0027CCB5 /* Substring+Email.swift */,
				B7A46C61220DCEA80027CCB5 /* NSAttributedString+Parsing.swift */,
				B7936E3C220DD8F5003B39E6 /* NSAttributedString+Extensions.swift */,
				B70A3A5422005BD400EDCE61 /* Date+Extension.swift */,
				B70A3A5622005BE300EDCE61 /* NSRegularExpression+Extension.swift */,
				B7A46C5D220DBAF00027CCB5 /* OperationQueue+Extension.swift */,
				B7465DBD22119D39008A1708 /* Thread+Extension.swift */,
				B7465DC522119EB1008A1708 /* Array+SortingAndSearching.swift */,
				1522956123044EAA00204FD3 /* String+FPR.swift */,
				37903EE322FD667700E0AB39 /* String+pEp.swift */,
				5BD917ED252E17D20092B30F /* String+Extension.swift */,
				154660E9233A7359008D2137 /* NSAttributedString+AttributeCleanup.swift */,
				5BD8F6C725B1DCBD00B82CD8 /* CaseIterable+Extension.swift */,
			);
			path = Foundation;
			sourceTree = "<group>";
		};
		B70A3A5322005B9600EDCE61 /* UIKit */ = {
			isa = PBXGroup;
			children = (
				5BD8F6C325B1DC5B00B82CD8 /* UIView+FindSuperview.swift */,
				5BD8F6BF25B1DC4F00B82CD8 /* ConfigurableCaretTextField.swift */,
				B7CE922824E3BC6C00B5A874 /* RoundedCornersButton.swift */,
				5BEC4D6E24B5F6E800EBF0E9 /* CGAffineTransform+Extension.swift */,
				155528C323A797DC008486DF /* UIView+Autolayout.swift */,
				B7465DE22211C890008A1708 /* CGImageSource+Extension.swift */,
				B7465DE62211E969008A1708 /* CGRect+Util.swift */,
				B753907D2212D6B500B1FCF9 /* CGSize+Extension.swift */,
				5B4161A82540371800C060B5 /* UIApplication+Alert.swift */,
				B7911EC121F8694000D7F66F /* UIColor+Extension.swift */,
				5B87D79323F2C5CE009DACAA /* UIFont+Extension.swift */,
				B7911EC521F88AF800D7F66F /* UIImage+Extension.swift */,
				B7465DE02211C6E9008A1708 /* UIImage+GIF.swift */,
				B7E9D25323561D360074F067 /* UISplitViewController+DisplayMode.swift */,
				3A0CBAAA23F582B900AE200C /* UITextView+Font.swift */,
				5B2EDC632551954300DA18A7 /* NonPasteableUITextField.swift */,
				158A564C24004619003C0D7E /* UIApplication+NavigationStack.swift */,
				5BA2F5E824C997ED00F27099 /* UIDevice+Extension.swift */,
			);
			path = UIKit;
			sourceTree = "<group>";
		};
		B7911EAA21F7358500D7F66F = {
			isa = PBXGroup;
			children = (
				B7911EB621F7358500D7F66F /* pEpIOSToolbox */,
				B7DB7F58221315BD003968DA /* pEpIOSToolboxTests */,
				B7911EB521F7358500D7F66F /* Products */,
				436F1B9F25028B2E004426DC /* Frameworks */,
			);
			sourceTree = "<group>";
		};
		B7911EB521F7358500D7F66F /* Products */ = {
			isa = PBXGroup;
			children = (
				B7911EB421F7358500D7F66F /* pEpIOSToolbox.framework */,
				B7DB7F57221315BD003968DA /* pEpIOSToolboxTests.xctest */,
			);
			name = Products;
			sourceTree = "<group>";
		};
		B7911EB621F7358500D7F66F /* pEpIOSToolbox */ = {
			isa = PBXGroup;
			children = (
				37C3C0E72264BF96003E290C /* Modules */,
				B70A3A5222005A7600EDCE61 /* Foundation */,
				B70A3A5322005B9600EDCE61 /* UIKit */,
				B7DB7FEC221B086A003968DA /* Other */,
				B7911EB821F7358500D7F66F /* Info.plist */,
			);
			path = pEpIOSToolbox;
			sourceTree = "<group>";
		};
		B7DB7F58221315BD003968DA /* pEpIOSToolboxTests */ = {
			isa = PBXGroup;
			children = (
				1506E89D25ADE91600909821 /* TestUtils */,
				15175ED8221E9F3800C91DB8 /* Foundation */,
				15175EDA221E9F4C00C91DB8 /* Other */,
				B7DB7F5B221315BD003968DA /* Info.plist */,
			);
			path = pEpIOSToolboxTests;
			sourceTree = "<group>";
		};
		B7DB7FEC221B086A003968DA /* Other */ = {
			isa = PBXGroup;
			children = (
				15793490246D49C700E2D8D2 /* DocumentsDirectoryBrowser */,
				3790455D223FA486006DAB3B /* Reachability */,
				433805B22527443C006DE126 /* Logging */,
				B75390852212E20500B1FCF9 /* Collection+Extensions.swift */,
				B7465DCB2211BEE9008A1708 /* Tuple.swift */,
				B7A46C4F220C1F0C0027CCB5 /* MiscUtil.swift */,
				154944CE229A97AA00CC6431 /* SelfReferencingOperation.swift */,
				B7DB7F512213120B003968DA /* SortedSet.swift */,
				B70A3A7222006B9E00EDCE61 /* SystemUtils.swift */,
			);
			path = Other;
			sourceTree = "<group>";
		};
/* End PBXGroup section */

/* Begin PBXHeadersBuildPhase section */
		B7911EAF21F7358500D7F66F /* Headers */ = {
			isa = PBXHeadersBuildPhase;
			buildActionMask = 2147483647;
			files = (
			);
			runOnlyForDeploymentPostprocessing = 0;
		};
/* End PBXHeadersBuildPhase section */

/* Begin PBXNativeTarget section */
		B7911EB321F7358500D7F66F /* pEpIOSToolbox */ = {
			isa = PBXNativeTarget;
			buildConfigurationList = B7911EBC21F7358500D7F66F /* Build configuration list for PBXNativeTarget "pEpIOSToolbox" */;
			buildPhases = (
				B7911EAF21F7358500D7F66F /* Headers */,
				B7911EB021F7358500D7F66F /* Sources */,
				B7911EB221F7358500D7F66F /* Resources */,
				158A567F22BBDFBF00F98905 /* Warnings for TODO++ */,
				436F1B9E25028B20004426DC /* Frameworks */,
			);
			buildRules = (
			);
			dependencies = (
			);
			name = pEpIOSToolbox;
			productName = pEpUtilities;
			productReference = B7911EB421F7358500D7F66F /* pEpIOSToolbox.framework */;
			productType = "com.apple.product-type.framework";
		};
		B7DB7F56221315BD003968DA /* pEpIOSToolboxTests */ = {
			isa = PBXNativeTarget;
			buildConfigurationList = B7DB7F5F221315BD003968DA /* Build configuration list for PBXNativeTarget "pEpIOSToolboxTests" */;
			buildPhases = (
				B7DB7F53221315BD003968DA /* Sources */,
				B7DB7F54221315BD003968DA /* Frameworks */,
				B7DB7F55221315BD003968DA /* Resources */,
			);
			buildRules = (
			);
			dependencies = (
				B7DB7F5E221315BD003968DA /* PBXTargetDependency */,
			);
			name = pEpIOSToolboxTests;
			productName = pEpUtilitiesTests;
			productReference = B7DB7F57221315BD003968DA /* pEpIOSToolboxTests.xctest */;
			productType = "com.apple.product-type.bundle.unit-test";
		};
/* End PBXNativeTarget section */

/* Begin PBXProject section */
		B7911EAB21F7358500D7F66F /* Project object */ = {
			isa = PBXProject;
			attributes = {
				LastSwiftUpdateCheck = 1010;
				LastUpgradeCheck = 1010;
				ORGANIZATIONNAME = "pEp Security SA";
				TargetAttributes = {
					B7911EB321F7358500D7F66F = {
						CreatedOnToolsVersion = 10.1;
						LastSwiftMigration = 1020;
					};
					B7DB7F56221315BD003968DA = {
						CreatedOnToolsVersion = 10.1;
						LastSwiftMigration = 1020;
					};
				};
			};
			buildConfigurationList = B7911EAE21F7358500D7F66F /* Build configuration list for PBXProject "pEpIOSToolbox" */;
			compatibilityVersion = "Xcode 9.3";
			developmentRegion = en;
			hasScannedForEncodings = 0;
			knownRegions = (
				en,
				Base,
			);
			mainGroup = B7911EAA21F7358500D7F66F;
			productRefGroup = B7911EB521F7358500D7F66F /* Products */;
			projectDirPath = "";
			projectRoot = "";
			targets = (
				B7911EB321F7358500D7F66F /* pEpIOSToolbox */,
				B7DB7F56221315BD003968DA /* pEpIOSToolboxTests */,
			);
		};
/* End PBXProject section */

/* Begin PBXResourcesBuildPhase section */
		B7911EB221F7358500D7F66F /* Resources */ = {
			isa = PBXResourcesBuildPhase;
			buildActionMask = 2147483647;
			files = (
			);
			runOnlyForDeploymentPostprocessing = 0;
		};
		B7DB7F55221315BD003968DA /* Resources */ = {
			isa = PBXResourcesBuildPhase;
			buildActionMask = 2147483647;
			files = (
			);
			runOnlyForDeploymentPostprocessing = 0;
		};
/* End PBXResourcesBuildPhase section */

/* Begin PBXShellScriptBuildPhase section */
		158A567F22BBDFBF00F98905 /* Warnings for TODO++ */ = {
			isa = PBXShellScriptBuildPhase;
			buildActionMask = 2147483647;
			files = (
			);
			inputFileListPaths = (
			);
			inputPaths = (
			);
			name = "Warnings for TODO++";
			outputFileListPaths = (
			);
			outputPaths = (
			);
			runOnlyForDeploymentPostprocessing = 0;
			shellPath = /bin/sh;
			shellScript = "#mark annotations defined below as warnings\nKEYWORDS=\"TODO|FIXME|BUFF:|\\?\\?\\?:|\\!\\!\\!:\"\nfind \"${SRCROOT}\" \\( -name \"*.h\" -or -name \"*.m\" -or -name \"*.swift\" \\) -print0 | \\\nxargs -0 egrep --with-filename --line-number --only-matching \"($KEYWORDS).*\\$\" | \\\nperl -p -e \"s/($KEYWORDS)/ warning: \\$1/\"\n";
		};
/* End PBXShellScriptBuildPhase section */

/* Begin PBXSourcesBuildPhase section */
		B7911EB021F7358500D7F66F /* Sources */ = {
			isa = PBXSourcesBuildPhase;
			buildActionMask = 2147483647;
			files = (
				3A0CBAAB23F582B900AE200C /* UITextView+Font.swift in Sources */,
				5BD8F6C825B1DCBD00B82CD8 /* CaseIterable+Extension.swift in Sources */,
				B7465DC622119EB1008A1708 /* Array+SortingAndSearching.swift in Sources */,
				37904563223FA486006DAB3B /* Reachability.swift in Sources */,
				B7911ECC21F8B46600D7F66F /* GCD.swift in Sources */,
				B7A46C54220C73BE0027CCB5 /* String+Extensions.swift in Sources */,
				B7CE922924E3BC6C00B5A874 /* RoundedCornersButton.swift in Sources */,
				B7A46C58220DA6190027CCB5 /* String+Email.swift in Sources */,
				37904565223FA486006DAB3B /* ReachabilityProtocol.swift in Sources */,
				37954C6E227C90C10099B8D8 /* Log.swift in Sources */,
				5B4161A92540371800C060B5 /* UIApplication+Alert.swift in Sources */,
				B7A46C62220DCEA80027CCB5 /* NSAttributedString+Parsing.swift in Sources */,
				B7465DE72211E969008A1708 /* CGRect+Util.swift in Sources */,
				B7465DCC2211BEEA008A1708 /* Tuple.swift in Sources */,
				158A564D24004619003C0D7E /* UIApplication+NavigationStack.swift in Sources */,
				37904562223FA486006DAB3B /* NetworkReachabilityProtocol.swift in Sources */,
				B7A46C50220C1F0C0027CCB5 /* MiscUtil.swift in Sources */,
				5B2F7E61240D0EA8004DDFA2 /* RangeExpression+Extension.swift in Sources */,
				B70A3A7322006B9F00EDCE61 /* SystemUtils.swift in Sources */,
				B7936E3D220DD8F5003B39E6 /* NSAttributedString+Extensions.swift in Sources */,
				5BECF11925B1F72B00EFE7D1 /* Array+Extension.swift in Sources */,
				154660EA233A7359008D2137 /* NSAttributedString+AttributeCleanup.swift in Sources */,
				B75390862212E20500B1FCF9 /* Collection+Extensions.swift in Sources */,
				B7911EC221F8694100D7F66F /* UIColor+Extension.swift in Sources */,
				5BD8F6C025B1DC4F00B82CD8 /* ConfigurableCaretTextField.swift in Sources */,
				B753907E2212D6B500B1FCF9 /* CGSize+Extension.swift in Sources */,
				5BD8F6C425B1DC5B00B82CD8 /* UIView+FindSuperview.swift in Sources */,
				B7DB7F522213120B003968DA /* SortedSet.swift in Sources */,
				5B87D79423F2C5CE009DACAA /* UIFont+Extension.swift in Sources */,
				37903EE422FD667700E0AB39 /* String+pEp.swift in Sources */,
				155528C423A797E4008486DF /* UIView+Autolayout.swift in Sources */,
				5B2F7E5F240D0E8D004DDFA2 /* StringProtocol+NSRanges.swift in Sources */,
				B7911EC621F88AF800D7F66F /* UIImage+Extension.swift in Sources */,
				B70A3A77220091D400EDCE61 /* Logger.swift in Sources */,
				5BA2F5E924C997ED00F27099 /* UIDevice+Extension.swift in Sources */,
				B7A46C56220DA5EB0027CCB5 /* Substring+Email.swift in Sources */,
				5BF2D6F125C408EF0016B90B /* Dictionary+PrettyPrint.swift in Sources */,
				1522956223044EAA00204FD3 /* String+FPR.swift in Sources */,
				43BE66D2246D2C78007FA645 /* DocumentsDirectoryBrowserProtocol.swift in Sources */,
				B7A46C5E220DBAF00027CCB5 /* OperationQueue+Extension.swift in Sources */,
				370DB3CF22804A3600BC929A /* NSSecureCoding+Extension.swift in Sources */,
				B70A3A5722005BE300EDCE61 /* NSRegularExpression+Extension.swift in Sources */,
				B7465DBE22119D3A008A1708 /* Thread+Extension.swift in Sources */,
				5BD917EE252E17D20092B30F /* String+Extension.swift in Sources */,
				37904564223FA486006DAB3B /* NetworkReachability.swift in Sources */,
				5B2EDC642551954300DA18A7 /* NonPasteableUITextField.swift in Sources */,
				B7A46C52220C732E0027CCB5 /* Data+Extensions.swift in Sources */,
				154944CF229A97AA00CC6431 /* SelfReferencingOperation.swift in Sources */,
				B7465DE32211C890008A1708 /* CGImageSource+Extension.swift in Sources */,
				431E68AC246C00F200B3A977 /* DocumentsDirectoryBrowser.swift in Sources */,
				3AE10BAD249A6EC60050BFB0 /* String+EmailHtml.swift in Sources */,
				B7E9D25423561D370074F067 /* UISplitViewController+DisplayMode.swift in Sources */,
				B7465DE12211C6E9008A1708 /* UIImage+GIF.swift in Sources */,
				B70A3A5522005BD400EDCE61 /* Date+Extension.swift in Sources */,
				5BEC4D6F24B5F6E800EBF0E9 /* CGAffineTransform+Extension.swift in Sources */,
			);
			runOnlyForDeploymentPostprocessing = 0;
		};
		B7DB7F53221315BD003968DA /* Sources */ = {
			isa = PBXSourcesBuildPhase;
			buildActionMask = 2147483647;
			files = (
				3790456A223FA52B006DAB3B /* ReachabilityTests.swift in Sources */,
				B7DB7F8422144E4E003968DA /* SortedSetTest.swift in Sources */,
				37904569223FA52B006DAB3B /* NetworkReachibilityMock.swift in Sources */,
				B7371AA1230175B7007B37A3 /* String+ExtensionsTest.swift in Sources */,
				1506E89F25ADE91600909821 /* TestUtils.swift in Sources */,
				1506E8B125ADE97800909821 /* DocumentsDirectoryBrowserTest.swift in Sources */,
				43B1E33725B1B93D00D01801 /* StringExtensionsTest.swift in Sources */,
				1506E8BE25ADE98C00909821 /* LoggerTest.swift in Sources */,
				1522956623044FD000204FD3 /* String+FPRTest.swift in Sources */,
				3AE10BAF249A6F1A0050BFB0 /* String+HtmlTest.swift in Sources */,
			);
			runOnlyForDeploymentPostprocessing = 0;
		};
/* End PBXSourcesBuildPhase section */

/* Begin PBXTargetDependency section */
		B7DB7F5E221315BD003968DA /* PBXTargetDependency */ = {
			isa = PBXTargetDependency;
			target = B7911EB321F7358500D7F66F /* pEpIOSToolbox */;
			targetProxy = B7DB7F5D221315BD003968DA /* PBXContainerItemProxy */;
		};
/* End PBXTargetDependency section */

/* Begin XCBuildConfiguration section */
		B7911EBA21F7358500D7F66F /* Debug */ = {
			isa = XCBuildConfiguration;
			buildSettings = {
				ALWAYS_SEARCH_USER_PATHS = NO;
				CLANG_ANALYZER_NONNULL = YES;
				CLANG_ANALYZER_NUMBER_OBJECT_CONVERSION = YES_AGGRESSIVE;
				CLANG_CXX_LANGUAGE_STANDARD = "gnu++14";
				CLANG_CXX_LIBRARY = "libc++";
				CLANG_ENABLE_MODULES = YES;
				CLANG_ENABLE_OBJC_ARC = YES;
				CLANG_ENABLE_OBJC_WEAK = YES;
				CLANG_WARN_BLOCK_CAPTURE_AUTORELEASING = YES;
				CLANG_WARN_BOOL_CONVERSION = YES;
				CLANG_WARN_COMMA = YES;
				CLANG_WARN_CONSTANT_CONVERSION = YES;
				CLANG_WARN_DEPRECATED_OBJC_IMPLEMENTATIONS = YES;
				CLANG_WARN_DIRECT_OBJC_ISA_USAGE = YES_ERROR;
				CLANG_WARN_DOCUMENTATION_COMMENTS = YES;
				CLANG_WARN_EMPTY_BODY = YES;
				CLANG_WARN_ENUM_CONVERSION = YES;
				CLANG_WARN_INFINITE_RECURSION = YES;
				CLANG_WARN_INT_CONVERSION = YES;
				CLANG_WARN_NON_LITERAL_NULL_CONVERSION = YES;
				CLANG_WARN_OBJC_IMPLICIT_RETAIN_SELF = YES;
				CLANG_WARN_OBJC_LITERAL_CONVERSION = YES;
				CLANG_WARN_OBJC_ROOT_CLASS = YES_ERROR;
				CLANG_WARN_RANGE_LOOP_ANALYSIS = YES;
				CLANG_WARN_STRICT_PROTOTYPES = YES;
				CLANG_WARN_SUSPICIOUS_MOVE = YES;
				CLANG_WARN_UNGUARDED_AVAILABILITY = YES_AGGRESSIVE;
				CLANG_WARN_UNREACHABLE_CODE = YES;
				CLANG_WARN__DUPLICATE_METHOD_MATCH = YES;
				CODE_SIGN_IDENTITY = "iPhone Developer";
				COPY_PHASE_STRIP = NO;
				CURRENT_PROJECT_VERSION = 1;
				DEBUG_INFORMATION_FORMAT = dwarf;
				ENABLE_STRICT_OBJC_MSGSEND = YES;
				ENABLE_TESTABILITY = YES;
				GCC_C_LANGUAGE_STANDARD = gnu11;
				GCC_DYNAMIC_NO_PIC = NO;
				GCC_NO_COMMON_BLOCKS = YES;
				GCC_OPTIMIZATION_LEVEL = 0;
				GCC_PREPROCESSOR_DEFINITIONS = (
					"DEBUG=1",
					"$(inherited)",
				);
				GCC_WARN_64_TO_32_BIT_CONVERSION = YES;
				GCC_WARN_ABOUT_RETURN_TYPE = YES_ERROR;
				GCC_WARN_UNDECLARED_SELECTOR = YES;
				GCC_WARN_UNINITIALIZED_AUTOS = YES_AGGRESSIVE;
				GCC_WARN_UNUSED_FUNCTION = YES;
				GCC_WARN_UNUSED_VARIABLE = YES;
				IPHONEOS_DEPLOYMENT_TARGET = 12.0;
				MTL_ENABLE_DEBUG_INFO = INCLUDE_SOURCE;
				MTL_FAST_MATH = YES;
				ONLY_ACTIVE_ARCH = YES;
				SDKROOT = iphoneos;
				SWIFT_ACTIVE_COMPILATION_CONDITIONS = DEBUG;
				SWIFT_OPTIMIZATION_LEVEL = "-Onone";
				VERSIONING_SYSTEM = "apple-generic";
				VERSION_INFO_PREFIX = "";
			};
			name = Debug;
		};
		B7911EBB21F7358500D7F66F /* Release */ = {
			isa = XCBuildConfiguration;
			buildSettings = {
				ALWAYS_SEARCH_USER_PATHS = NO;
				CLANG_ANALYZER_NONNULL = YES;
				CLANG_ANALYZER_NUMBER_OBJECT_CONVERSION = YES_AGGRESSIVE;
				CLANG_CXX_LANGUAGE_STANDARD = "gnu++14";
				CLANG_CXX_LIBRARY = "libc++";
				CLANG_ENABLE_MODULES = YES;
				CLANG_ENABLE_OBJC_ARC = YES;
				CLANG_ENABLE_OBJC_WEAK = YES;
				CLANG_WARN_BLOCK_CAPTURE_AUTORELEASING = YES;
				CLANG_WARN_BOOL_CONVERSION = YES;
				CLANG_WARN_COMMA = YES;
				CLANG_WARN_CONSTANT_CONVERSION = YES;
				CLANG_WARN_DEPRECATED_OBJC_IMPLEMENTATIONS = YES;
				CLANG_WARN_DIRECT_OBJC_ISA_USAGE = YES_ERROR;
				CLANG_WARN_DOCUMENTATION_COMMENTS = YES;
				CLANG_WARN_EMPTY_BODY = YES;
				CLANG_WARN_ENUM_CONVERSION = YES;
				CLANG_WARN_INFINITE_RECURSION = YES;
				CLANG_WARN_INT_CONVERSION = YES;
				CLANG_WARN_NON_LITERAL_NULL_CONVERSION = YES;
				CLANG_WARN_OBJC_IMPLICIT_RETAIN_SELF = YES;
				CLANG_WARN_OBJC_LITERAL_CONVERSION = YES;
				CLANG_WARN_OBJC_ROOT_CLASS = YES_ERROR;
				CLANG_WARN_RANGE_LOOP_ANALYSIS = YES;
				CLANG_WARN_STRICT_PROTOTYPES = YES;
				CLANG_WARN_SUSPICIOUS_MOVE = YES;
				CLANG_WARN_UNGUARDED_AVAILABILITY = YES_AGGRESSIVE;
				CLANG_WARN_UNREACHABLE_CODE = YES;
				CLANG_WARN__DUPLICATE_METHOD_MATCH = YES;
				CODE_SIGN_IDENTITY = "iPhone Developer";
				COPY_PHASE_STRIP = NO;
				CURRENT_PROJECT_VERSION = 1;
				DEBUG_INFORMATION_FORMAT = "dwarf-with-dsym";
				ENABLE_NS_ASSERTIONS = NO;
				ENABLE_STRICT_OBJC_MSGSEND = YES;
				GCC_C_LANGUAGE_STANDARD = gnu11;
				GCC_NO_COMMON_BLOCKS = YES;
				GCC_WARN_64_TO_32_BIT_CONVERSION = YES;
				GCC_WARN_ABOUT_RETURN_TYPE = YES_ERROR;
				GCC_WARN_UNDECLARED_SELECTOR = YES;
				GCC_WARN_UNINITIALIZED_AUTOS = YES_AGGRESSIVE;
				GCC_WARN_UNUSED_FUNCTION = YES;
				GCC_WARN_UNUSED_VARIABLE = YES;
				IPHONEOS_DEPLOYMENT_TARGET = 12.0;
				MTL_ENABLE_DEBUG_INFO = NO;
				MTL_FAST_MATH = YES;
				SDKROOT = iphoneos;
				SWIFT_COMPILATION_MODE = wholemodule;
				SWIFT_OPTIMIZATION_LEVEL = "-O";
				VALIDATE_PRODUCT = YES;
				VERSIONING_SYSTEM = "apple-generic";
				VERSION_INFO_PREFIX = "";
			};
			name = Release;
		};
		B7911EBD21F7358500D7F66F /* Debug */ = {
			isa = XCBuildConfiguration;
			buildSettings = {
				CODE_SIGN_IDENTITY = "";
				CODE_SIGN_STYLE = Automatic;
				DEFINES_MODULE = YES;
				DEVELOPMENT_TEAM = NQLYU6MGPN;
				DYLIB_COMPATIBILITY_VERSION = 1;
				DYLIB_CURRENT_VERSION = 1;
				DYLIB_INSTALL_NAME_BASE = "@rpath";
				INFOPLIST_FILE = pEpIOSToolbox/Info.plist;
				INSTALL_PATH = "$(LOCAL_LIBRARY_DIR)/Frameworks";
				IPHONEOS_DEPLOYMENT_TARGET = "${inherited}";
				LD_RUNPATH_SEARCH_PATHS = (
					"$(inherited)",
					"@executable_path/Frameworks",
					"@loader_path/Frameworks",
				);
				PRODUCT_BUNDLE_IDENTIFIER = security.pEp.pEpIOSToolbox;
				PRODUCT_NAME = "$(TARGET_NAME:c99extidentifier)";
				SKIP_INSTALL = YES;
				SWIFT_VERSION = 5.0;
				TARGETED_DEVICE_FAMILY = "1,2";
			};
			name = Debug;
		};
		B7911EBE21F7358500D7F66F /* Release */ = {
			isa = XCBuildConfiguration;
			buildSettings = {
				CODE_SIGN_IDENTITY = "";
				CODE_SIGN_STYLE = Automatic;
				DEFINES_MODULE = YES;
				DEVELOPMENT_TEAM = NQLYU6MGPN;
				DYLIB_COMPATIBILITY_VERSION = 1;
				DYLIB_CURRENT_VERSION = 1;
				DYLIB_INSTALL_NAME_BASE = "@rpath";
				INFOPLIST_FILE = pEpIOSToolbox/Info.plist;
				INSTALL_PATH = "$(LOCAL_LIBRARY_DIR)/Frameworks";
				IPHONEOS_DEPLOYMENT_TARGET = "${inherited}";
				LD_RUNPATH_SEARCH_PATHS = (
					"$(inherited)",
					"@executable_path/Frameworks",
					"@loader_path/Frameworks",
				);
				PRODUCT_BUNDLE_IDENTIFIER = security.pEp.pEpIOSToolbox;
				PRODUCT_NAME = "$(TARGET_NAME:c99extidentifier)";
				SKIP_INSTALL = YES;
				SWIFT_VERSION = 5.0;
				TARGETED_DEVICE_FAMILY = "1,2";
			};
			name = Release;
		};
		B7DB7F60221315BD003968DA /* Debug */ = {
			isa = XCBuildConfiguration;
			buildSettings = {
				CODE_SIGN_STYLE = Automatic;
				DEVELOPMENT_TEAM = NQLYU6MGPN;
				INFOPLIST_FILE = pEpIOSToolboxTests/Info.plist;
				IPHONEOS_DEPLOYMENT_TARGET = "${inherited}";
				LD_RUNPATH_SEARCH_PATHS = (
					"$(inherited)",
					"@executable_path/Frameworks",
					"@loader_path/Frameworks",
				);
				PRODUCT_BUNDLE_IDENTIFIER = security.pEpIOSToolboxTests;
				PRODUCT_NAME = "$(TARGET_NAME)";
				SWIFT_VERSION = 5.0;
				TARGETED_DEVICE_FAMILY = "1,2";
			};
			name = Debug;
		};
		B7DB7F61221315BD003968DA /* Release */ = {
			isa = XCBuildConfiguration;
			buildSettings = {
				CODE_SIGN_STYLE = Automatic;
				DEVELOPMENT_TEAM = NQLYU6MGPN;
				INFOPLIST_FILE = pEpIOSToolboxTests/Info.plist;
				IPHONEOS_DEPLOYMENT_TARGET = "${inherited}";
				LD_RUNPATH_SEARCH_PATHS = (
					"$(inherited)",
					"@executable_path/Frameworks",
					"@loader_path/Frameworks",
				);
				PRODUCT_BUNDLE_IDENTIFIER = security.pEpIOSToolboxTests;
				PRODUCT_NAME = "$(TARGET_NAME)";
				SWIFT_VERSION = 5.0;
				TARGETED_DEVICE_FAMILY = "1,2";
			};
			name = Release;
		};
/* End XCBuildConfiguration section */

/* Begin XCConfigurationList section */
		B7911EAE21F7358500D7F66F /* Build configuration list for PBXProject "pEpIOSToolbox" */ = {
			isa = XCConfigurationList;
			buildConfigurations = (
				B7911EBA21F7358500D7F66F /* Debug */,
				B7911EBB21F7358500D7F66F /* Release */,
			);
			defaultConfigurationIsVisible = 0;
			defaultConfigurationName = Release;
		};
		B7911EBC21F7358500D7F66F /* Build configuration list for PBXNativeTarget "pEpIOSToolbox" */ = {
			isa = XCConfigurationList;
			buildConfigurations = (
				B7911EBD21F7358500D7F66F /* Debug */,
				B7911EBE21F7358500D7F66F /* Release */,
			);
			defaultConfigurationIsVisible = 0;
			defaultConfigurationName = Release;
		};
		B7DB7F5F221315BD003968DA /* Build configuration list for PBXNativeTarget "pEpIOSToolboxTests" */ = {
			isa = XCConfigurationList;
			buildConfigurations = (
				B7DB7F60221315BD003968DA /* Debug */,
				B7DB7F61221315BD003968DA /* Release */,
			);
			defaultConfigurationIsVisible = 0;
			defaultConfigurationName = Release;
		};
/* End XCConfigurationList section */
	};
	rootObject = B7911EAB21F7358500D7F66F /* Project object */;
}
