// !$*UTF8*$!
{
	archiveVersion = 1;
	classes = {
	};
	objectVersion = 50;
	objects = {

/* Begin PBXBuildFile section */
		43565F8220A0B05D00F2CC04 /* AppDelegate.swift in Sources */ = {isa = PBXBuildFile; fileRef = 43565F8120A0B05D00F2CC04 /* AppDelegate.swift */; };
		43565F8420A0B05D00F2CC04 /* MasterViewController.swift in Sources */ = {isa = PBXBuildFile; fileRef = 43565F8320A0B05D00F2CC04 /* MasterViewController.swift */; };
		43565F8620A0B05D00F2CC04 /* DetailViewController.swift in Sources */ = {isa = PBXBuildFile; fileRef = 43565F8520A0B05D00F2CC04 /* DetailViewController.swift */; };
		43565F8920A0B05D00F2CC04 /* Main.storyboard in Resources */ = {isa = PBXBuildFile; fileRef = 43565F8720A0B05D00F2CC04 /* Main.storyboard */; };
		43565F8B20A0B05F00F2CC04 /* Assets.xcassets in Resources */ = {isa = PBXBuildFile; fileRef = 43565F8A20A0B05F00F2CC04 /* Assets.xcassets */; };
		43565F8E20A0B05F00F2CC04 /* LaunchScreen.storyboard in Resources */ = {isa = PBXBuildFile; fileRef = 43565F8C20A0B05F00F2CC04 /* LaunchScreen.storyboard */; };
		4387DD9020A185280035AAAB /* CustomTableViewCell.swift in Sources */ = {isa = PBXBuildFile; fileRef = 4387DD8F20A185280035AAAB /* CustomTableViewCell.swift */; };
/* End PBXBuildFile section */

/* Begin PBXFileReference section */
		43565F7E20A0B05D00F2CC04 /* SearchBar11.app */ = {isa = PBXFileReference; explicitFileType = wrapper.application; includeInIndex = 0; path = SearchBar11.app; sourceTree = BUILT_PRODUCTS_DIR; };
		43565F8120A0B05D00F2CC04 /* AppDelegate.swift */ = {isa = PBXFileReference; lastKnownFileType = sourcecode.swift; path = AppDelegate.swift; sourceTree = "<group>"; };
		43565F8320A0B05D00F2CC04 /* MasterViewController.swift */ = {isa = PBXFileReference; lastKnownFileType = sourcecode.swift; path = MasterViewController.swift; sourceTree = "<group>"; };
		43565F8520A0B05D00F2CC04 /* DetailViewController.swift */ = {isa = PBXFileReference; lastKnownFileType = sourcecode.swift; path = DetailViewController.swift; sourceTree = "<group>"; };
		43565F8820A0B05D00F2CC04 /* Base */ = {isa = PBXFileReference; lastKnownFileType = file.storyboard; name = Base; path = Base.lproj/Main.storyboard; sourceTree = "<group>"; };
		43565F8A20A0B05F00F2CC04 /* Assets.xcassets */ = {isa = PBXFileReference; lastKnownFileType = folder.assetcatalog; path = Assets.xcassets; sourceTree = "<group>"; };
		43565F8D20A0B05F00F2CC04 /* Base */ = {isa = PBXFileReference; lastKnownFileType = file.storyboard; name = Base; path = Base.lproj/LaunchScreen.storyboard; sourceTree = "<group>"; };
		43565F8F20A0B05F00F2CC04 /* Info.plist */ = {isa = PBXFileReference; lastKnownFileType = text.plist.xml; path = Info.plist; sourceTree = "<group>"; };
		4387DD8F20A185280035AAAB /* CustomTableViewCell.swift */ = {isa = PBXFileReference; lastKnownFileType = sourcecode.swift; path = CustomTableViewCell.swift; sourceTree = "<group>"; };
/* End PBXFileReference section */

/* Begin PBXFrameworksBuildPhase section */
		43565F7B20A0B05D00F2CC04 /* Frameworks */ = {
			isa = PBXFrameworksBuildPhase;
			buildActionMask = 2147483647;
			files = (
			);
			runOnlyForDeploymentPostprocessing = 0;
		};
/* End PBXFrameworksBuildPhase section */

/* Begin PBXGroup section */
		43565F7520A0B05D00F2CC04 = {
			isa = PBXGroup;
			children = (
				43565F8020A0B05D00F2CC04 /* SearchBar11 */,
				43565F7F20A0B05D00F2CC04 /* Products */,
			);
			sourceTree = "<group>";
		};
		43565F7F20A0B05D00F2CC04 /* Products */ = {
			isa = PBXGroup;
			children = (
				43565F7E20A0B05D00F2CC04 /* SearchBar11.app */,
			);
			name = Products;
			sourceTree = "<group>";
		};
		43565F8020A0B05D00F2CC04 /* SearchBar11 */ = {
			isa = PBXGroup;
			children = (
				43565F8120A0B05D00F2CC04 /* AppDelegate.swift */,
				43565F8320A0B05D00F2CC04 /* MasterViewController.swift */,
				43565F8520A0B05D00F2CC04 /* DetailViewController.swift */,
				4387DD8F20A185280035AAAB /* CustomTableViewCell.swift */,
				43565F8720A0B05D00F2CC04 /* Main.storyboard */,
				43565F8A20A0B05F00F2CC04 /* Assets.xcassets */,
				43565F8C20A0B05F00F2CC04 /* LaunchScreen.storyboard */,
				43565F8F20A0B05F00F2CC04 /* Info.plist */,
			);
			path = SearchBar11;
			sourceTree = "<group>";
		};
/* End PBXGroup section */

/* Begin PBXNativeTarget section */
		43565F7D20A0B05D00F2CC04 /* SearchBar11 */ = {
			isa = PBXNativeTarget;
			buildConfigurationList = 43565F9220A0B05F00F2CC04 /* Build configuration list for PBXNativeTarget "SearchBar11" */;
			buildPhases = (
				43565F7A20A0B05D00F2CC04 /* Sources */,
				43565F7B20A0B05D00F2CC04 /* Frameworks */,
				43565F7C20A0B05D00F2CC04 /* Resources */,
			);
			buildRules = (
			);
			dependencies = (
			);
			name = SearchBar11;
			productName = SearchBar11;
			productReference = 43565F7E20A0B05D00F2CC04 /* SearchBar11.app */;
			productType = "com.apple.product-type.application";
		};
/* End PBXNativeTarget section */

/* Begin PBXProject section */
		43565F7620A0B05D00F2CC04 /* Project object */ = {
			isa = PBXProject;
			attributes = {
				LastSwiftUpdateCheck = 0930;
				LastUpgradeCheck = 0930;
				ORGANIZATIONNAME = "pEp Security AG";
				TargetAttributes = {
					43565F7D20A0B05D00F2CC04 = {
						CreatedOnToolsVersion = 9.3;
					};
				};
			};
			buildConfigurationList = 43565F7920A0B05D00F2CC04 /* Build configuration list for PBXProject "SearchBar11" */;
			compatibilityVersion = "Xcode 9.3";
			developmentRegion = en;
			hasScannedForEncodings = 0;
			knownRegions = (
				en,
				Base,
			);
			mainGroup = 43565F7520A0B05D00F2CC04;
			productRefGroup = 43565F7F20A0B05D00F2CC04 /* Products */;
			projectDirPath = "";
			projectRoot = "";
			targets = (
				43565F7D20A0B05D00F2CC04 /* SearchBar11 */,
			);
		};
/* End PBXProject section */

/* Begin PBXResourcesBuildPhase section */
		43565F7C20A0B05D00F2CC04 /* Resources */ = {
			isa = PBXResourcesBuildPhase;
			buildActionMask = 2147483647;
			files = (
				43565F8E20A0B05F00F2CC04 /* LaunchScreen.storyboard in Resources */,
				43565F8B20A0B05F00F2CC04 /* Assets.xcassets in Resources */,
				43565F8920A0B05D00F2CC04 /* Main.storyboard in Resources */,
			);
			runOnlyForDeploymentPostprocessing = 0;
		};
/* End PBXResourcesBuildPhase section */

/* Begin PBXSourcesBuildPhase section */
		43565F7A20A0B05D00F2CC04 /* Sources */ = {
			isa = PBXSourcesBuildPhase;
			buildActionMask = 2147483647;
			files = (
				43565F8620A0B05D00F2CC04 /* DetailViewController.swift in Sources */,
				43565F8420A0B05D00F2CC04 /* MasterViewController.swift in Sources */,
				4387DD9020A185280035AAAB /* CustomTableViewCell.swift in Sources */,
				43565F8220A0B05D00F2CC04 /* AppDelegate.swift in Sources */,
			);
			runOnlyForDeploymentPostprocessing = 0;
		};
/* End PBXSourcesBuildPhase section */

/* Begin PBXVariantGroup section */
		43565F8720A0B05D00F2CC04 /* Main.storyboard */ = {
			isa = PBXVariantGroup;
			children = (
				43565F8820A0B05D00F2CC04 /* Base */,
			);
			name = Main.storyboard;
			sourceTree = "<group>";
		};
		43565F8C20A0B05F00F2CC04 /* LaunchScreen.storyboard */ = {
			isa = PBXVariantGroup;
			children = (
				43565F8D20A0B05F00F2CC04 /* Base */,
			);
			name = LaunchScreen.storyboard;
			sourceTree = "<group>";
		};
/* End PBXVariantGroup section */

/* Begin XCBuildConfiguration section */
		43565F9020A0B05F00F2CC04 /* Debug */ = {
			isa = XCBuildConfiguration;
			buildSettings = {
				ALWAYS_SEARCH_USER_PATHS = NO;
				CLANG_ANALYZER_NONNULL = YES;
				CLANG_ANALYZER_NUMBER_OBJECT_CONVERSION = YES_AGGRESSIVE;
				CLANG_CXX_LANGUAGE_STANDARD = "gnu++14";
				CLANG_CXX_LIBRARY = "libc++";
				CLANG_ENABLE_MODULES = YES;
				CLANG_ENABLE_OBJC_ARC = YES;
				CLANG_ENABLE_OBJC_WEAK = YES;
				CLANG_WARN_BLOCK_CAPTURE_AUTORELEASING = YES;
				CLANG_WARN_BOOL_CONVERSION = YES;
				CLANG_WARN_COMMA = YES;
				CLANG_WARN_CONSTANT_CONVERSION = YES;
				CLANG_WARN_DEPRECATED_OBJC_IMPLEMENTATIONS = YES;
				CLANG_WARN_DIRECT_OBJC_ISA_USAGE = YES_ERROR;
				CLANG_WARN_DOCUMENTATION_COMMENTS = YES;
				CLANG_WARN_EMPTY_BODY = YES;
				CLANG_WARN_ENUM_CONVERSION = YES;
				CLANG_WARN_INFINITE_RECURSION = YES;
				CLANG_WARN_INT_CONVERSION = YES;
				CLANG_WARN_NON_LITERAL_NULL_CONVERSION = YES;
				CLANG_WARN_OBJC_IMPLICIT_RETAIN_SELF = YES;
				CLANG_WARN_OBJC_LITERAL_CONVERSION = YES;
				CLANG_WARN_OBJC_ROOT_CLASS = YES_ERROR;
				CLANG_WARN_RANGE_LOOP_ANALYSIS = YES;
				CLANG_WARN_STRICT_PROTOTYPES = YES;
				CLANG_WARN_SUSPICIOUS_MOVE = YES;
				CLANG_WARN_UNGUARDED_AVAILABILITY = YES_AGGRESSIVE;
				CLANG_WARN_UNREACHABLE_CODE = YES;
				CLANG_WARN__DUPLICATE_METHOD_MATCH = YES;
				CODE_SIGN_IDENTITY = "iPhone Developer";
				COPY_PHASE_STRIP = NO;
				DEBUG_INFORMATION_FORMAT = dwarf;
				ENABLE_STRICT_OBJC_MSGSEND = YES;
				ENABLE_TESTABILITY = YES;
				GCC_C_LANGUAGE_STANDARD = gnu11;
				GCC_DYNAMIC_NO_PIC = NO;
				GCC_NO_COMMON_BLOCKS = YES;
				GCC_OPTIMIZATION_LEVEL = 0;
				GCC_PREPROCESSOR_DEFINITIONS = (
					"DEBUG=1",
					"$(inherited)",
				);
				GCC_WARN_64_TO_32_BIT_CONVERSION = YES;
				GCC_WARN_ABOUT_RETURN_TYPE = YES_ERROR;
				GCC_WARN_UNDECLARED_SELECTOR = YES;
				GCC_WARN_UNINITIALIZED_AUTOS = YES_AGGRESSIVE;
				GCC_WARN_UNUSED_FUNCTION = YES;
				GCC_WARN_UNUSED_VARIABLE = YES;
				IPHONEOS_DEPLOYMENT_TARGET = 11.3;
				MTL_ENABLE_DEBUG_INFO = YES;
				ONLY_ACTIVE_ARCH = YES;
				SDKROOT = iphoneos;
				SWIFT_ACTIVE_COMPILATION_CONDITIONS = DEBUG;
				SWIFT_OPTIMIZATION_LEVEL = "-Onone";
			};
			name = Debug;
		};
		43565F9120A0B05F00F2CC04 /* Release */ = {
			isa = XCBuildConfiguration;
			buildSettings = {
				ALWAYS_SEARCH_USER_PATHS = NO;
				CLANG_ANALYZER_NONNULL = YES;
				CLANG_ANALYZER_NUMBER_OBJECT_CONVERSION = YES_AGGRESSIVE;
				CLANG_CXX_LANGUAGE_STANDARD = "gnu++14";
				CLANG_CXX_LIBRARY = "libc++";
				CLANG_ENABLE_MODULES = YES;
				CLANG_ENABLE_OBJC_ARC = YES;
				CLANG_ENABLE_OBJC_WEAK = YES;
				CLANG_WARN_BLOCK_CAPTURE_AUTORELEASING = YES;
				CLANG_WARN_BOOL_CONVERSION = YES;
				CLANG_WARN_COMMA = YES;
				CLANG_WARN_CONSTANT_CONVERSION = YES;
				CLANG_WARN_DEPRECATED_OBJC_IMPLEMENTATIONS = YES;
				CLANG_WARN_DIRECT_OBJC_ISA_USAGE = YES_ERROR;
				CLANG_WARN_DOCUMENTATION_COMMENTS = YES;
				CLANG_WARN_EMPTY_BODY = YES;
				CLANG_WARN_ENUM_CONVERSION = YES;
				CLANG_WARN_INFINITE_RECURSION = YES;
				CLANG_WARN_INT_CONVERSION = YES;
				CLANG_WARN_NON_LITERAL_NULL_CONVERSION = YES;
				CLANG_WARN_OBJC_IMPLICIT_RETAIN_SELF = YES;
				CLANG_WARN_OBJC_LITERAL_CONVERSION = YES;
				CLANG_WARN_OBJC_ROOT_CLASS = YES_ERROR;
				CLANG_WARN_RANGE_LOOP_ANALYSIS = YES;
				CLANG_WARN_STRICT_PROTOTYPES = YES;
				CLANG_WARN_SUSPICIOUS_MOVE = YES;
				CLANG_WARN_UNGUARDED_AVAILABILITY = YES_AGGRESSIVE;
				CLANG_WARN_UNREACHABLE_CODE = YES;
				CLANG_WARN__DUPLICATE_METHOD_MATCH = YES;
				CODE_SIGN_IDENTITY = "iPhone Developer";
				COPY_PHASE_STRIP = NO;
				DEBUG_INFORMATION_FORMAT = "dwarf-with-dsym";
				ENABLE_NS_ASSERTIONS = NO;
				ENABLE_STRICT_OBJC_MSGSEND = YES;
				GCC_C_LANGUAGE_STANDARD = gnu11;
				GCC_NO_COMMON_BLOCKS = YES;
				GCC_WARN_64_TO_32_BIT_CONVERSION = YES;
				GCC_WARN_ABOUT_RETURN_TYPE = YES_ERROR;
				GCC_WARN_UNDECLARED_SELECTOR = YES;
				GCC_WARN_UNINITIALIZED_AUTOS = YES_AGGRESSIVE;
				GCC_WARN_UNUSED_FUNCTION = YES;
				GCC_WARN_UNUSED_VARIABLE = YES;
				IPHONEOS_DEPLOYMENT_TARGET = 11.3;
				MTL_ENABLE_DEBUG_INFO = NO;
				SDKROOT = iphoneos;
				SWIFT_COMPILATION_MODE = wholemodule;
				SWIFT_OPTIMIZATION_LEVEL = "-O";
				VALIDATE_PRODUCT = YES;
			};
			name = Release;
		};
		43565F9320A0B05F00F2CC04 /* Debug */ = {
			isa = XCBuildConfiguration;
			buildSettings = {
				ASSETCATALOG_COMPILER_APPICON_NAME = AppIcon;
				CODE_SIGN_STYLE = Automatic;
				DEVELOPMENT_TEAM = NQLYU6MGPN;
				INFOPLIST_FILE = SearchBar11/Info.plist;
				LD_RUNPATH_SEARCH_PATHS = (
					"$(inherited)",
					"@executable_path/Frameworks",
				);
				PRODUCT_BUNDLE_IDENTIFIER = security.pEp.apps.SearchBar11;
				PRODUCT_NAME = "$(TARGET_NAME)";
				SWIFT_VERSION = 4.0;
				TARGETED_DEVICE_FAMILY = "1,2";
			};
			name = Debug;
		};
		43565F9420A0B05F00F2CC04 /* Release */ = {
			isa = XCBuildConfiguration;
			buildSettings = {
				ASSETCATALOG_COMPILER_APPICON_NAME = AppIcon;
				CODE_SIGN_STYLE = Automatic;
				DEVELOPMENT_TEAM = NQLYU6MGPN;
				INFOPLIST_FILE = SearchBar11/Info.plist;
				LD_RUNPATH_SEARCH_PATHS = (
					"$(inherited)",
					"@executable_path/Frameworks",
				);
				PRODUCT_BUNDLE_IDENTIFIER = security.pEp.apps.SearchBar11;
				PRODUCT_NAME = "$(TARGET_NAME)";
				SWIFT_VERSION = 4.0;
				TARGETED_DEVICE_FAMILY = "1,2";
			};
			name = Release;
		};
/* End XCBuildConfiguration section */

/* Begin XCConfigurationList section */
		43565F7920A0B05D00F2CC04 /* Build configuration list for PBXProject "SearchBar11" */ = {
			isa = XCConfigurationList;
			buildConfigurations = (
				43565F9020A0B05F00F2CC04 /* Debug */,
				43565F9120A0B05F00F2CC04 /* Release */,
			);
			defaultConfigurationIsVisible = 0;
			defaultConfigurationName = Release;
		};
		43565F9220A0B05F00F2CC04 /* Build configuration list for PBXNativeTarget "SearchBar11" */ = {
			isa = XCConfigurationList;
			buildConfigurations = (
				43565F9320A0B05F00F2CC04 /* Debug */,
				43565F9420A0B05F00F2CC04 /* Release */,
			);
			defaultConfigurationIsVisible = 0;
			defaultConfigurationName = Release;
		};
/* End XCConfigurationList section */
	};
	rootObject = 43565F7620A0B05D00F2CC04 /* Project object */;
}
